{
    "version": 3,
    "terraform_version": "0.9.11",
    "serial": 587,
    "lineage": "3d2a8484-8d48-4b09-913e-45b19cf6e38d",
    "modules": [
        {
            "path": [
                "root"
            ],
            "outputs": {
                "ecr uri for the image repositories": {
                    "sensitive": false,
                    "type": "map",
                    "value": {
                        "ecr_hub-frontend": "876208251118.dkr.ecr.us-east-1.amazonaws.com/hub-frontend",
                        "ecr_hub-services": "876208251118.dkr.ecr.us-east-1.amazonaws.com/hub-services"
                    }
                },
                "frontend urls": {
                    "sensitive": false,
                    "type": "map",
                    "value": {
                        "dev": "http://hub-frontend-dev-2036046404.us-east-1.elb.amazonaws.com",
                        "prod": "http://hub-frontend-prod-387541778.us-east-1.elb.amazonaws.com",
                        "qa": "http://hub-frontend-qa-1514354961.us-east-1.elb.amazonaws.com",
                        "staging": "http://hub-frontend-staging-951204064.us-east-1.elb.amazonaws.com"
                    }
                }
            },
            "resources": {
                "aws_key_pair.ec2_keypair": {
                    "type": "aws_key_pair",
                    "depends_on": [],
                    "primary": {
                        "id": "student-hub-key",
                        "attributes": {
                            "fingerprint": "53:4a:44:82:22:f4:d9:c3:4d:f0:d5:44:61:73:53:e8",
                            "id": "student-hub-key",
                            "key_name": "student-hub-key",
                            "public_key": "ssh-rsa AAAAB3NzaC1yc2EAAAADAQABAAABAQC7B5TKoRw1a5CYO9zzSELeDXGuPmhIVL9N+JEz/H4BppibOr3IwPlJ+Ci5YL+NB4mHxW4rLa70/lFUr3Ew+NUEFWe0/Zqx2FVKIpOMfwDnm7XEB9txJGllCnyx2BNFLHws91Ll1bWp8edmg+LYyZQdcD06jyHLf9PI3mEVMGVixe6eAkONM6l4OwVG4mZz/Vb3xKyy9p1rnppSGTnR4mXpox4lyE/KzEOqEiX70BQL9mfdJL8KGd1FEiBQioQcS68Vr1QSBBh6ZjffA5WeBYKjhXFiXBr8NBjVSZRXL8mK5Bu1qmoq9oQjfG51/yi0iOAz0hBW04kHiTX/TKMM0pI5"
                        },
                        "meta": {
                            "schema_version": "1"
                        },
                        "tainted": false
                    },
                    "deposed": [],
                    "provider": ""
                }
            },
            "depends_on": []
        },
        {
            "path": [
                "root",
                "ad-hoc"
            ],
            "outputs": {
                "hub-frontend_url": {
                    "sensitive": false,
                    "type": "string",
                    "value": "hub-frontend-ad-hoc-1066925843.us-east-1.elb.amazonaws.com"
                }
            },
            "resources": {
                "aws_alb_listener.https_listener": {
                    "type": "aws_alb_listener",
                    "depends_on": [
                        "module.hub-frontend"
                    ],
                    "primary": {
                        "id": "arn:aws:elasticloadbalancing:us-east-1:876208251118:listener/app/hub-frontend-ad-hoc/12d63e2091cf9684/21a63a5cfe6ffabe",
                        "attributes": {
                            "arn": "arn:aws:elasticloadbalancing:us-east-1:876208251118:listener/app/hub-frontend-ad-hoc/12d63e2091cf9684/21a63a5cfe6ffabe",
                            "certificate_arn": "arn:aws:acm:us-east-1:876208251118:certificate/36c4d4ce-a442-42b4-99ca-f828f94c11bb",
                            "default_action.#": "1",
                            "default_action.0.target_group_arn": "arn:aws:elasticloadbalancing:us-east-1:876208251118:targetgroup/tg-hub-frontend-ad-hoc/d5c337a43a283224",
                            "default_action.0.type": "forward",
                            "id": "arn:aws:elasticloadbalancing:us-east-1:876208251118:listener/app/hub-frontend-ad-hoc/12d63e2091cf9684/21a63a5cfe6ffabe",
                            "load_balancer_arn": "arn:aws:elasticloadbalancing:us-east-1:876208251118:loadbalancer/app/hub-frontend-ad-hoc/12d63e2091cf9684",
                            "port": "443",
                            "protocol": "HTTPS",
                            "ssl_policy": "ELBSecurityPolicy-2016-08"
                        },
                        "meta": {},
                        "tainted": false
                    },
                    "deposed": [],
                    "provider": ""
                },
                "aws_security_group.alb_sg": {
                    "type": "aws_security_group",
                    "depends_on": [
                        "module.ecs_cluster"
                    ],
                    "primary": {
                        "id": "sg-e9add29b",
                        "attributes": {
                            "description": "Controls access to ECS instances",
                            "egress.#": "1",
                            "egress.482069346.cidr_blocks.#": "1",
                            "egress.482069346.cidr_blocks.0": "0.0.0.0/0",
                            "egress.482069346.from_port": "0",
                            "egress.482069346.ipv6_cidr_blocks.#": "0",
                            "egress.482069346.prefix_list_ids.#": "0",
                            "egress.482069346.protocol": "-1",
                            "egress.482069346.security_groups.#": "0",
                            "egress.482069346.self": "false",
                            "egress.482069346.to_port": "0",
                            "id": "sg-e9add29b",
                            "ingress.#": "1",
                            "ingress.3046979977.cidr_blocks.#": "0",
                            "ingress.3046979977.from_port": "0",
                            "ingress.3046979977.ipv6_cidr_blocks.#": "0",
                            "ingress.3046979977.protocol": "-1",
                            "ingress.3046979977.security_groups.#": "1",
                            "ingress.3046979977.security_groups.729717796": "sg-80443bf2",
                            "ingress.3046979977.self": "false",
                            "ingress.3046979977.to_port": "0",
                            "name": "ad-hoc-alb-security-group",
                            "owner_id": "876208251118",
                            "tags.%": "0",
                            "vpc_id": "vpc-b394ecca"
                        },
                        "meta": {},
                        "tainted": false
                    },
                    "deposed": [],
                    "provider": ""
                }
            },
            "depends_on": []
        },
        {
            "path": [
                "root",
                "add-hoc"
            ],
            "outputs": {
                "hub-frontend_url": {
                    "sensitive": false,
                    "type": "string",
                    "value": "hub-frontend-add-hoc-737808630.us-east-1.elb.amazonaws.com"
                }
            },
            "resources": {},
            "depends_on": []
        },
        {
            "path": [
                "root",
                "adhoc"
            ],
            "outputs": {
                "hub-frontend_url": {
                    "sensitive": false,
                    "type": "string",
                    "value": "hub-frontend-adhoc-1835771823.us-east-1.elb.amazonaws.com"
                }
            },
            "resources": {},
            "depends_on": []
        },
        {
            "path": [
                "root",
                "adhoc1"
            ],
            "outputs": {
                "hub-frontend_url": {
                    "sensitive": false,
                    "type": "string",
                    "value": "hub-frontend-adhoc1-316929869.us-east-1.elb.amazonaws.com"
                }
            },
            "resources": {},
            "depends_on": []
        },
        {
            "path": [
                "root",
                "alb_hub-frontend"
            ],
            "outputs": {
                "alb_default_target_group_arn": {
                    "sensitive": false,
                    "type": "string",
                    "value": "arn:aws:elasticloadbalancing:us-east-1:876208251118:targetgroup/tg-hub-frontend/e1f338582e91175d"
                },
                "alb_dns_name": {
                    "sensitive": false,
                    "type": "string",
                    "value": "hub-frontend-829299586.us-east-1.elb.amazonaws.com"
                }
            },
            "resources": {},
            "depends_on": []
        },
        {
            "path": [
                "root",
                "alb_hub-frontend-qa"
            ],
            "outputs": {
                "alb_default_target_group_arn": {
                    "sensitive": false,
                    "type": "string",
                    "value": "arn:aws:elasticloadbalancing:us-east-1:876208251118:targetgroup/tg-hub-frontend-qa/d4a18a36b4e734a3"
                },
                "alb_dns_name": {
                    "sensitive": false,
                    "type": "string",
                    "value": "hub-frontend-qa-1069684239.us-east-1.elb.amazonaws.com"
                }
            },
            "resources": {},
            "depends_on": []
        },
        {
            "path": [
                "root",
                "alb_hub-services"
            ],
            "outputs": {
                "alb_default_target_group_arn": {
                    "sensitive": false,
                    "type": "string",
                    "value": "arn:aws:elasticloadbalancing:us-east-1:876208251118:targetgroup/tg-hub-services/e6eb19a54a041762"
                },
                "alb_dns_name": {
                    "sensitive": false,
                    "type": "string",
                    "value": "hub-services-1910833341.us-east-1.elb.amazonaws.com"
                }
            },
            "resources": {},
            "depends_on": []
        },
        {
            "path": [
                "root",
                "alb_hub-services-dev"
            ],
            "outputs": {
                "alb_default_target_group_arn": {
                    "sensitive": false,
                    "type": "string",
                    "value": "arn:aws:elasticloadbalancing:us-east-1:876208251118:targetgroup/tg-hub-services-dev/cb5e5a1421efc341"
                },
                "alb_dns_name": {
                    "sensitive": false,
                    "type": "string",
                    "value": "hub-services-dev-1726598734.us-east-1.elb.amazonaws.com"
                }
            },
            "resources": {},
            "depends_on": []
        },
        {
            "path": [
                "root",
                "backend_alb_qa"
            ],
            "outputs": {
                "alb_arn": {
                    "sensitive": false,
                    "type": "string",
                    "value": "arn:aws:elasticloadbalancing:us-east-1:876208251118:loadbalancer/app/student-hub-be-alb-qa/f6721f3255a354fc"
                },
                "alb_default_target_group_arn": {
                    "sensitive": false,
                    "type": "string",
                    "value": "arn:aws:elasticloadbalancing:us-east-1:876208251118:targetgroup/student-hub-alb-be-tg-qa/b84f17a3f0cf636d"
                },
                "alb_dns_name": {
                    "sensitive": false,
                    "type": "string",
                    "value": "student-hub-be-alb-qa-652771065.us-east-1.elb.amazonaws.com"
                },
                "alb_id": {
                    "sensitive": false,
                    "type": "string",
                    "value": "arn:aws:elasticloadbalancing:us-east-1:876208251118:loadbalancer/app/student-hub-be-alb-qa/f6721f3255a354fc"
                },
                "alb_listener_arn": {
                    "sensitive": false,
                    "type": "string",
                    "value": "arn:aws:elasticloadbalancing:us-east-1:876208251118:listener/app/student-hub-be-alb-qa/f6721f3255a354fc/27ed3956815e1124"
                }
            },
            "resources": {},
            "depends_on": []
        },
        {
            "path": [
                "root",
                "backend_ecs_deployment_qa"
            ],
            "outputs": {},
            "resources": {},
            "depends_on": []
        },
        {
            "path": [
                "root",
                "common_service_config"
            ],
            "outputs": {
                "config_map": {
                    "sensitive": false,
                    "type": "map",
                    "value": {
                        "ecs_cluster_arn": "arn:aws:ecs:us-east-1:876208251118:cluster/student-hub-prestaging",
                        "ecs_service_role_arn": "arn:aws:iam::876208251118:role/student-hub-prestaging-ecs-service-role",
                        "public_subnet_ids": "subnet-24133e6c,subnet-584d2e02",
                        "security_groups": "sg-63bf5d13,sg-ae268cde",
                        "vpc_id": "vpc-b394ecca"
                    }
                }
            },
            "resources": {},
            "depends_on": []
        },
        {
            "path": [
                "root",
                "dev"
            ],
            "outputs": {
                "hub-frontend_url": {
                    "sensitive": false,
                    "type": "string",
                    "value": "hub-frontend-dev-2036046404.us-east-1.elb.amazonaws.com"
                }
            },
            "resources": {
                "aws_alb_listener.https_listener": {
                    "type": "aws_alb_listener",
                    "depends_on": [
                        "module.hub-frontend"
                    ],
                    "primary": {
                        "id": "arn:aws:elasticloadbalancing:us-east-1:876208251118:listener/app/hub-frontend-dev/d3d7b68ced7f7370/c1a451658469237d",
                        "attributes": {
                            "arn": "arn:aws:elasticloadbalancing:us-east-1:876208251118:listener/app/hub-frontend-dev/d3d7b68ced7f7370/c1a451658469237d",
                            "certificate_arn": "arn:aws:acm:us-east-1:876208251118:certificate/36c4d4ce-a442-42b4-99ca-f828f94c11bb",
                            "default_action.#": "1",
                            "default_action.0.target_group_arn": "arn:aws:elasticloadbalancing:us-east-1:876208251118:targetgroup/tg-hub-frontend-dev/68826e1152a54fb8",
                            "default_action.0.type": "forward",
                            "id": "arn:aws:elasticloadbalancing:us-east-1:876208251118:listener/app/hub-frontend-dev/d3d7b68ced7f7370/c1a451658469237d",
                            "load_balancer_arn": "arn:aws:elasticloadbalancing:us-east-1:876208251118:loadbalancer/app/hub-frontend-dev/d3d7b68ced7f7370",
                            "port": "443",
                            "protocol": "HTTPS",
                            "ssl_policy": "ELBSecurityPolicy-2016-08"
                        },
                        "meta": {},
                        "tainted": false
                    },
                    "deposed": [],
                    "provider": ""
                }
            },
            "depends_on": []
        },
        {
            "path": [
                "root",
                "dev-standalone"
            ],
            "outputs": {
                "hub-frontend_url": {
                    "sensitive": false,
                    "type": "string",
                    "value": "hub-frontend-dev-standalone-1384578665.us-east-1.elb.amazonaws.com"
                }
            },
            "resources": {},
            "depends_on": []
        },
        {
            "path": [
                "root",
                "dev_alb"
            ],
            "outputs": {
                "alb_arn": {
                    "sensitive": false,
                    "type": "string",
                    "value": "arn:aws:elasticloadbalancing:us-east-1:876208251118:loadbalancer/app/student-hub-alb-dev/b54a525e4a9eab19"
                },
                "alb_default_target_group_arn": {
                    "sensitive": false,
                    "type": "string",
                    "value": "arn:aws:elasticloadbalancing:us-east-1:876208251118:targetgroup/student-hub-alb-frontend-tg-dev/1b70e8100f8c7405"
                },
                "alb_id": {
                    "sensitive": false,
                    "type": "string",
                    "value": "arn:aws:elasticloadbalancing:us-east-1:876208251118:loadbalancer/app/student-hub-alb-dev/b54a525e4a9eab19"
                },
                "alb_listener_arn": {
                    "sensitive": false,
                    "type": "string",
                    "value": "arn:aws:elasticloadbalancing:us-east-1:876208251118:listener/app/student-hub-alb-dev/b54a525e4a9eab19/250c0c9c299e708c"
                }
            },
            "resources": {},
            "depends_on": []
        },
        {
            "path": [
                "root",
                "ecr_events-service"
            ],
            "outputs": {
                "uri": {
                    "sensitive": false,
                    "type": "string",
                    "value": "876208251118.dkr.ecr.us-east-1.amazonaws.com/events-service"
                }
            },
            "resources": {},
            "depends_on": []
        },
        {
            "path": [
                "root",
                "ecr_hub-frontend"
            ],
            "outputs": {
                "uri": {
                    "sensitive": false,
                    "type": "string",
                    "value": "876208251118.dkr.ecr.us-east-1.amazonaws.com/hub-frontend"
                }
            },
            "resources": {
                "aws_ecr_repository.repo": {
                    "type": "aws_ecr_repository",
                    "depends_on": [],
                    "primary": {
                        "id": "hub-frontend",
                        "attributes": {
                            "arn": "arn:aws:ecr:us-east-1:876208251118:repository/hub-frontend",
                            "id": "hub-frontend",
                            "name": "hub-frontend",
                            "registry_id": "876208251118",
                            "repository_url": "876208251118.dkr.ecr.us-east-1.amazonaws.com/hub-frontend"
                        },
                        "meta": {},
                        "tainted": false
                    },
                    "deposed": [],
                    "provider": ""
                },
                "aws_ecr_repository_policy.repo_policy": {
                    "type": "aws_ecr_repository_policy",
                    "depends_on": [
                        "aws_ecr_repository.repo",
                        "data.template_file.policy"
                    ],
                    "primary": {
                        "id": "hub-frontend",
                        "attributes": {
                            "id": "hub-frontend",
                            "policy": "{\n    \"Version\": \"2008-10-17\",\n    \"Statement\": [\n        {\n            \"Sid\": \"hub-frontend-ecr-access\",\n            \"Effect\": \"Allow\",\n            \"Principal\": {\n                \"AWS\": [\n                  \"*\"\n                ]\n            },\n            \"Action\": [\n                \"ecr:GetDownloadUrlForLayer\",\n                \"ecr:BatchGetImage\",\n                \"ecr:BatchCheckLayerAvailability\",\n                \"ecr:PutImage\",\n                \"ecr:InitiateLayerUpload\",\n                \"ecr:UploadLayerPart\",\n                \"ecr:CompleteLayerUpload\",\n                \"ecr:DescribeRepositories\",\n                \"ecr:GetRepositoryPolicy\",\n                \"ecr:ListImages\",\n                \"ecr:DeleteRepository\",\n                \"ecr:BatchDeleteImage\",\n                \"ecr:SetRepositoryPolicy\",\n                \"ecr:DeleteRepositoryPolicy\"\n            ]\n        }\n    ]\n}\n",
                            "registry_id": "876208251118",
                            "repository": "hub-frontend"
                        },
                        "meta": {},
                        "tainted": false
                    },
                    "deposed": [],
                    "provider": ""
                }
            },
            "depends_on": []
        },
        {
            "path": [
                "root",
                "ecr_hub-services"
            ],
            "outputs": {
                "uri": {
                    "sensitive": false,
                    "type": "string",
                    "value": "876208251118.dkr.ecr.us-east-1.amazonaws.com/hub-services"
                }
            },
            "resources": {
                "aws_ecr_repository.repo": {
                    "type": "aws_ecr_repository",
                    "depends_on": [],
                    "primary": {
                        "id": "hub-services",
                        "attributes": {
                            "arn": "arn:aws:ecr:us-east-1:876208251118:repository/hub-services",
                            "id": "hub-services",
                            "name": "hub-services",
                            "registry_id": "876208251118",
                            "repository_url": "876208251118.dkr.ecr.us-east-1.amazonaws.com/hub-services"
                        },
                        "meta": {},
                        "tainted": false
                    },
                    "deposed": [],
                    "provider": ""
                },
                "aws_ecr_repository_policy.repo_policy": {
                    "type": "aws_ecr_repository_policy",
                    "depends_on": [
                        "aws_ecr_repository.repo"
                    ],
                    "primary": {
                        "id": "hub-services",
                        "attributes": {
                            "id": "hub-services",
                            "policy": "{\n    \"Version\": \"2008-10-17\",\n    \"Statement\": [\n        {\n            \"Sid\": \"hub-services-ecr-access\",\n            \"Effect\": \"Allow\",\n            \"Principal\": {\n                \"AWS\": [\n                  \"*\"\n                ]\n            },\n            \"Action\": [\n                \"ecr:GetDownloadUrlForLayer\",\n                \"ecr:BatchGetImage\",\n                \"ecr:BatchCheckLayerAvailability\",\n                \"ecr:PutImage\",\n                \"ecr:InitiateLayerUpload\",\n                \"ecr:UploadLayerPart\",\n                \"ecr:CompleteLayerUpload\",\n                \"ecr:DescribeRepositories\",\n                \"ecr:GetRepositoryPolicy\",\n                \"ecr:ListImages\",\n                \"ecr:DeleteRepository\",\n                \"ecr:BatchDeleteImage\",\n                \"ecr:SetRepositoryPolicy\",\n                \"ecr:DeleteRepositoryPolicy\"\n            ]\n        }\n    ]\n}\n",
                            "registry_id": "876208251118",
                            "repository": "hub-services"
                        },
                        "meta": {},
                        "tainted": false
                    },
                    "deposed": [],
                    "provider": ""
                }
            },
            "depends_on": []
        },
        {
            "path": [
                "root",
                "ecs-svc_hub-frontend"
            ],
            "outputs": {},
            "resources": {},
            "depends_on": []
        },
        {
            "path": [
                "root",
                "ecs-svc_hub-frontend-qa"
            ],
            "outputs": {},
            "resources": {},
            "depends_on": []
        },
        {
            "path": [
                "root",
                "ecs-svc_hub-services"
            ],
            "outputs": {},
            "resources": {},
            "depends_on": []
        },
        {
            "path": [
                "root",
                "ecs-svc_hub-services-dev"
            ],
            "outputs": {},
            "resources": {},
            "depends_on": []
        },
        {
            "path": [
                "root",
                "ecs_cluster"
            ],
            "outputs": {
                "cluster_access_security_group_id": {
                    "sensitive": false,
                    "type": "string",
                    "value": "sg-ae268cde"
                },
                "cluster_arn": {
                    "sensitive": false,
                    "type": "string",
                    "value": "arn:aws:ecs:us-east-1:876208251118:cluster/student-hub-prestaging"
                },
                "service_role_arn": {
                    "sensitive": false,
                    "type": "string",
                    "value": "arn:aws:iam::876208251118:role/student-hub-prestaging-ecs-service-role"
                }
            },
            "resources": {},
            "depends_on": []
        },
        {
            "path": [
                "root",
                "foo"
            ],
            "outputs": {
                "alb_default_target_group_arn": {
                    "sensitive": false,
                    "type": "string",
                    "value": "arn:aws:elasticloadbalancing:us-east-1:876208251118:targetgroup/default-target-group/9e8defdc55051169"
                },
                "config_map": {
                    "sensitive": false,
                    "type": "map",
                    "value": {
                        "vpc_id": "vpc-b394ecca"
                    }
                }
            },
            "resources": {},
            "depends_on": []
        },
        {
            "path": [
                "root",
                "frontend_alb_qa"
            ],
            "outputs": {
                "alb_arn": {
                    "sensitive": false,
                    "type": "string",
                    "value": "arn:aws:elasticloadbalancing:us-east-1:876208251118:loadbalancer/app/student-hub-fe-alb-qa/6e5e2c10c5ca9c1b"
                },
                "alb_default_target_group_arn": {
                    "sensitive": false,
                    "type": "string",
                    "value": "arn:aws:elasticloadbalancing:us-east-1:876208251118:targetgroup/student-hub-alb-fe-tg-qa/abb8c8412861f7c8"
                },
                "alb_dns_name": {
                    "sensitive": false,
                    "type": "string",
                    "value": "student-hub-fe-alb-qa-1126205896.us-east-1.elb.amazonaws.com"
                },
                "alb_id": {
                    "sensitive": false,
                    "type": "string",
                    "value": "arn:aws:elasticloadbalancing:us-east-1:876208251118:loadbalancer/app/student-hub-fe-alb-qa/6e5e2c10c5ca9c1b"
                },
                "alb_listener_arn": {
                    "sensitive": false,
                    "type": "string",
                    "value": "arn:aws:elasticloadbalancing:us-east-1:876208251118:listener/app/student-hub-fe-alb-qa/6e5e2c10c5ca9c1b/13cfd55a2a30e87b"
                }
            },
            "resources": {},
            "depends_on": []
        },
        {
            "path": [
                "root",
                "frontend_ecs_deployment"
            ],
            "outputs": {},
            "resources": {},
            "depends_on": []
        },
        {
            "path": [
                "root",
                "frontend_ecs_deployment_qa"
            ],
            "outputs": {},
            "resources": {},
            "depends_on": []
        },
        {
            "path": [
                "root",
                "hub-frontend-dev"
            ],
            "outputs": {
                "alb_dns_name": {
                    "sensitive": false,
                    "type": "string",
                    "value": "hub-frontend-dev-2141455070.us-east-1.elb.amazonaws.com"
                }
            },
            "resources": {},
            "depends_on": []
        },
        {
            "path": [
                "root",
                "hub-frontend-qa"
            ],
            "outputs": {
                "alb_dns_name": {
                    "sensitive": false,
                    "type": "string",
                    "value": "hub-frontend-qa-1069684239.us-east-1.elb.amazonaws.com"
                }
            },
            "resources": {},
            "depends_on": []
        },
        {
            "path": [
                "root",
                "hub-services-dev"
            ],
            "outputs": {
                "alb_dns_name": {
                    "sensitive": false,
                    "type": "string",
                    "value": "hub-services-dev-1726598734.us-east-1.elb.amazonaws.com"
                }
            },
            "resources": {},
            "depends_on": []
        },
        {
            "path": [
                "root",
                "hub-services-qa"
            ],
            "outputs": {
                "alb_dns_name": {
                    "sensitive": false,
                    "type": "string",
                    "value": "hub-services-qa-866131147.us-east-1.elb.amazonaws.com"
                }
            },
            "resources": {},
            "depends_on": []
        },
        {
            "path": [
                "root",
                "prod"
            ],
            "outputs": {
                "hub-frontend_url": {
                    "sensitive": false,
                    "type": "string",
                    "value": "hub-frontend-prod-387541778.us-east-1.elb.amazonaws.com"
                }
            },
            "resources": {
                "aws_alb_listener.https_listener": {
                    "type": "aws_alb_listener",
                    "depends_on": [
                        "module.hub-frontend"
                    ],
                    "primary": {
                        "id": "arn:aws:elasticloadbalancing:us-east-1:876208251118:listener/app/hub-frontend-prod/2801e54553b1c3ef/e5896845290fb503",
                        "attributes": {
                            "arn": "arn:aws:elasticloadbalancing:us-east-1:876208251118:listener/app/hub-frontend-prod/2801e54553b1c3ef/e5896845290fb503",
                            "certificate_arn": "arn:aws:acm:us-east-1:876208251118:certificate/f1d03cf1-a5a0-4275-bb08-1b0376f0d2fb",
                            "default_action.#": "1",
                            "default_action.0.target_group_arn": "arn:aws:elasticloadbalancing:us-east-1:876208251118:targetgroup/tg-hub-frontend-prod/e2bdf46a18837417",
                            "default_action.0.type": "forward",
                            "id": "arn:aws:elasticloadbalancing:us-east-1:876208251118:listener/app/hub-frontend-prod/2801e54553b1c3ef/e5896845290fb503",
                            "load_balancer_arn": "arn:aws:elasticloadbalancing:us-east-1:876208251118:loadbalancer/app/hub-frontend-prod/2801e54553b1c3ef",
                            "port": "443",
                            "protocol": "HTTPS",
                            "ssl_policy": "ELBSecurityPolicy-2016-08"
                        },
                        "meta": {},
                        "tainted": false
                    },
                    "deposed": [],
                    "provider": ""
                }
            },
            "depends_on": []
        },
        {
            "path": [
                "root",
                "qa"
            ],
            "outputs": {
                "hub-frontend_url": {
                    "sensitive": false,
                    "type": "string",
                    "value": "hub-frontend-qa-1514354961.us-east-1.elb.amazonaws.com"
                }
            },
            "resources": {
                "aws_alb_listener.https_listener": {
                    "type": "aws_alb_listener",
                    "depends_on": [
                        "module.hub-frontend"
                    ],
                    "primary": {
                        "id": "arn:aws:elasticloadbalancing:us-east-1:876208251118:listener/app/hub-frontend-qa/05d759ad9a512409/2a7a3ebbaff553f3",
                        "attributes": {
                            "arn": "arn:aws:elasticloadbalancing:us-east-1:876208251118:listener/app/hub-frontend-qa/05d759ad9a512409/2a7a3ebbaff553f3",
                            "certificate_arn": "arn:aws:acm:us-east-1:876208251118:certificate/466c3295-a409-45d9-85e3-726af4e0f3bd",
                            "default_action.#": "1",
                            "default_action.0.target_group_arn": "arn:aws:elasticloadbalancing:us-east-1:876208251118:targetgroup/tg-hub-frontend-qa/17b3a55c3ace82aa",
                            "default_action.0.type": "forward",
                            "id": "arn:aws:elasticloadbalancing:us-east-1:876208251118:listener/app/hub-frontend-qa/05d759ad9a512409/2a7a3ebbaff553f3",
                            "load_balancer_arn": "arn:aws:elasticloadbalancing:us-east-1:876208251118:loadbalancer/app/hub-frontend-qa/05d759ad9a512409",
                            "port": "443",
                            "protocol": "HTTPS",
                            "ssl_policy": "ELBSecurityPolicy-2016-08"
                        },
                        "meta": {},
                        "tainted": false
                    },
                    "deposed": [],
                    "provider": ""
                }
            },
            "depends_on": []
        },
        {
            "path": [
                "root",
                "qa-standalone"
            ],
            "outputs": {
                "hub-frontend_url": {
                    "sensitive": false,
                    "type": "string",
                    "value": "hub-frontend-qa-standalone-1951429906.us-east-1.elb.amazonaws.com"
                }
            },
            "resources": {},
            "depends_on": []
        },
        {
            "path": [
                "root",
                "qa_alb"
            ],
            "outputs": {
                "alb_arn": {
                    "sensitive": false,
                    "type": "string",
                    "value": "arn:aws:elasticloadbalancing:us-east-1:876208251118:loadbalancer/app/student-hub-alb-qa/692abcda0ebcedd2"
                },
                "alb_default_target_group_arn": {
                    "sensitive": false,
                    "type": "string",
                    "value": "arn:aws:elasticloadbalancing:us-east-1:876208251118:targetgroup/student-hub-alb-frontend-tg-qa/31c542a79107b47d"
                },
                "alb_id": {
                    "sensitive": false,
                    "type": "string",
                    "value": "arn:aws:elasticloadbalancing:us-east-1:876208251118:loadbalancer/app/student-hub-alb-qa/692abcda0ebcedd2"
                },
                "alb_listener_arn": {
                    "sensitive": false,
                    "type": "string",
                    "value": "arn:aws:elasticloadbalancing:us-east-1:876208251118:listener/app/student-hub-alb-qa/692abcda0ebcedd2/e4f6126454b3c314"
                }
            },
            "resources": {},
            "depends_on": []
        },
        {
            "path": [
                "root",
                "service_config"
            ],
            "outputs": {
                "config_map": {
                    "sensitive": false,
                    "type": "map",
                    "value": {
                        "ecs_cluster_arn": "arn:aws:ecs:us-east-1:876208251118:cluster/student-hub-prestaging",
                        "ecs_service_role_arn": "arn:aws:iam::876208251118:role/student-hub-prestaging-ecs-service-role",
                        "public_subnet_ids": "subnet-24133e6c,subnet-584d2e02",
                        "security_groups": "sg-63bf5d13,sg-ae268cde",
                        "vpc_id": "vpc-b394ecca"
                    }
                }
            },
            "resources": {},
            "depends_on": []
        },
        {
            "path": [
                "root",
                "staging"
            ],
            "outputs": {
                "hub-frontend_url": {
                    "sensitive": false,
                    "type": "string",
                    "value": "hub-frontend-staging-951204064.us-east-1.elb.amazonaws.com"
                }
            },
            "resources": {
                "aws_alb_listener.https_listener": {
                    "type": "aws_alb_listener",
                    "depends_on": [
                        "module.hub-frontend"
                    ],
                    "primary": {
                        "id": "arn:aws:elasticloadbalancing:us-east-1:876208251118:listener/app/hub-frontend-staging/43ba66a65c8188e9/c84eeba1e1abea91",
                        "attributes": {
                            "arn": "arn:aws:elasticloadbalancing:us-east-1:876208251118:listener/app/hub-frontend-staging/43ba66a65c8188e9/c84eeba1e1abea91",
                            "certificate_arn": "arn:aws:acm:us-east-1:876208251118:certificate/aafe3f16-5f95-4c41-884b-997097e7a7d7",
                            "default_action.#": "1",
                            "default_action.0.target_group_arn": "arn:aws:elasticloadbalancing:us-east-1:876208251118:targetgroup/tg-hub-frontend-staging/fd394ff85e6573b8",
                            "default_action.0.type": "forward",
                            "id": "arn:aws:elasticloadbalancing:us-east-1:876208251118:listener/app/hub-frontend-staging/43ba66a65c8188e9/c84eeba1e1abea91",
                            "load_balancer_arn": "arn:aws:elasticloadbalancing:us-east-1:876208251118:loadbalancer/app/hub-frontend-staging/43ba66a65c8188e9",
                            "port": "443",
                            "protocol": "HTTPS",
                            "ssl_policy": "ELBSecurityPolicy-2016-08"
                        },
                        "meta": {},
                        "tainted": false
                    },
                    "deposed": [],
                    "provider": ""
                }
            },
            "depends_on": []
        },
        {
            "path": [
                "root",
                "test-env"
            ],
            "outputs": {
                "hub-frontend_url": {
                    "sensitive": false,
                    "type": "string",
                    "value": "hub-frontend-test-env-1412516804.us-east-1.elb.amazonaws.com"
                }
            },
            "resources": {},
            "depends_on": []
        },
        {
            "path": [
                "root",
                "test_env"
            ],
            "outputs": {
                "hub-frontend_url": {
                    "sensitive": false,
                    "type": "string",
                    "value": "hub-frontend-test-env-486360414.us-east-1.elb.amazonaws.com"
                }
            },
            "resources": {},
            "depends_on": []
        },
        {
            "path": [
                "root",
                "vpc"
            ],
            "outputs": {
                "http_s_access_sg_id": {
                    "sensitive": false,
                    "type": "string",
                    "value": "sg-63bf5d13"
                },
                "public_subnet_ids": {
                    "sensitive": false,
                    "type": "list",
                    "value": [
                        "subnet-24133e6c",
                        "subnet-584d2e02"
                    ]
                },
                "staff_access_sg_id": {
                    "sensitive": false,
                    "type": "string",
                    "value": "sg-28836158"
                },
                "vpc_id": {
                    "sensitive": false,
                    "type": "string",
                    "value": "vpc-b394ecca"
                }
            },
            "resources": {
                "aws_default_route_table.default_route_table": {
                    "type": "aws_default_route_table",
                    "depends_on": [
                        "aws_vpc.main"
                    ],
                    "primary": {
                        "id": "rtb-981d0ae0",
                        "attributes": {
                            "default_route_table_id": "rtb-981d0ae0",
                            "id": "rtb-981d0ae0",
                            "propagating_vgws.#": "0",
                            "route.#": "0",
                            "tags.%": "1",
                            "tags.Name": "vpc_student-hub default route table",
                            "vpc_id": "vpc-b394ecca"
                        },
                        "meta": {},
                        "tainted": false
                    },
                    "deposed": [],
                    "provider": ""
                },
                "aws_eip.nat_gateway_eip": {
                    "type": "aws_eip",
                    "depends_on": [],
                    "primary": {
                        "id": "eipalloc-076b0a34",
                        "attributes": {
                            "association_id": "eipassoc-eab336df",
                            "domain": "vpc",
                            "id": "eipalloc-076b0a34",
                            "instance": "",
                            "network_interface": "eni-ea619e3f",
                            "private_ip": "10.10.0.103",
                            "public_ip": "34.232.116.227",
                            "vpc": "true"
                        },
                        "meta": {},
                        "tainted": false
                    },
                    "deposed": [],
                    "provider": ""
                },
                "aws_internet_gateway.internet_gateway": {
                    "type": "aws_internet_gateway",
                    "depends_on": [
                        "aws_vpc.main"
                    ],
                    "primary": {
                        "id": "igw-dd7855bb",
                        "attributes": {
                            "id": "igw-dd7855bb",
                            "tags.%": "1",
                            "tags.Name": "vpc_student-hub Internet gateway",
                            "vpc_id": "vpc-b394ecca"
                        },
                        "meta": {},
                        "tainted": false
                    },
                    "deposed": [],
                    "provider": ""
                },
                "aws_nat_gateway.nat_gateway": {
                    "type": "aws_nat_gateway",
                    "depends_on": [
                        "aws_eip.ngw_eip",
                        "aws_subnet.public.*"
                    ],
                    "primary": {
                        "id": "nat-06f4771f38ebcc7e7",
                        "attributes": {
                            "allocation_id": "eipalloc-076b0a34",
                            "id": "nat-06f4771f38ebcc7e7",
                            "network_interface_id": "eni-ea619e3f",
                            "private_ip": "10.10.0.103",
                            "public_ip": "34.232.116.227",
                            "subnet_id": "subnet-24133e6c"
                        },
                        "meta": {},
                        "tainted": false
                    },
                    "deposed": [],
                    "provider": ""
                },
                "aws_route_table.nat_gateway_route_table": {
                    "type": "aws_route_table",
                    "depends_on": [
                        "aws_nat_gateway.nat_gateway",
                        "aws_vpc.main"
                    ],
                    "primary": {
                        "id": "rtb-b80413c0",
                        "attributes": {
                            "id": "rtb-b80413c0",
                            "propagating_vgws.#": "0",
                            "route.#": "1",
                            "route.815436781.cidr_block": "0.0.0.0/0",
                            "route.815436781.egress_only_gateway_id": "",
                            "route.815436781.gateway_id": "",
                            "route.815436781.instance_id": "",
                            "route.815436781.ipv6_cidr_block": "",
                            "route.815436781.nat_gateway_id": "nat-06f4771f38ebcc7e7",
                            "route.815436781.network_interface_id": "",
                            "route.815436781.vpc_peering_connection_id": "",
                            "tags.%": "1",
                            "tags.Name": "vpc_student-hub NAT gateway route table",
                            "vpc_id": "vpc-b394ecca"
                        },
                        "meta": {},
                        "tainted": false
                    },
                    "deposed": [],
                    "provider": ""
                },
                "aws_route_table.public_route_table": {
                    "type": "aws_route_table",
                    "depends_on": [
                        "aws_internet_gateway.igw",
                        "aws_vpc.main"
                    ],
                    "primary": {
                        "id": "rtb-1a061162",
                        "attributes": {
                            "id": "rtb-1a061162",
                            "propagating_vgws.#": "0",
                            "route.#": "1",
                            "route.1470748425.cidr_block": "0.0.0.0/0",
                            "route.1470748425.egress_only_gateway_id": "",
                            "route.1470748425.gateway_id": "igw-dd7855bb",
                            "route.1470748425.instance_id": "",
                            "route.1470748425.ipv6_cidr_block": "",
                            "route.1470748425.nat_gateway_id": "",
                            "route.1470748425.network_interface_id": "",
                            "route.1470748425.vpc_peering_connection_id": "",
                            "tags.%": "1",
                            "tags.Name": "vpc_student-hub public route table",
                            "vpc_id": "vpc-b394ecca"
                        },
                        "meta": {},
                        "tainted": false
                    },
                    "deposed": [],
                    "provider": ""
                },
                "aws_route_table_association.public_rtb_assoc.0": {
                    "type": "aws_route_table_association",
                    "depends_on": [
                        "aws_route_table.public_rtb",
                        "aws_subnet.public.*"
                    ],
                    "primary": {
                        "id": "rtbassoc-9f63a8e5",
                        "attributes": {
                            "id": "rtbassoc-9f63a8e5",
                            "route_table_id": "rtb-1a061162",
                            "subnet_id": "subnet-24133e6c"
                        },
                        "meta": {},
                        "tainted": false
                    },
                    "deposed": [],
                    "provider": ""
                },
                "aws_route_table_association.public_rtb_assoc.1": {
                    "type": "aws_route_table_association",
                    "depends_on": [
                        "aws_route_table.public_rtb",
                        "aws_subnet.public.*"
                    ],
                    "primary": {
                        "id": "rtbassoc-8e7bb0f4",
                        "attributes": {
                            "id": "rtbassoc-8e7bb0f4",
                            "route_table_id": "rtb-1a061162",
                            "subnet_id": "subnet-584d2e02"
                        },
                        "meta": {},
                        "tainted": false
                    },
                    "deposed": [],
                    "provider": ""
                },
                "aws_security_group.http_s_access": {
                    "type": "aws_security_group",
                    "depends_on": [
                        "aws_vpc.main"
                    ],
                    "primary": {
                        "id": "sg-63bf5d13",
                        "attributes": {
                            "description": "Permits open HTTP/S access to resources.",
                            "egress.#": "1",
                            "egress.482069346.cidr_blocks.#": "1",
                            "egress.482069346.cidr_blocks.0": "0.0.0.0/0",
                            "egress.482069346.from_port": "0",
                            "egress.482069346.ipv6_cidr_blocks.#": "0",
                            "egress.482069346.prefix_list_ids.#": "0",
                            "egress.482069346.protocol": "-1",
                            "egress.482069346.security_groups.#": "0",
                            "egress.482069346.self": "false",
                            "egress.482069346.to_port": "0",
                            "id": "sg-63bf5d13",
                            "ingress.#": "2",
                            "ingress.2214680975.cidr_blocks.#": "1",
                            "ingress.2214680975.cidr_blocks.0": "0.0.0.0/0",
                            "ingress.2214680975.from_port": "80",
                            "ingress.2214680975.ipv6_cidr_blocks.#": "0",
                            "ingress.2214680975.protocol": "tcp",
                            "ingress.2214680975.security_groups.#": "0",
                            "ingress.2214680975.self": "false",
                            "ingress.2214680975.to_port": "80",
                            "ingress.2617001939.cidr_blocks.#": "1",
                            "ingress.2617001939.cidr_blocks.0": "0.0.0.0/0",
                            "ingress.2617001939.from_port": "443",
                            "ingress.2617001939.ipv6_cidr_blocks.#": "0",
                            "ingress.2617001939.protocol": "tcp",
                            "ingress.2617001939.security_groups.#": "0",
                            "ingress.2617001939.self": "false",
                            "ingress.2617001939.to_port": "443",
                            "name": "http_s_access",
                            "owner_id": "876208251118",
                            "tags.%": "1",
                            "tags.Name": "vpc_student-hub http_s_access",
                            "vpc_id": "vpc-b394ecca"
                        },
                        "meta": {},
                        "tainted": false
                    },
                    "deposed": [],
                    "provider": ""
                },
                "aws_security_group.staff_access": {
                    "type": "aws_security_group",
                    "depends_on": [
                        "aws_vpc.main"
                    ],
                    "primary": {
                        "id": "sg-28836158",
                        "attributes": {
                            "description": "Permits all access to resources from staff networks.",
                            "egress.#": "0",
                            "id": "sg-28836158",
                            "ingress.#": "1",
                            "ingress.1340251820.cidr_blocks.#": "10",
                            "ingress.1340251820.cidr_blocks.0": "38.105.233.129/32",
                            "ingress.1340251820.cidr_blocks.1": "68.129.79.106/31",
                            "ingress.1340251820.cidr_blocks.2": "68.129.79.108/31",
                            "ingress.1340251820.cidr_blocks.3": "68.129.79.110/32",
                            "ingress.1340251820.cidr_blocks.4": "208.105.14.56/29",
                            "ingress.1340251820.cidr_blocks.5": "4.30.90.112/28",
                            "ingress.1340251820.cidr_blocks.6": "128.148.0.0/16",
                            "ingress.1340251820.cidr_blocks.7": "138.16.0.0/16",
                            "ingress.1340251820.cidr_blocks.8": "192.16.234.240/32",
                            "ingress.1340251820.cidr_blocks.9": "192.16.234.243/32",
                            "ingress.1340251820.from_port": "0",
                            "ingress.1340251820.ipv6_cidr_blocks.#": "0",
                            "ingress.1340251820.protocol": "-1",
                            "ingress.1340251820.security_groups.#": "0",
                            "ingress.1340251820.self": "false",
                            "ingress.1340251820.to_port": "0",
                            "name": "staff_access",
                            "owner_id": "876208251118",
                            "tags.%": "1",
                            "tags.Name": "vpc_student-hub staff_access",
                            "vpc_id": "vpc-b394ecca"
                        },
                        "meta": {},
                        "tainted": false
                    },
                    "deposed": [],
                    "provider": ""
                },
                "aws_subnet.public.0": {
                    "type": "aws_subnet",
                    "depends_on": [
                        "aws_vpc.main",
                        "data.aws_availability_zones.available"
                    ],
                    "primary": {
                        "id": "subnet-24133e6c",
                        "attributes": {
                            "assign_ipv6_address_on_creation": "false",
                            "availability_zone": "us-east-1a",
                            "cidr_block": "10.10.0.0/24",
                            "id": "subnet-24133e6c",
                            "map_public_ip_on_launch": "true",
                            "tags.%": "1",
                            "tags.Name": "vpc_student-hub us-east-1a public subnet",
                            "vpc_id": "vpc-b394ecca"
                        },
                        "meta": {
                            "schema_version": "1"
                        },
                        "tainted": false
                    },
                    "deposed": [],
                    "provider": ""
                },
                "aws_subnet.public.1": {
                    "type": "aws_subnet",
                    "depends_on": [
                        "aws_vpc.main",
                        "data.aws_availability_zones.available"
                    ],
                    "primary": {
                        "id": "subnet-584d2e02",
                        "attributes": {
                            "assign_ipv6_address_on_creation": "false",
                            "availability_zone": "us-east-1b",
                            "cidr_block": "10.10.1.0/24",
                            "id": "subnet-584d2e02",
                            "map_public_ip_on_launch": "true",
                            "tags.%": "1",
                            "tags.Name": "vpc_student-hub us-east-1b public subnet",
                            "vpc_id": "vpc-b394ecca"
                        },
                        "meta": {
                            "schema_version": "1"
                        },
                        "tainted": false
                    },
                    "deposed": [],
                    "provider": ""
                },
                "aws_vpc.main": {
                    "type": "aws_vpc",
                    "depends_on": [],
                    "primary": {
                        "id": "vpc-b394ecca",
                        "attributes": {
                            "assign_generated_ipv6_cidr_block": "false",
                            "cidr_block": "10.10.0.0/16",
                            "default_network_acl_id": "acl-0c32dd74",
                            "default_route_table_id": "rtb-981d0ae0",
                            "default_security_group_id": "sg-58826028",
                            "dhcp_options_id": "dopt-60067307",
                            "enable_classiclink": "false",
                            "enable_dns_hostnames": "true",
                            "enable_dns_support": "true",
                            "id": "vpc-b394ecca",
                            "instance_tenancy": "default",
                            "main_route_table_id": "rtb-981d0ae0",
                            "tags.%": "1",
                            "tags.Name": "vpc_student-hub"
                        },
                        "meta": {
                            "schema_version": "1"
                        },
                        "tainted": false
                    },
                    "deposed": [],
                    "provider": ""
                },
                "data.aws_availability_zones.available": {
                    "type": "aws_availability_zones",
                    "depends_on": [],
                    "primary": {
                        "id": "2017-10-24 20:09:02.237199544 +0000 UTC",
                        "attributes": {
                            "id": "2017-10-24 20:09:02.237199544 +0000 UTC",
                            "names.#": "6",
                            "names.0": "us-east-1a",
                            "names.1": "us-east-1b",
                            "names.2": "us-east-1c",
                            "names.3": "us-east-1d",
                            "names.4": "us-east-1e",
                            "names.5": "us-east-1f",
                            "state": "available"
                        },
                        "meta": {},
                        "tainted": false
                    },
                    "deposed": [],
                    "provider": ""
                }
            },
            "depends_on": []
        },
        {
            "path": [
                "root",
                "ad-hoc",
                "ecs_cluster"
            ],
            "outputs": {
                "cluster_access_security_group_id": {
                    "sensitive": false,
                    "type": "string",
                    "value": "sg-17463965"
                },
                "cluster_arn": {
                    "sensitive": false,
                    "type": "string",
                    "value": "arn:aws:ecs:us-east-1:876208251118:cluster/student-hub-ad-hoc"
                },
                "ecs_instance_security_group_id": {
                    "sensitive": false,
                    "type": "string",
                    "value": "sg-80443bf2"
                },
                "service_role_arn": {
                    "sensitive": false,
                    "type": "string",
                    "value": "arn:aws:iam::876208251118:role/student-hub-ad-hoc-ecs-service-role"
                }
            },
            "resources": {
                "aws_autoscaling_group.asg": {
                    "type": "aws_autoscaling_group",
                    "depends_on": [
                        "aws_launch_configuration.lc"
                    ],
                    "primary": {
                        "id": "student-hub-ad-hoc-ecs-asg",
                        "attributes": {
                            "arn": "arn:aws:autoscaling:us-east-1:876208251118:autoScalingGroup:fef06555-9a2e-4bc8-bcf3-7732cd740d29:autoScalingGroupName/student-hub-ad-hoc-ecs-asg",
                            "availability_zones.#": "2",
                            "availability_zones.1305112097": "us-east-1b",
                            "availability_zones.3569565595": "us-east-1a",
                            "default_cooldown": "300",
                            "desired_capacity": "2",
                            "force_delete": "false",
                            "health_check_grace_period": "0",
                            "health_check_type": "EC2",
                            "id": "student-hub-ad-hoc-ecs-asg",
                            "launch_configuration": "student-hub-ad-hoc-ecs-lc-001254014597ac9deceb76ceb2",
                            "load_balancers.#": "0",
                            "max_size": "4",
                            "metrics_granularity": "1Minute",
                            "min_size": "0",
                            "name": "student-hub-ad-hoc-ecs-asg",
                            "placement_group": "",
                            "protect_from_scale_in": "false",
                            "suspended_processes.#": "0",
                            "tag.#": "0",
                            "target_group_arns.#": "0",
                            "termination_policies.#": "0",
                            "vpc_zone_identifier.#": "2",
                            "vpc_zone_identifier.171620605": "subnet-584d2e02",
                            "vpc_zone_identifier.4012636281": "subnet-24133e6c",
                            "wait_for_capacity_timeout": "10m"
                        },
                        "meta": {},
                        "tainted": false
                    },
                    "deposed": [],
                    "provider": ""
                },
                "aws_ecs_cluster.main": {
                    "type": "aws_ecs_cluster",
                    "depends_on": [],
                    "primary": {
                        "id": "arn:aws:ecs:us-east-1:876208251118:cluster/student-hub-ad-hoc",
                        "attributes": {
                            "id": "arn:aws:ecs:us-east-1:876208251118:cluster/student-hub-ad-hoc",
                            "name": "student-hub-ad-hoc"
                        },
                        "meta": {},
                        "tainted": false
                    },
                    "deposed": [],
                    "provider": ""
                },
                "aws_iam_instance_profile.ecs_ec2_instance_profile": {
                    "type": "aws_iam_instance_profile",
                    "depends_on": [
                        "aws_iam_role.ecs_ec2_service_role"
                    ],
                    "primary": {
                        "id": "student-hub-ad-hoc-ecs-ec2-instance-profile",
                        "attributes": {
                            "arn": "arn:aws:iam::876208251118:instance-profile/student-hub-ad-hoc-ecs-ec2-instance-profile",
                            "id": "student-hub-ad-hoc-ecs-ec2-instance-profile",
                            "name": "student-hub-ad-hoc-ecs-ec2-instance-profile",
                            "path": "/",
                            "role": "student-hub-ad-hoc-ecs-ec2-service-role",
                            "roles.#": "1",
                            "roles.2480268981": "student-hub-ad-hoc-ecs-ec2-service-role",
                            "unique_id": "AIPAJ4IQOJSORTNGW3XPW"
                        },
                        "meta": {},
                        "tainted": false
                    },
                    "deposed": [],
                    "provider": ""
                },
                "aws_iam_role.ecs_ec2_service_role": {
                    "type": "aws_iam_role",
                    "depends_on": [
                        "data.aws_iam_policy_document.ecs_ec2_service_role_policy"
                    ],
                    "primary": {
                        "id": "student-hub-ad-hoc-ecs-ec2-service-role",
                        "attributes": {
                            "arn": "arn:aws:iam::876208251118:role/student-hub-ad-hoc-ecs-ec2-service-role",
                            "assume_role_policy": "{\"Version\":\"2012-10-17\",\"Statement\":[{\"Sid\":\"\",\"Effect\":\"Allow\",\"Principal\":{\"Service\":\"ec2.amazonaws.com\"},\"Action\":\"sts:AssumeRole\"}]}",
                            "create_date": "2017-10-24T17:43:30Z",
                            "id": "student-hub-ad-hoc-ecs-ec2-service-role",
                            "name": "student-hub-ad-hoc-ecs-ec2-service-role",
                            "path": "/",
                            "unique_id": "AROAIEL422CVNJQEJOBBU"
                        },
                        "meta": {},
                        "tainted": false
                    },
                    "deposed": [],
                    "provider": ""
                },
                "aws_iam_role.ecs_service_role": {
                    "type": "aws_iam_role",
                    "depends_on": [
                        "data.aws_iam_policy_document.ecs_service_role_policy"
                    ],
                    "primary": {
                        "id": "student-hub-ad-hoc-ecs-service-role",
                        "attributes": {
                            "arn": "arn:aws:iam::876208251118:role/student-hub-ad-hoc-ecs-service-role",
                            "assume_role_policy": "{\"Version\":\"2012-10-17\",\"Statement\":[{\"Sid\":\"\",\"Effect\":\"Allow\",\"Principal\":{\"Service\":\"ecs.amazonaws.com\"},\"Action\":\"sts:AssumeRole\"}]}",
                            "create_date": "2017-10-24T17:43:30Z",
                            "id": "student-hub-ad-hoc-ecs-service-role",
                            "name": "student-hub-ad-hoc-ecs-service-role",
                            "path": "/",
                            "unique_id": "AROAILLSMYPU3PLN43NMA"
                        },
                        "meta": {},
                        "tainted": false
                    },
                    "deposed": [],
                    "provider": ""
                },
                "aws_iam_role_policy.ecs_ec2_cloudwatchlogs_access": {
                    "type": "aws_iam_role_policy",
                    "depends_on": [
                        "aws_iam_role.ecs_ec2_service_role"
                    ],
                    "primary": {
                        "id": "student-hub-ad-hoc-ecs-ec2-service-role:student-hub-ad-hoc-ecs-ec2-cloudwatchlogs-access",
                        "attributes": {
                            "id": "student-hub-ad-hoc-ecs-ec2-service-role:student-hub-ad-hoc-ecs-ec2-cloudwatchlogs-access",
                            "name": "student-hub-ad-hoc-ecs-ec2-cloudwatchlogs-access",
                            "policy": "{\n  \"Statement\": [\n    {\n      \"Effect\": \"Allow\",\n      \"Action\": [\n        \"logs:CreateLogGroup\",\n        \"logs:CreateLogStream\",\n        \"logs:PutLogEvents\",\n        \"logs:DescribeLogStreams\"\n      ],\n      \"Resource\": [\n        \"arn:aws:logs:*:*:*\"\n      ]\n    }\n  ]\n}\n",
                            "role": "student-hub-ad-hoc-ecs-ec2-service-role"
                        },
                        "meta": {},
                        "tainted": false
                    },
                    "deposed": [],
                    "provider": ""
                },
                "aws_iam_role_policy_attachment.ecs_ec2_service_role_permissions": {
                    "type": "aws_iam_role_policy_attachment",
                    "depends_on": [
                        "aws_iam_role.ecs_ec2_service_role"
                    ],
                    "primary": {
                        "id": "student-hub-ad-hoc-ecs-ec2-service-role-001254014597ac9deceb76ceb1",
                        "attributes": {
                            "id": "student-hub-ad-hoc-ecs-ec2-service-role-001254014597ac9deceb76ceb1",
                            "policy_arn": "arn:aws:iam::aws:policy/service-role/AmazonEC2ContainerServiceforEC2Role",
                            "role": "student-hub-ad-hoc-ecs-ec2-service-role"
                        },
                        "meta": {},
                        "tainted": false
                    },
                    "deposed": [],
                    "provider": ""
                },
                "aws_iam_role_policy_attachment.ecs_service_role_permissions": {
                    "type": "aws_iam_role_policy_attachment",
                    "depends_on": [
                        "aws_iam_role.ecs_service_role"
                    ],
                    "primary": {
                        "id": "student-hub-ad-hoc-ecs-service-role-001254014597ac9deceb76ceb0",
                        "attributes": {
                            "id": "student-hub-ad-hoc-ecs-service-role-001254014597ac9deceb76ceb0",
                            "policy_arn": "arn:aws:iam::aws:policy/service-role/AmazonEC2ContainerServiceRole",
                            "role": "student-hub-ad-hoc-ecs-service-role"
                        },
                        "meta": {},
                        "tainted": false
                    },
                    "deposed": [],
                    "provider": ""
                },
                "aws_launch_configuration.lc": {
                    "type": "aws_launch_configuration",
                    "depends_on": [
                        "aws_iam_instance_profile.ecs_ec2_instance_profile",
                        "aws_security_group.ecs_instance_sg",
                        "data.aws_ami.amazon_ecs_optimized"
                    ],
                    "primary": {
                        "id": "student-hub-ad-hoc-ecs-lc-001254014597ac9deceb76ceb2",
                        "attributes": {
                            "associate_public_ip_address": "true",
                            "ebs_block_device.#": "0",
                            "ebs_optimized": "false",
                            "enable_monitoring": "true",
                            "ephemeral_block_device.#": "0",
                            "iam_instance_profile": "student-hub-ad-hoc-ecs-ec2-instance-profile",
                            "id": "student-hub-ad-hoc-ecs-lc-001254014597ac9deceb76ceb2",
                            "image_id": "ami-ec33cc96",
                            "instance_type": "t2.small",
                            "key_name": "student-hub-key",
                            "name": "student-hub-ad-hoc-ecs-lc-001254014597ac9deceb76ceb2",
                            "name_prefix": "student-hub-ad-hoc-ecs-lc-",
                            "root_block_device.#": "1",
                            "root_block_device.0.delete_on_termination": "true",
                            "root_block_device.0.iops": "0",
                            "root_block_device.0.volume_size": "50",
                            "root_block_device.0.volume_type": "gp2",
                            "security_groups.#": "1",
                            "security_groups.729717796": "sg-80443bf2",
                            "spot_price": "",
                            "user_data": "147cbbdd39d244a8e4a47f2aa26c13aee3e580d1",
                            "vpc_classic_link_id": "",
                            "vpc_classic_link_security_groups.#": "0"
                        },
                        "meta": {},
                        "tainted": false
                    },
                    "deposed": [],
                    "provider": ""
                },
                "aws_security_group.cluster_access": {
                    "type": "aws_security_group",
                    "depends_on": [],
                    "primary": {
                        "id": "sg-17463965",
                        "attributes": {
                            "description": "Managed by Terraform",
                            "egress.#": "0",
                            "id": "sg-17463965",
                            "ingress.#": "0",
                            "name": "student-hub-ad-hoc-cluster_access",
                            "owner_id": "876208251118",
                            "tags.%": "0",
                            "vpc_id": "vpc-b394ecca"
                        },
                        "meta": {},
                        "tainted": false
                    },
                    "deposed": [],
                    "provider": ""
                },
                "aws_security_group.ecs_instance_sg": {
                    "type": "aws_security_group",
                    "depends_on": [
                        "aws_security_group.cluster_access"
                    ],
                    "primary": {
                        "id": "sg-80443bf2",
                        "attributes": {
                            "description": "Controls access to ECS instances",
                            "egress.#": "1",
                            "egress.482069346.cidr_blocks.#": "1",
                            "egress.482069346.cidr_blocks.0": "0.0.0.0/0",
                            "egress.482069346.from_port": "0",
                            "egress.482069346.ipv6_cidr_blocks.#": "0",
                            "egress.482069346.prefix_list_ids.#": "0",
                            "egress.482069346.protocol": "-1",
                            "egress.482069346.security_groups.#": "0",
                            "egress.482069346.self": "false",
                            "egress.482069346.to_port": "0",
                            "id": "sg-80443bf2",
                            "ingress.#": "2",
                            "ingress.1340251820.cidr_blocks.#": "10",
                            "ingress.1340251820.cidr_blocks.0": "38.105.233.129/32",
                            "ingress.1340251820.cidr_blocks.1": "68.129.79.106/31",
                            "ingress.1340251820.cidr_blocks.2": "68.129.79.108/31",
                            "ingress.1340251820.cidr_blocks.3": "68.129.79.110/32",
                            "ingress.1340251820.cidr_blocks.4": "208.105.14.56/29",
                            "ingress.1340251820.cidr_blocks.5": "4.30.90.112/28",
                            "ingress.1340251820.cidr_blocks.6": "128.148.0.0/16",
                            "ingress.1340251820.cidr_blocks.7": "138.16.0.0/16",
                            "ingress.1340251820.cidr_blocks.8": "192.16.234.240/32",
                            "ingress.1340251820.cidr_blocks.9": "192.16.234.243/32",
                            "ingress.1340251820.from_port": "0",
                            "ingress.1340251820.ipv6_cidr_blocks.#": "0",
                            "ingress.1340251820.protocol": "-1",
                            "ingress.1340251820.security_groups.#": "0",
                            "ingress.1340251820.self": "false",
                            "ingress.1340251820.to_port": "0",
                            "ingress.1640109844.cidr_blocks.#": "0",
                            "ingress.1640109844.from_port": "0",
                            "ingress.1640109844.ipv6_cidr_blocks.#": "0",
                            "ingress.1640109844.protocol": "-1",
                            "ingress.1640109844.security_groups.#": "1",
                            "ingress.1640109844.security_groups.3479233351": "sg-17463965",
                            "ingress.1640109844.self": "false",
                            "ingress.1640109844.to_port": "0",
                            "name": "student-hub-ad-hoc-ecs-instance-sg",
                            "owner_id": "876208251118",
                            "tags.%": "0",
                            "vpc_id": "vpc-b394ecca"
                        },
                        "meta": {},
                        "tainted": false
                    },
                    "deposed": [],
                    "provider": ""
                },
                "data.aws_ami.amazon_ecs_optimized": {
                    "type": "aws_ami",
                    "depends_on": [],
                    "primary": {
                        "id": "ami-ec33cc96",
                        "attributes": {
                            "architecture": "x86_64",
                            "block_device_mappings.#": "2",
                            "block_device_mappings.2538004115.device_name": "/dev/xvdcz",
                            "block_device_mappings.2538004115.ebs.%": "5",
                            "block_device_mappings.2538004115.ebs.delete_on_termination": "true",
                            "block_device_mappings.2538004115.ebs.encrypted": "false",
                            "block_device_mappings.2538004115.ebs.iops": "0",
                            "block_device_mappings.2538004115.ebs.volume_size": "22",
                            "block_device_mappings.2538004115.ebs.volume_type": "gp2",
                            "block_device_mappings.2538004115.no_device": "",
                            "block_device_mappings.2538004115.virtual_name": "",
                            "block_device_mappings.340275815.device_name": "/dev/xvda",
                            "block_device_mappings.340275815.ebs.%": "6",
                            "block_device_mappings.340275815.ebs.delete_on_termination": "true",
                            "block_device_mappings.340275815.ebs.encrypted": "false",
                            "block_device_mappings.340275815.ebs.iops": "0",
                            "block_device_mappings.340275815.ebs.snapshot_id": "snap-0bc4a604faa665c51",
                            "block_device_mappings.340275815.ebs.volume_size": "8",
                            "block_device_mappings.340275815.ebs.volume_type": "gp2",
                            "block_device_mappings.340275815.no_device": "",
                            "block_device_mappings.340275815.virtual_name": "",
                            "creation_date": "2017-09-30T18:58:16.000Z",
                            "description": "Amazon Linux AMI 2017.03.g x86_64 ECS HVM GP2",
                            "filter.#": "3",
                            "filter.3386043752.name": "architecture",
                            "filter.3386043752.values.#": "1",
                            "filter.3386043752.values.0": "x86_64",
                            "filter.490168357.name": "virtualization-type",
                            "filter.490168357.values.#": "1",
                            "filter.490168357.values.0": "hvm",
                            "filter.844913035.name": "description",
                            "filter.844913035.values.#": "1",
                            "filter.844913035.values.0": "Amazon Linux AMI * ECS * GP2",
                            "hypervisor": "xen",
                            "id": "ami-ec33cc96",
                            "image_id": "ami-ec33cc96",
                            "image_location": "amazon/amzn-ami-2017.03.g-amazon-ecs-optimized",
                            "image_owner_alias": "amazon",
                            "image_type": "machine",
                            "most_recent": "true",
                            "name": "amzn-ami-2017.03.g-amazon-ecs-optimized",
                            "owner_id": "591542846629",
                            "owners.#": "1",
                            "owners.0": "591542846629",
                            "product_codes.#": "0",
                            "public": "true",
                            "root_device_name": "/dev/xvda",
                            "root_device_type": "ebs",
                            "sriov_net_support": "simple",
                            "state": "available",
                            "state_reason.%": "2",
                            "state_reason.code": "UNSET",
                            "state_reason.message": "UNSET",
                            "tags.#": "0",
                            "virtualization_type": "hvm"
                        },
                        "meta": {},
                        "tainted": false
                    },
                    "deposed": [],
                    "provider": ""
                },
                "data.aws_iam_policy_document.ecs_ec2_service_role_policy": {
                    "type": "aws_iam_policy_document",
                    "depends_on": [],
                    "primary": {
                        "id": "1903849331",
                        "attributes": {
                            "id": "1903849331",
                            "json": "{\n  \"Version\": \"2012-10-17\",\n  \"Statement\": [\n    {\n      \"Sid\": \"\",\n      \"Effect\": \"Allow\",\n      \"Action\": \"sts:AssumeRole\",\n      \"Principal\": {\n        \"Service\": \"ec2.amazonaws.com\"\n      }\n    }\n  ]\n}",
                            "statement.#": "1",
                            "statement.0.actions.#": "1",
                            "statement.0.actions.2528466339": "sts:AssumeRole",
                            "statement.0.condition.#": "0",
                            "statement.0.effect": "Allow",
                            "statement.0.not_actions.#": "0",
                            "statement.0.not_principals.#": "0",
                            "statement.0.not_resources.#": "0",
                            "statement.0.principals.#": "1",
                            "statement.0.principals.1134724139.identifiers.#": "1",
                            "statement.0.principals.1134724139.identifiers.3655884555": "ec2.amazonaws.com",
                            "statement.0.principals.1134724139.type": "Service",
                            "statement.0.resources.#": "0",
                            "statement.0.sid": ""
                        },
                        "meta": {},
                        "tainted": false
                    },
                    "deposed": [],
                    "provider": ""
                },
                "data.aws_iam_policy_document.ecs_service_role_policy": {
                    "type": "aws_iam_policy_document",
                    "depends_on": [],
                    "primary": {
                        "id": "3622649364",
                        "attributes": {
                            "id": "3622649364",
                            "json": "{\n  \"Version\": \"2012-10-17\",\n  \"Statement\": [\n    {\n      \"Sid\": \"\",\n      \"Effect\": \"Allow\",\n      \"Action\": \"sts:AssumeRole\",\n      \"Principal\": {\n        \"Service\": \"ecs.amazonaws.com\"\n      }\n    }\n  ]\n}",
                            "statement.#": "1",
                            "statement.0.actions.#": "1",
                            "statement.0.actions.2528466339": "sts:AssumeRole",
                            "statement.0.condition.#": "0",
                            "statement.0.effect": "Allow",
                            "statement.0.not_actions.#": "0",
                            "statement.0.not_principals.#": "0",
                            "statement.0.not_resources.#": "0",
                            "statement.0.principals.#": "1",
                            "statement.0.principals.1113412664.identifiers.#": "1",
                            "statement.0.principals.1113412664.identifiers.1509832800": "ecs.amazonaws.com",
                            "statement.0.principals.1113412664.type": "Service",
                            "statement.0.resources.#": "0",
                            "statement.0.sid": ""
                        },
                        "meta": {},
                        "tainted": false
                    },
                    "deposed": [],
                    "provider": ""
                }
            },
            "depends_on": []
        },
        {
            "path": [
                "root",
                "ad-hoc",
                "hub-frontend"
            ],
            "outputs": {
                "alb_arn": {
                    "sensitive": false,
                    "type": "string",
                    "value": "arn:aws:elasticloadbalancing:us-east-1:876208251118:loadbalancer/app/hub-frontend-ad-hoc/12d63e2091cf9684"
                },
                "alb_dns_name": {
                    "sensitive": false,
                    "type": "string",
                    "value": "hub-frontend-ad-hoc-1066925843.us-east-1.elb.amazonaws.com"
                },
                "alb_target_group_arn": {
                    "sensitive": false,
                    "type": "string",
                    "value": "arn:aws:elasticloadbalancing:us-east-1:876208251118:targetgroup/tg-hub-frontend-ad-hoc/d5c337a43a283224"
                }
            },
            "resources": {},
            "depends_on": []
        },
        {
            "path": [
                "root",
                "ad-hoc",
                "hub-services"
            ],
            "outputs": {
                "alb_arn": {
                    "sensitive": false,
                    "type": "string",
                    "value": "arn:aws:elasticloadbalancing:us-east-1:876208251118:loadbalancer/app/hub-services-ad-hoc/58c2e6726933eeb8"
                },
                "alb_dns_name": {
                    "sensitive": false,
                    "type": "string",
                    "value": "hub-services-ad-hoc-281377673.us-east-1.elb.amazonaws.com"
                },
                "alb_target_group_arn": {
                    "sensitive": false,
                    "type": "string",
                    "value": "arn:aws:elasticloadbalancing:us-east-1:876208251118:targetgroup/tg-hub-services-ad-hoc/547784fc91b32724"
                }
            },
            "resources": {},
            "depends_on": []
        },
        {
            "path": [
                "root",
                "ad-hoc",
                "hub-services-1"
            ],
            "outputs": {
                "alb_arn": {
                    "sensitive": false,
                    "type": "string",
                    "value": "arn:aws:elasticloadbalancing:us-east-1:876208251118:loadbalancer/app/hub-services-1-ad-hoc/174768590ec65431"
                },
                "alb_dns_name": {
                    "sensitive": false,
                    "type": "string",
                    "value": "hub-services-1-ad-hoc-213330987.us-east-1.elb.amazonaws.com"
                },
                "alb_target_group_arn": {
                    "sensitive": false,
                    "type": "string",
                    "value": "arn:aws:elasticloadbalancing:us-east-1:876208251118:targetgroup/tg-hub-services-1-ad-hoc/95de2e3c92e73b03"
                }
            },
            "resources": {},
            "depends_on": []
        },
        {
            "path": [
                "root",
                "ad-hoc",
                "hub-services-internal"
            ],
            "outputs": {},
            "resources": {},
            "depends_on": []
        },
        {
            "path": [
                "root",
                "ad-hoc",
                "service_config"
            ],
            "outputs": {
                "config_map": {
                    "sensitive": false,
                    "type": "map",
                    "value": {
                        "ecs_cluster_arn": "arn:aws:ecs:us-east-1:876208251118:cluster/student-hub-ad-hoc",
                        "ecs_service_role_arn": "arn:aws:iam::876208251118:role/student-hub-ad-hoc-ecs-service-role",
                        "public_subnet_ids": "subnet-24133e6c,subnet-584d2e02",
                        "vpc_id": "vpc-b394ecca"
                    }
                }
            },
            "resources": {},
            "depends_on": []
        },
        {
            "path": [
                "root",
                "add-hoc",
                "ecs_cluster"
            ],
            "outputs": {
                "cluster_access_security_group_id": {
                    "sensitive": false,
                    "type": "string",
                    "value": "sg-306bf742"
                },
                "cluster_arn": {
                    "sensitive": false,
                    "type": "string",
                    "value": "arn:aws:ecs:us-east-1:876208251118:cluster/student-hub-add-hoc"
                },
                "service_role_arn": {
                    "sensitive": false,
                    "type": "string",
                    "value": "arn:aws:iam::876208251118:role/student-hub-add-hoc-ecs-service-role"
                }
            },
            "resources": {},
            "depends_on": []
        },
        {
            "path": [
                "root",
                "add-hoc",
                "hub-frontend"
            ],
            "outputs": {
                "alb_arn": {
                    "sensitive": false,
                    "type": "string",
                    "value": "arn:aws:elasticloadbalancing:us-east-1:876208251118:loadbalancer/app/hub-frontend-add-hoc/0b027833b8685fc9"
                },
                "alb_dns_name": {
                    "sensitive": false,
                    "type": "string",
                    "value": "hub-frontend-add-hoc-737808630.us-east-1.elb.amazonaws.com"
                },
                "alb_target_group_arn": {
                    "sensitive": false,
                    "type": "string",
                    "value": "arn:aws:elasticloadbalancing:us-east-1:876208251118:targetgroup/tg-hub-frontend-add-hoc/74b721184764f2f2"
                }
            },
            "resources": {},
            "depends_on": []
        },
        {
            "path": [
                "root",
                "add-hoc",
                "hub-services"
            ],
            "outputs": {
                "alb_arn": {
                    "sensitive": false,
                    "type": "string",
                    "value": "arn:aws:elasticloadbalancing:us-east-1:876208251118:loadbalancer/app/hub-services-add-hoc/dc5d0c13f31c9574"
                },
                "alb_dns_name": {
                    "sensitive": false,
                    "type": "string",
                    "value": "hub-services-add-hoc-9123080.us-east-1.elb.amazonaws.com"
                },
                "alb_target_group_arn": {
                    "sensitive": false,
                    "type": "string",
                    "value": "arn:aws:elasticloadbalancing:us-east-1:876208251118:targetgroup/tg-hub-services-add-hoc/ee6ae7672ba9ae01"
                }
            },
            "resources": {},
            "depends_on": []
        },
        {
            "path": [
                "root",
                "add-hoc",
                "service_config"
            ],
            "outputs": {
                "config_map": {
                    "sensitive": false,
                    "type": "map",
                    "value": {
                        "ecs_cluster_arn": "arn:aws:ecs:us-east-1:876208251118:cluster/student-hub-add-hoc",
                        "ecs_service_role_arn": "arn:aws:iam::876208251118:role/student-hub-add-hoc-ecs-service-role",
                        "public_subnet_ids": "subnet-24133e6c,subnet-584d2e02",
                        "security_groups": "sg-63bf5d13,sg-306bf742",
                        "vpc_id": "vpc-b394ecca"
                    }
                }
            },
            "resources": {},
            "depends_on": []
        },
        {
            "path": [
                "root",
                "adhoc",
                "ecs_cluster"
            ],
            "outputs": {
                "cluster_access_security_group_id": {
                    "sensitive": false,
                    "type": "string",
                    "value": "sg-380e714a"
                },
                "cluster_arn": {
                    "sensitive": false,
                    "type": "string",
                    "value": "arn:aws:ecs:us-east-1:876208251118:cluster/student-hub-adhoc"
                },
                "ecs_instance_security_group_id": {
                    "sensitive": false,
                    "type": "string",
                    "value": "sg-690f701b"
                },
                "service_role_arn": {
                    "sensitive": false,
                    "type": "string",
                    "value": "arn:aws:iam::876208251118:role/student-hub-adhoc-ecs-service-role"
                }
            },
            "resources": {},
            "depends_on": []
        },
        {
            "path": [
                "root",
                "adhoc",
                "hub-frontend"
            ],
            "outputs": {
                "alb_arn": {
                    "sensitive": false,
                    "type": "string",
                    "value": "arn:aws:elasticloadbalancing:us-east-1:876208251118:loadbalancer/app/hub-frontend-adhoc/8031660bd82a8aed"
                },
                "alb_dns_name": {
                    "sensitive": false,
                    "type": "string",
                    "value": "hub-frontend-adhoc-1835771823.us-east-1.elb.amazonaws.com"
                },
                "alb_target_group_arn": {
                    "sensitive": false,
                    "type": "string",
                    "value": "arn:aws:elasticloadbalancing:us-east-1:876208251118:targetgroup/tg-hub-frontend-adhoc/62ce8898053f0f26"
                }
            },
            "resources": {},
            "depends_on": []
        },
        {
            "path": [
                "root",
                "adhoc",
                "hub-services"
            ],
            "outputs": {
                "alb_arn": {
                    "sensitive": false,
                    "type": "string",
                    "value": "arn:aws:elasticloadbalancing:us-east-1:876208251118:loadbalancer/app/hub-services-adhoc/2a5d9586a7b105a5"
                },
                "alb_dns_name": {
                    "sensitive": false,
                    "type": "string",
                    "value": "internal-hub-services-adhoc-1522609986.us-east-1.elb.amazonaws.com"
                },
                "alb_target_group_arn": {
                    "sensitive": false,
                    "type": "string",
                    "value": "arn:aws:elasticloadbalancing:us-east-1:876208251118:targetgroup/tg-hub-services-adhoc/97be063a339d4857"
                }
            },
            "resources": {},
            "depends_on": []
        },
        {
            "path": [
                "root",
                "adhoc",
                "service_config"
            ],
            "outputs": {
                "config_map": {
                    "sensitive": false,
                    "type": "map",
                    "value": {
                        "ecs_cluster_arn": "arn:aws:ecs:us-east-1:876208251118:cluster/student-hub-adhoc",
                        "ecs_service_role_arn": "arn:aws:iam::876208251118:role/student-hub-adhoc-ecs-service-role",
                        "public_subnet_ids": "subnet-24133e6c,subnet-584d2e02",
                        "vpc_id": "vpc-b394ecca"
                    }
                }
            },
            "resources": {},
            "depends_on": []
        },
        {
            "path": [
                "root",
                "adhoc1",
                "ecs_cluster"
            ],
            "outputs": {
                "cluster_access_security_group_id": {
                    "sensitive": false,
                    "type": "string",
                    "value": "sg-e2314e90"
                },
                "cluster_arn": {
                    "sensitive": false,
                    "type": "string",
                    "value": "arn:aws:ecs:us-east-1:876208251118:cluster/student-hub-adhoc1"
                },
                "ecs_instance_security_group_id": {
                    "sensitive": false,
                    "type": "string",
                    "value": "sg-ca2857b8"
                },
                "service_role_arn": {
                    "sensitive": false,
                    "type": "string",
                    "value": "arn:aws:iam::876208251118:role/student-hub-adhoc1-ecs-service-role"
                }
            },
            "resources": {},
            "depends_on": []
        },
        {
            "path": [
                "root",
                "adhoc1",
                "hub-frontend"
            ],
            "outputs": {
                "alb_arn": {
                    "sensitive": false,
                    "type": "string",
                    "value": "arn:aws:elasticloadbalancing:us-east-1:876208251118:loadbalancer/app/hub-frontend-adhoc1/15317890094282aa"
                },
                "alb_dns_name": {
                    "sensitive": false,
                    "type": "string",
                    "value": "hub-frontend-adhoc1-316929869.us-east-1.elb.amazonaws.com"
                },
                "alb_target_group_arn": {
                    "sensitive": false,
                    "type": "string",
                    "value": "arn:aws:elasticloadbalancing:us-east-1:876208251118:targetgroup/tg-hub-frontend-adhoc1/07523ee3fabee630"
                }
            },
            "resources": {},
            "depends_on": []
        },
        {
            "path": [
                "root",
                "adhoc1",
                "hub-services"
            ],
            "outputs": {
                "alb_arn": {
                    "sensitive": false,
                    "type": "string",
                    "value": "arn:aws:elasticloadbalancing:us-east-1:876208251118:loadbalancer/app/hub-services-adhoc1/f5bc78f02c608fb3"
                },
                "alb_dns_name": {
                    "sensitive": false,
                    "type": "string",
                    "value": "internal-hub-services-adhoc1-2018657624.us-east-1.elb.amazonaws.com"
                },
                "alb_target_group_arn": {
                    "sensitive": false,
                    "type": "string",
                    "value": "arn:aws:elasticloadbalancing:us-east-1:876208251118:targetgroup/tg-hub-services-adhoc1/14d324d79e7ce287"
                }
            },
            "resources": {},
            "depends_on": []
        },
        {
            "path": [
                "root",
                "adhoc1",
                "service_config"
            ],
            "outputs": {
                "config_map": {
                    "sensitive": false,
                    "type": "map",
                    "value": {
                        "ecs_cluster_arn": "arn:aws:ecs:us-east-1:876208251118:cluster/student-hub-adhoc1",
                        "ecs_service_role_arn": "arn:aws:iam::876208251118:role/student-hub-adhoc1-ecs-service-role",
                        "public_subnet_ids": "subnet-24133e6c,subnet-584d2e02",
                        "vpc_id": "vpc-b394ecca"
                    }
                }
            },
            "resources": {},
            "depends_on": []
        },
        {
            "path": [
                "root",
                "dev-standalone",
                "ecs_cluster"
            ],
            "outputs": {
                "cluster_access_security_group_id": {
                    "sensitive": false,
                    "type": "string",
                    "value": "sg-cca7e1bf"
                },
                "cluster_arn": {
                    "sensitive": false,
                    "type": "string",
                    "value": "arn:aws:ecs:us-east-1:876208251118:cluster/student-hub-dev-standalone"
                },
                "service_role_arn": {
                    "sensitive": false,
                    "type": "string",
                    "value": "arn:aws:iam::876208251118:role/student-hub-dev-standalone-ecs-service-role"
                }
            },
            "resources": {},
            "depends_on": []
        },
        {
            "path": [
                "root",
                "dev-standalone",
                "environment"
            ],
            "outputs": {
                "hub-frontend_url": {
                    "sensitive": false,
                    "type": "string",
                    "value": "hub-frontend-dev-standalone-1384578665.us-east-1.elb.amazonaws.com"
                }
            },
            "resources": {},
            "depends_on": []
        },
        {
            "path": [
                "root",
                "dev-standalone",
                "hub-frontend"
            ],
            "outputs": {
                "alb_dns_name": {
                    "sensitive": false,
                    "type": "string",
                    "value": "hub-frontend-dev-standalone-1384578665.us-east-1.elb.amazonaws.com"
                }
            },
            "resources": {},
            "depends_on": []
        },
        {
            "path": [
                "root",
                "dev-standalone",
                "hub-services"
            ],
            "outputs": {
                "alb_dns_name": {
                    "sensitive": false,
                    "type": "string",
                    "value": "hub-services-dev-standalone-1783120878.us-east-1.elb.amazonaws.com"
                }
            },
            "resources": {},
            "depends_on": []
        },
        {
            "path": [
                "root",
                "dev-standalone",
                "service_config"
            ],
            "outputs": {
                "config_map": {
                    "sensitive": false,
                    "type": "map",
                    "value": {
                        "ecs_cluster_arn": "arn:aws:ecs:us-east-1:876208251118:cluster/student-hub-dev-standalone",
                        "ecs_service_role_arn": "arn:aws:iam::876208251118:role/student-hub-dev-standalone-ecs-service-role",
                        "public_subnet_ids": "subnet-24133e6c,subnet-584d2e02",
                        "security_groups": "sg-63bf5d13,sg-cca7e1bf",
                        "vpc_id": "vpc-b394ecca"
                    }
                }
            },
            "resources": {},
            "depends_on": []
        },
        {
            "path": [
                "root",
                "dev",
                "ecs_cluster"
            ],
            "outputs": {
                "cluster_access_security_group_id": {
                    "sensitive": false,
                    "type": "string",
                    "value": "sg-59a3f12a"
                },
                "cluster_arn": {
                    "sensitive": false,
                    "type": "string",
                    "value": "arn:aws:ecs:us-east-1:876208251118:cluster/student-hub-dev"
                },
                "ecs_instance_security_group_id": {
                    "sensitive": false,
                    "type": "string",
                    "value": "sg-8fa6f4fc"
                },
                "service_role_arn": {
                    "sensitive": false,
                    "type": "string",
                    "value": "arn:aws:iam::876208251118:role/student-hub-dev-ecs-service-role"
                }
            },
            "resources": {
                "aws_autoscaling_group.asg": {
                    "type": "aws_autoscaling_group",
                    "depends_on": [
                        "aws_launch_configuration.lc"
                    ],
                    "primary": {
                        "id": "student-hub-dev-ecs-asg",
                        "attributes": {
                            "arn": "arn:aws:autoscaling:us-east-1:876208251118:autoScalingGroup:82dc8717-6054-4d57-b047-f66ca4f18a1f:autoScalingGroupName/student-hub-dev-ecs-asg",
                            "availability_zones.#": "2",
                            "availability_zones.1305112097": "us-east-1b",
                            "availability_zones.3569565595": "us-east-1a",
                            "default_cooldown": "300",
                            "desired_capacity": "2",
                            "force_delete": "false",
                            "health_check_grace_period": "0",
                            "health_check_type": "EC2",
                            "id": "student-hub-dev-ecs-asg",
                            "launch_configuration": "student-hub-dev-ecs-lc-0052285ad348c39f103c2919f2",
                            "load_balancers.#": "0",
                            "max_size": "4",
                            "metrics_granularity": "1Minute",
                            "min_size": "0",
                            "name": "student-hub-dev-ecs-asg",
                            "placement_group": "",
                            "protect_from_scale_in": "false",
                            "suspended_processes.#": "0",
                            "tag.#": "0",
                            "target_group_arns.#": "0",
                            "termination_policies.#": "0",
                            "vpc_zone_identifier.#": "2",
                            "vpc_zone_identifier.171620605": "subnet-584d2e02",
                            "vpc_zone_identifier.4012636281": "subnet-24133e6c",
                            "wait_for_capacity_timeout": "10m"
                        },
                        "meta": {},
                        "tainted": false
                    },
                    "deposed": [],
                    "provider": ""
                },
                "aws_ecs_cluster.main": {
                    "type": "aws_ecs_cluster",
                    "depends_on": [],
                    "primary": {
                        "id": "arn:aws:ecs:us-east-1:876208251118:cluster/student-hub-dev",
                        "attributes": {
                            "id": "arn:aws:ecs:us-east-1:876208251118:cluster/student-hub-dev",
                            "name": "student-hub-dev"
                        },
                        "meta": {},
                        "tainted": false
                    },
                    "deposed": [],
                    "provider": ""
                },
                "aws_iam_instance_profile.ecs_ec2_instance_profile": {
                    "type": "aws_iam_instance_profile",
                    "depends_on": [
                        "aws_iam_role.ecs_ec2_service_role"
                    ],
                    "primary": {
                        "id": "student-hub-dev-ecs-ec2-instance-profile",
                        "attributes": {
                            "arn": "arn:aws:iam::876208251118:instance-profile/student-hub-dev-ecs-ec2-instance-profile",
                            "id": "student-hub-dev-ecs-ec2-instance-profile",
                            "name": "student-hub-dev-ecs-ec2-instance-profile",
                            "path": "/",
                            "role": "student-hub-dev-ecs-ec2-service-role",
                            "roles.#": "1",
                            "roles.3855174716": "student-hub-dev-ecs-ec2-service-role",
                            "unique_id": "AIPAJ2YXEX4DA6OARNJYW"
                        },
                        "meta": {},
                        "tainted": false
                    },
                    "deposed": [],
                    "provider": ""
                },
                "aws_iam_role.ecs_ec2_service_role": {
                    "type": "aws_iam_role",
                    "depends_on": [
                        "data.aws_iam_policy_document.ecs_ec2_service_role_policy"
                    ],
                    "primary": {
                        "id": "student-hub-dev-ecs-ec2-service-role",
                        "attributes": {
                            "arn": "arn:aws:iam::876208251118:role/student-hub-dev-ecs-ec2-service-role",
                            "assume_role_policy": "{\"Version\":\"2012-10-17\",\"Statement\":[{\"Sid\":\"\",\"Effect\":\"Allow\",\"Principal\":{\"Service\":\"ec2.amazonaws.com\"},\"Action\":\"sts:AssumeRole\"}]}",
                            "create_date": "2017-09-29T16:34:03Z",
                            "id": "student-hub-dev-ecs-ec2-service-role",
                            "name": "student-hub-dev-ecs-ec2-service-role",
                            "path": "/",
                            "unique_id": "AROAISI6NFUM22WAVDUSK"
                        },
                        "meta": {},
                        "tainted": false
                    },
                    "deposed": [],
                    "provider": ""
                },
                "aws_iam_role.ecs_service_role": {
                    "type": "aws_iam_role",
                    "depends_on": [
                        "data.aws_iam_policy_document.ecs_service_role_policy"
                    ],
                    "primary": {
                        "id": "student-hub-dev-ecs-service-role",
                        "attributes": {
                            "arn": "arn:aws:iam::876208251118:role/student-hub-dev-ecs-service-role",
                            "assume_role_policy": "{\"Version\":\"2012-10-17\",\"Statement\":[{\"Sid\":\"\",\"Effect\":\"Allow\",\"Principal\":{\"Service\":\"ecs.amazonaws.com\"},\"Action\":\"sts:AssumeRole\"}]}",
                            "create_date": "2017-09-29T16:34:03Z",
                            "id": "student-hub-dev-ecs-service-role",
                            "name": "student-hub-dev-ecs-service-role",
                            "path": "/",
                            "unique_id": "AROAIA5IX2Z2SG4F7ZJRW"
                        },
                        "meta": {},
                        "tainted": false
                    },
                    "deposed": [],
                    "provider": ""
                },
                "aws_iam_role_policy.ecs_ec2_cloudwatchlogs_access": {
                    "type": "aws_iam_role_policy",
                    "depends_on": [
                        "aws_iam_role.ecs_ec2_service_role"
                    ],
                    "primary": {
                        "id": "student-hub-dev-ecs-ec2-service-role:student-hub-dev-ecs-ec2-cloudwatchlogs-access",
                        "attributes": {
                            "id": "student-hub-dev-ecs-ec2-service-role:student-hub-dev-ecs-ec2-cloudwatchlogs-access",
                            "name": "student-hub-dev-ecs-ec2-cloudwatchlogs-access",
                            "policy": "{\n  \"Statement\": [\n    {\n      \"Effect\": \"Allow\",\n      \"Action\": [\n        \"logs:CreateLogGroup\",\n        \"logs:CreateLogStream\",\n        \"logs:PutLogEvents\",\n        \"logs:DescribeLogStreams\"\n      ],\n      \"Resource\": [\n        \"arn:aws:logs:*:*:*\"\n      ]\n    }\n  ]\n}\n",
                            "role": "student-hub-dev-ecs-ec2-service-role"
                        },
                        "meta": {},
                        "tainted": false
                    },
                    "deposed": [],
                    "provider": ""
                },
                "aws_iam_role_policy_attachment.ecs_ec2_service_role_permissions": {
                    "type": "aws_iam_role_policy_attachment",
                    "depends_on": [
                        "aws_iam_role.ecs_ec2_service_role"
                    ],
                    "primary": {
                        "id": "student-hub-dev-ecs-ec2-service-role-0069f9536e5210fb9b1ba01ff4",
                        "attributes": {
                            "id": "student-hub-dev-ecs-ec2-service-role-0069f9536e5210fb9b1ba01ff4",
                            "policy_arn": "arn:aws:iam::aws:policy/service-role/AmazonEC2ContainerServiceforEC2Role",
                            "role": "student-hub-dev-ecs-ec2-service-role"
                        },
                        "meta": {},
                        "tainted": false
                    },
                    "deposed": [],
                    "provider": ""
                },
                "aws_iam_role_policy_attachment.ecs_service_role_permissions": {
                    "type": "aws_iam_role_policy_attachment",
                    "depends_on": [
                        "aws_iam_role.ecs_service_role"
                    ],
                    "primary": {
                        "id": "student-hub-dev-ecs-service-role-0069f9536e5210fb9b1ba01ff6",
                        "attributes": {
                            "id": "student-hub-dev-ecs-service-role-0069f9536e5210fb9b1ba01ff6",
                            "policy_arn": "arn:aws:iam::aws:policy/service-role/AmazonEC2ContainerServiceRole",
                            "role": "student-hub-dev-ecs-service-role"
                        },
                        "meta": {},
                        "tainted": false
                    },
                    "deposed": [],
                    "provider": ""
                },
                "aws_launch_configuration.lc": {
                    "type": "aws_launch_configuration",
                    "depends_on": [],
                    "primary": {
                        "id": "student-hub-dev-ecs-lc-0052285ad348c39f103c2919f2",
                        "attributes": {
                            "associate_public_ip_address": "true",
                            "ebs_block_device.#": "0",
                            "ebs_optimized": "false",
                            "enable_monitoring": "true",
                            "ephemeral_block_device.#": "0",
                            "iam_instance_profile": "student-hub-dev-ecs-ec2-instance-profile",
                            "id": "student-hub-dev-ecs-lc-0052285ad348c39f103c2919f2",
                            "image_id": "ami-ec33cc96",
                            "instance_type": "t2.small",
                            "key_name": "student-hub-key",
                            "name": "student-hub-dev-ecs-lc-0052285ad348c39f103c2919f2",
                            "name_prefix": "student-hub-dev-ecs-lc-",
                            "root_block_device.#": "1",
                            "root_block_device.0.delete_on_termination": "true",
                            "root_block_device.0.iops": "0",
                            "root_block_device.0.volume_size": "50",
                            "root_block_device.0.volume_type": "gp2",
                            "security_groups.#": "1",
                            "security_groups.3312862845": "sg-8fa6f4fc",
                            "spot_price": "",
                            "user_data": "64bb5d48611415988c21e67f70c6261a69f0d85c",
                            "vpc_classic_link_id": "",
                            "vpc_classic_link_security_groups.#": "0"
                        },
                        "meta": {},
                        "tainted": false
                    },
                    "deposed": [],
                    "provider": ""
                },
                "aws_security_group.cluster_access": {
                    "type": "aws_security_group",
                    "depends_on": [],
                    "primary": {
                        "id": "sg-59a3f12a",
                        "attributes": {
                            "description": "Managed by Terraform",
                            "egress.#": "0",
                            "id": "sg-59a3f12a",
                            "ingress.#": "0",
                            "name": "student-hub-dev-cluster_access",
                            "owner_id": "876208251118",
                            "tags.%": "0",
                            "vpc_id": "vpc-b394ecca"
                        },
                        "meta": {},
                        "tainted": false
                    },
                    "deposed": [],
                    "provider": ""
                },
                "aws_security_group.ecs_instance_sg": {
                    "type": "aws_security_group",
                    "depends_on": [
                        "aws_security_group.cluster_access"
                    ],
                    "primary": {
                        "id": "sg-8fa6f4fc",
                        "attributes": {
                            "description": "Controls access to ECS instances",
                            "egress.#": "1",
                            "egress.482069346.cidr_blocks.#": "1",
                            "egress.482069346.cidr_blocks.0": "0.0.0.0/0",
                            "egress.482069346.from_port": "0",
                            "egress.482069346.ipv6_cidr_blocks.#": "0",
                            "egress.482069346.prefix_list_ids.#": "0",
                            "egress.482069346.protocol": "-1",
                            "egress.482069346.security_groups.#": "0",
                            "egress.482069346.self": "false",
                            "egress.482069346.to_port": "0",
                            "id": "sg-8fa6f4fc",
                            "ingress.#": "2",
                            "ingress.1340251820.cidr_blocks.#": "10",
                            "ingress.1340251820.cidr_blocks.0": "38.105.233.129/32",
                            "ingress.1340251820.cidr_blocks.1": "68.129.79.106/31",
                            "ingress.1340251820.cidr_blocks.2": "68.129.79.108/31",
                            "ingress.1340251820.cidr_blocks.3": "68.129.79.110/32",
                            "ingress.1340251820.cidr_blocks.4": "208.105.14.56/29",
                            "ingress.1340251820.cidr_blocks.5": "4.30.90.112/28",
                            "ingress.1340251820.cidr_blocks.6": "128.148.0.0/16",
                            "ingress.1340251820.cidr_blocks.7": "138.16.0.0/16",
                            "ingress.1340251820.cidr_blocks.8": "192.16.234.240/32",
                            "ingress.1340251820.cidr_blocks.9": "192.16.234.243/32",
                            "ingress.1340251820.from_port": "0",
                            "ingress.1340251820.ipv6_cidr_blocks.#": "0",
                            "ingress.1340251820.protocol": "-1",
                            "ingress.1340251820.security_groups.#": "0",
                            "ingress.1340251820.self": "false",
                            "ingress.1340251820.to_port": "0",
                            "ingress.3827129169.cidr_blocks.#": "0",
                            "ingress.3827129169.from_port": "0",
                            "ingress.3827129169.ipv6_cidr_blocks.#": "0",
                            "ingress.3827129169.protocol": "-1",
                            "ingress.3827129169.security_groups.#": "1",
                            "ingress.3827129169.security_groups.1964801557": "sg-59a3f12a",
                            "ingress.3827129169.self": "false",
                            "ingress.3827129169.to_port": "0",
                            "name": "student-hub-dev-ecs-instance-sg",
                            "owner_id": "876208251118",
                            "tags.%": "0",
                            "vpc_id": "vpc-b394ecca"
                        },
                        "meta": {},
                        "tainted": false
                    },
                    "deposed": [],
                    "provider": ""
                },
                "data.aws_ami.amazon_ecs_optimized": {
                    "type": "aws_ami",
                    "depends_on": [],
                    "primary": {
                        "id": "ami-ec33cc96",
                        "attributes": {
                            "architecture": "x86_64",
                            "block_device_mappings.#": "2",
                            "block_device_mappings.2538004115.device_name": "/dev/xvdcz",
                            "block_device_mappings.2538004115.ebs.%": "5",
                            "block_device_mappings.2538004115.ebs.delete_on_termination": "true",
                            "block_device_mappings.2538004115.ebs.encrypted": "false",
                            "block_device_mappings.2538004115.ebs.iops": "0",
                            "block_device_mappings.2538004115.ebs.volume_size": "22",
                            "block_device_mappings.2538004115.ebs.volume_type": "gp2",
                            "block_device_mappings.2538004115.no_device": "",
                            "block_device_mappings.2538004115.virtual_name": "",
                            "block_device_mappings.340275815.device_name": "/dev/xvda",
                            "block_device_mappings.340275815.ebs.%": "6",
                            "block_device_mappings.340275815.ebs.delete_on_termination": "true",
                            "block_device_mappings.340275815.ebs.encrypted": "false",
                            "block_device_mappings.340275815.ebs.iops": "0",
                            "block_device_mappings.340275815.ebs.snapshot_id": "snap-0bc4a604faa665c51",
                            "block_device_mappings.340275815.ebs.volume_size": "8",
                            "block_device_mappings.340275815.ebs.volume_type": "gp2",
                            "block_device_mappings.340275815.no_device": "",
                            "block_device_mappings.340275815.virtual_name": "",
                            "creation_date": "2017-09-30T18:58:16.000Z",
                            "description": "Amazon Linux AMI 2017.03.g x86_64 ECS HVM GP2",
                            "filter.#": "3",
                            "filter.3386043752.name": "architecture",
                            "filter.3386043752.values.#": "1",
                            "filter.3386043752.values.0": "x86_64",
                            "filter.490168357.name": "virtualization-type",
                            "filter.490168357.values.#": "1",
                            "filter.490168357.values.0": "hvm",
                            "filter.844913035.name": "description",
                            "filter.844913035.values.#": "1",
                            "filter.844913035.values.0": "Amazon Linux AMI * ECS * GP2",
                            "hypervisor": "xen",
                            "id": "ami-ec33cc96",
                            "image_id": "ami-ec33cc96",
                            "image_location": "amazon/amzn-ami-2017.03.g-amazon-ecs-optimized",
                            "image_owner_alias": "amazon",
                            "image_type": "machine",
                            "most_recent": "true",
                            "name": "amzn-ami-2017.03.g-amazon-ecs-optimized",
                            "owner_id": "591542846629",
                            "owners.#": "1",
                            "owners.0": "591542846629",
                            "product_codes.#": "0",
                            "public": "true",
                            "root_device_name": "/dev/xvda",
                            "root_device_type": "ebs",
                            "sriov_net_support": "simple",
                            "state": "available",
                            "state_reason.%": "2",
                            "state_reason.code": "UNSET",
                            "state_reason.message": "UNSET",
                            "tags.#": "0",
                            "virtualization_type": "hvm"
                        },
                        "meta": {},
                        "tainted": false
                    },
                    "deposed": [],
                    "provider": ""
                },
                "data.aws_iam_policy_document.ecs_ec2_service_role_policy": {
                    "type": "aws_iam_policy_document",
                    "depends_on": [],
                    "primary": {
                        "id": "1903849331",
                        "attributes": {
                            "id": "1903849331",
                            "json": "{\n  \"Version\": \"2012-10-17\",\n  \"Statement\": [\n    {\n      \"Sid\": \"\",\n      \"Effect\": \"Allow\",\n      \"Action\": \"sts:AssumeRole\",\n      \"Principal\": {\n        \"Service\": \"ec2.amazonaws.com\"\n      }\n    }\n  ]\n}",
                            "statement.#": "1",
                            "statement.0.actions.#": "1",
                            "statement.0.actions.2528466339": "sts:AssumeRole",
                            "statement.0.condition.#": "0",
                            "statement.0.effect": "Allow",
                            "statement.0.not_actions.#": "0",
                            "statement.0.not_principals.#": "0",
                            "statement.0.not_resources.#": "0",
                            "statement.0.principals.#": "1",
                            "statement.0.principals.1134724139.identifiers.#": "1",
                            "statement.0.principals.1134724139.identifiers.3655884555": "ec2.amazonaws.com",
                            "statement.0.principals.1134724139.type": "Service",
                            "statement.0.resources.#": "0",
                            "statement.0.sid": ""
                        },
                        "meta": {},
                        "tainted": false
                    },
                    "deposed": [],
                    "provider": ""
                },
                "data.aws_iam_policy_document.ecs_service_role_policy": {
                    "type": "aws_iam_policy_document",
                    "depends_on": [],
                    "primary": {
                        "id": "3622649364",
                        "attributes": {
                            "id": "3622649364",
                            "json": "{\n  \"Version\": \"2012-10-17\",\n  \"Statement\": [\n    {\n      \"Sid\": \"\",\n      \"Effect\": \"Allow\",\n      \"Action\": \"sts:AssumeRole\",\n      \"Principal\": {\n        \"Service\": \"ecs.amazonaws.com\"\n      }\n    }\n  ]\n}",
                            "statement.#": "1",
                            "statement.0.actions.#": "1",
                            "statement.0.actions.2528466339": "sts:AssumeRole",
                            "statement.0.condition.#": "0",
                            "statement.0.effect": "Allow",
                            "statement.0.not_actions.#": "0",
                            "statement.0.not_principals.#": "0",
                            "statement.0.not_resources.#": "0",
                            "statement.0.principals.#": "1",
                            "statement.0.principals.1113412664.identifiers.#": "1",
                            "statement.0.principals.1113412664.identifiers.1509832800": "ecs.amazonaws.com",
                            "statement.0.principals.1113412664.type": "Service",
                            "statement.0.resources.#": "0",
                            "statement.0.sid": ""
                        },
                        "meta": {},
                        "tainted": false
                    },
                    "deposed": [],
                    "provider": ""
                }
            },
            "depends_on": []
        },
        {
            "path": [
                "root",
                "dev",
                "hub-frontend"
            ],
            "outputs": {
                "alb_arn": {
                    "sensitive": false,
                    "type": "string",
                    "value": "arn:aws:elasticloadbalancing:us-east-1:876208251118:loadbalancer/app/hub-frontend-dev/d3d7b68ced7f7370"
                },
                "alb_dns_name": {
                    "sensitive": false,
                    "type": "string",
                    "value": "hub-frontend-dev-2036046404.us-east-1.elb.amazonaws.com"
                },
                "alb_target_group_arn": {
                    "sensitive": false,
                    "type": "string",
                    "value": "arn:aws:elasticloadbalancing:us-east-1:876208251118:targetgroup/tg-hub-frontend-dev/68826e1152a54fb8"
                }
            },
            "resources": {},
            "depends_on": []
        },
        {
            "path": [
                "root",
                "dev",
                "hub-services"
            ],
            "outputs": {
                "alb_arn": {
                    "sensitive": false,
                    "type": "string",
                    "value": "arn:aws:elasticloadbalancing:us-east-1:876208251118:loadbalancer/app/hub-services-dev/0b4ddc970b74cb1c"
                },
                "alb_dns_name": {
                    "sensitive": false,
                    "type": "string",
                    "value": "hub-services-dev-1973544954.us-east-1.elb.amazonaws.com"
                },
                "alb_target_group_arn": {
                    "sensitive": false,
                    "type": "string",
                    "value": "arn:aws:elasticloadbalancing:us-east-1:876208251118:targetgroup/tg-hub-services-dev/0c8620e938b43d5c"
                }
            },
            "resources": {},
            "depends_on": []
        },
        {
            "path": [
                "root",
                "dev",
                "service_config"
            ],
            "outputs": {
                "config_map": {
                    "sensitive": false,
                    "type": "map",
                    "value": {
                        "ecs_cluster_arn": "arn:aws:ecs:us-east-1:876208251118:cluster/student-hub-dev",
                        "ecs_service_role_arn": "arn:aws:iam::876208251118:role/student-hub-dev-ecs-service-role",
                        "public_subnet_ids": "subnet-24133e6c,subnet-584d2e02",
                        "vpc_id": "vpc-b394ecca"
                    }
                }
            },
            "resources": {},
            "depends_on": []
        },
        {
            "path": [
                "root",
                "hub-frontend-dev",
                "alb"
            ],
            "outputs": {
                "alb_default_target_group_arn": {
                    "sensitive": false,
                    "type": "string",
                    "value": "arn:aws:elasticloadbalancing:us-east-1:876208251118:targetgroup/tg-hub-frontend-dev/ad9105d4338dce86"
                },
                "alb_dns_name": {
                    "sensitive": false,
                    "type": "string",
                    "value": "hub-frontend-dev-2141455070.us-east-1.elb.amazonaws.com"
                }
            },
            "resources": {},
            "depends_on": []
        },
        {
            "path": [
                "root",
                "hub-frontend-dev",
                "ecs-svc"
            ],
            "outputs": {},
            "resources": {},
            "depends_on": []
        },
        {
            "path": [
                "root",
                "hub-services-dev",
                "alb"
            ],
            "outputs": {
                "alb_default_target_group_arn": {
                    "sensitive": false,
                    "type": "string",
                    "value": "arn:aws:elasticloadbalancing:us-east-1:876208251118:targetgroup/tg-hub-services-dev/cb5e5a1421efc341"
                },
                "alb_dns_name": {
                    "sensitive": false,
                    "type": "string",
                    "value": "hub-services-dev-1726598734.us-east-1.elb.amazonaws.com"
                }
            },
            "resources": {},
            "depends_on": []
        },
        {
            "path": [
                "root",
                "hub-services-dev",
                "alb_hub-services-dev"
            ],
            "outputs": {},
            "resources": {},
            "depends_on": []
        },
        {
            "path": [
                "root",
                "hub-services-dev",
                "ecs-svc"
            ],
            "outputs": {},
            "resources": {},
            "depends_on": []
        },
        {
            "path": [
                "root",
                "prod",
                "ecs_cluster"
            ],
            "outputs": {
                "cluster_access_security_group_id": {
                    "sensitive": false,
                    "type": "string",
                    "value": "sg-e4171597"
                },
                "cluster_arn": {
                    "sensitive": false,
                    "type": "string",
                    "value": "arn:aws:ecs:us-east-1:876208251118:cluster/student-hub-prod"
                },
                "ecs_instance_security_group_id": {
                    "sensitive": false,
                    "type": "string",
                    "value": "sg-540d0f27"
                },
                "service_role_arn": {
                    "sensitive": false,
                    "type": "string",
                    "value": "arn:aws:iam::876208251118:role/student-hub-prod-ecs-service-role"
                }
            },
            "resources": {
                "aws_autoscaling_group.asg": {
                    "type": "aws_autoscaling_group",
                    "depends_on": [
                        "aws_launch_configuration.lc"
                    ],
                    "primary": {
                        "id": "student-hub-prod-ecs-asg",
                        "attributes": {
                            "arn": "arn:aws:autoscaling:us-east-1:876208251118:autoScalingGroup:b75dec4d-c731-4e94-8375-39d6ab9e442c:autoScalingGroupName/student-hub-prod-ecs-asg",
                            "availability_zones.#": "2",
                            "availability_zones.1305112097": "us-east-1b",
                            "availability_zones.3569565595": "us-east-1a",
                            "default_cooldown": "300",
                            "desired_capacity": "2",
                            "force_delete": "false",
                            "health_check_grace_period": "0",
                            "health_check_type": "EC2",
                            "id": "student-hub-prod-ecs-asg",
                            "launch_configuration": "student-hub-prod-ecs-lc-00a205200c204a878fc19dc381",
                            "load_balancers.#": "0",
                            "max_size": "4",
                            "metrics_granularity": "1Minute",
                            "min_size": "0",
                            "name": "student-hub-prod-ecs-asg",
                            "placement_group": "",
                            "protect_from_scale_in": "false",
                            "suspended_processes.#": "0",
                            "tag.#": "0",
                            "target_group_arns.#": "0",
                            "termination_policies.#": "0",
                            "vpc_zone_identifier.#": "2",
                            "vpc_zone_identifier.171620605": "subnet-584d2e02",
                            "vpc_zone_identifier.4012636281": "subnet-24133e6c",
                            "wait_for_capacity_timeout": "10m"
                        },
                        "meta": {},
                        "tainted": false
                    },
                    "deposed": [],
                    "provider": ""
                },
                "aws_ecs_cluster.main": {
                    "type": "aws_ecs_cluster",
                    "depends_on": [],
                    "primary": {
                        "id": "arn:aws:ecs:us-east-1:876208251118:cluster/student-hub-prod",
                        "attributes": {
                            "id": "arn:aws:ecs:us-east-1:876208251118:cluster/student-hub-prod",
                            "name": "student-hub-prod"
                        },
                        "meta": {},
                        "tainted": false
                    },
                    "deposed": [],
                    "provider": ""
                },
                "aws_iam_instance_profile.ecs_ec2_instance_profile": {
                    "type": "aws_iam_instance_profile",
                    "depends_on": [
                        "aws_iam_role.ecs_ec2_service_role"
                    ],
                    "primary": {
                        "id": "student-hub-prod-ecs-ec2-instance-profile",
                        "attributes": {
                            "arn": "arn:aws:iam::876208251118:instance-profile/student-hub-prod-ecs-ec2-instance-profile",
                            "id": "student-hub-prod-ecs-ec2-instance-profile",
                            "name": "student-hub-prod-ecs-ec2-instance-profile",
                            "path": "/",
                            "role": "student-hub-prod-ecs-ec2-service-role",
                            "roles.#": "1",
                            "roles.3227480164": "student-hub-prod-ecs-ec2-service-role",
                            "unique_id": "AIPAJRHPGGFZZWEVMLU6Q"
                        },
                        "meta": {},
                        "tainted": false
                    },
                    "deposed": [],
                    "provider": ""
                },
                "aws_iam_role.ecs_ec2_service_role": {
                    "type": "aws_iam_role",
                    "depends_on": [
                        "data.aws_iam_policy_document.ecs_ec2_service_role_policy"
                    ],
                    "primary": {
                        "id": "student-hub-prod-ecs-ec2-service-role",
                        "attributes": {
                            "arn": "arn:aws:iam::876208251118:role/student-hub-prod-ecs-ec2-service-role",
                            "assume_role_policy": "{\"Version\":\"2012-10-17\",\"Statement\":[{\"Sid\":\"\",\"Effect\":\"Allow\",\"Principal\":{\"Service\":\"ec2.amazonaws.com\"},\"Action\":\"sts:AssumeRole\"}]}",
                            "create_date": "2017-10-04T20:47:57Z",
                            "id": "student-hub-prod-ecs-ec2-service-role",
                            "name": "student-hub-prod-ecs-ec2-service-role",
                            "path": "/",
                            "unique_id": "AROAIWC4GTDG44HNOXXUE"
                        },
                        "meta": {},
                        "tainted": false
                    },
                    "deposed": [],
                    "provider": ""
                },
                "aws_iam_role.ecs_service_role": {
                    "type": "aws_iam_role",
                    "depends_on": [
                        "data.aws_iam_policy_document.ecs_service_role_policy"
                    ],
                    "primary": {
                        "id": "student-hub-prod-ecs-service-role",
                        "attributes": {
                            "arn": "arn:aws:iam::876208251118:role/student-hub-prod-ecs-service-role",
                            "assume_role_policy": "{\"Version\":\"2012-10-17\",\"Statement\":[{\"Sid\":\"\",\"Effect\":\"Allow\",\"Principal\":{\"Service\":\"ecs.amazonaws.com\"},\"Action\":\"sts:AssumeRole\"}]}",
                            "create_date": "2017-10-04T20:47:57Z",
                            "id": "student-hub-prod-ecs-service-role",
                            "name": "student-hub-prod-ecs-service-role",
                            "path": "/",
                            "unique_id": "AROAI3QU42DYPHVOLKMRU"
                        },
                        "meta": {},
                        "tainted": false
                    },
                    "deposed": [],
                    "provider": ""
                },
                "aws_iam_role_policy.ecs_ec2_cloudwatchlogs_access": {
                    "type": "aws_iam_role_policy",
                    "depends_on": [
                        "aws_iam_role.ecs_ec2_service_role"
                    ],
                    "primary": {
                        "id": "student-hub-prod-ecs-ec2-service-role:student-hub-prod-ecs-ec2-cloudwatchlogs-access",
                        "attributes": {
                            "id": "student-hub-prod-ecs-ec2-service-role:student-hub-prod-ecs-ec2-cloudwatchlogs-access",
                            "name": "student-hub-prod-ecs-ec2-cloudwatchlogs-access",
                            "policy": "{\n  \"Statement\": [\n    {\n      \"Effect\": \"Allow\",\n      \"Action\": [\n        \"logs:CreateLogGroup\",\n        \"logs:CreateLogStream\",\n        \"logs:PutLogEvents\",\n        \"logs:DescribeLogStreams\"\n      ],\n      \"Resource\": [\n        \"arn:aws:logs:*:*:*\"\n      ]\n    }\n  ]\n}\n",
                            "role": "student-hub-prod-ecs-ec2-service-role"
                        },
                        "meta": {},
                        "tainted": false
                    },
                    "deposed": [],
                    "provider": ""
                },
                "aws_iam_role_policy_attachment.ecs_ec2_service_role_permissions": {
                    "type": "aws_iam_role_policy_attachment",
                    "depends_on": [
                        "aws_iam_role.ecs_ec2_service_role"
                    ],
                    "primary": {
                        "id": "student-hub-prod-ecs-ec2-service-role-00a205200c204a878fc19dc380",
                        "attributes": {
                            "id": "student-hub-prod-ecs-ec2-service-role-00a205200c204a878fc19dc380",
                            "policy_arn": "arn:aws:iam::aws:policy/service-role/AmazonEC2ContainerServiceforEC2Role",
                            "role": "student-hub-prod-ecs-ec2-service-role"
                        },
                        "meta": {},
                        "tainted": false
                    },
                    "deposed": [],
                    "provider": ""
                },
                "aws_iam_role_policy_attachment.ecs_service_role_permissions": {
                    "type": "aws_iam_role_policy_attachment",
                    "depends_on": [
                        "aws_iam_role.ecs_service_role"
                    ],
                    "primary": {
                        "id": "student-hub-prod-ecs-service-role-00a205200c204a878fc19dc37f",
                        "attributes": {
                            "id": "student-hub-prod-ecs-service-role-00a205200c204a878fc19dc37f",
                            "policy_arn": "arn:aws:iam::aws:policy/service-role/AmazonEC2ContainerServiceRole",
                            "role": "student-hub-prod-ecs-service-role"
                        },
                        "meta": {},
                        "tainted": false
                    },
                    "deposed": [],
                    "provider": ""
                },
                "aws_launch_configuration.lc": {
                    "type": "aws_launch_configuration",
                    "depends_on": [
                        "aws_iam_instance_profile.ecs_ec2_instance_profile",
                        "aws_security_group.ecs_instance_sg",
                        "data.aws_ami.amazon_ecs_optimized"
                    ],
                    "primary": {
                        "id": "student-hub-prod-ecs-lc-00a205200c204a878fc19dc381",
                        "attributes": {
                            "associate_public_ip_address": "true",
                            "ebs_block_device.#": "0",
                            "ebs_optimized": "false",
                            "enable_monitoring": "true",
                            "ephemeral_block_device.#": "0",
                            "iam_instance_profile": "student-hub-prod-ecs-ec2-instance-profile",
                            "id": "student-hub-prod-ecs-lc-00a205200c204a878fc19dc381",
                            "image_id": "ami-ec33cc96",
                            "instance_type": "t2.medium",
                            "key_name": "student-hub-key",
                            "name": "student-hub-prod-ecs-lc-00a205200c204a878fc19dc381",
                            "name_prefix": "student-hub-prod-ecs-lc-",
                            "root_block_device.#": "1",
                            "root_block_device.0.delete_on_termination": "true",
                            "root_block_device.0.iops": "0",
                            "root_block_device.0.volume_size": "50",
                            "root_block_device.0.volume_type": "gp2",
                            "security_groups.#": "1",
                            "security_groups.1555516374": "sg-540d0f27",
                            "spot_price": "",
                            "user_data": "a3bb8540af16dad71e037305bc50d7107b1228fd",
                            "vpc_classic_link_id": "",
                            "vpc_classic_link_security_groups.#": "0"
                        },
                        "meta": {},
                        "tainted": false
                    },
                    "deposed": [],
                    "provider": ""
                },
                "aws_security_group.cluster_access": {
                    "type": "aws_security_group",
                    "depends_on": [],
                    "primary": {
                        "id": "sg-e4171597",
                        "attributes": {
                            "description": "Managed by Terraform",
                            "egress.#": "0",
                            "id": "sg-e4171597",
                            "ingress.#": "0",
                            "name": "student-hub-prod-cluster_access",
                            "owner_id": "876208251118",
                            "tags.%": "0",
                            "vpc_id": "vpc-b394ecca"
                        },
                        "meta": {},
                        "tainted": false
                    },
                    "deposed": [],
                    "provider": ""
                },
                "aws_security_group.ecs_instance_sg": {
                    "type": "aws_security_group",
                    "depends_on": [
                        "aws_security_group.cluster_access"
                    ],
                    "primary": {
                        "id": "sg-540d0f27",
                        "attributes": {
                            "description": "Controls access to ECS instances",
                            "egress.#": "1",
                            "egress.482069346.cidr_blocks.#": "1",
                            "egress.482069346.cidr_blocks.0": "0.0.0.0/0",
                            "egress.482069346.from_port": "0",
                            "egress.482069346.ipv6_cidr_blocks.#": "0",
                            "egress.482069346.prefix_list_ids.#": "0",
                            "egress.482069346.protocol": "-1",
                            "egress.482069346.security_groups.#": "0",
                            "egress.482069346.self": "false",
                            "egress.482069346.to_port": "0",
                            "id": "sg-540d0f27",
                            "ingress.#": "2",
                            "ingress.1340251820.cidr_blocks.#": "10",
                            "ingress.1340251820.cidr_blocks.0": "38.105.233.129/32",
                            "ingress.1340251820.cidr_blocks.1": "68.129.79.106/31",
                            "ingress.1340251820.cidr_blocks.2": "68.129.79.108/31",
                            "ingress.1340251820.cidr_blocks.3": "68.129.79.110/32",
                            "ingress.1340251820.cidr_blocks.4": "208.105.14.56/29",
                            "ingress.1340251820.cidr_blocks.5": "4.30.90.112/28",
                            "ingress.1340251820.cidr_blocks.6": "128.148.0.0/16",
                            "ingress.1340251820.cidr_blocks.7": "138.16.0.0/16",
                            "ingress.1340251820.cidr_blocks.8": "192.16.234.240/32",
                            "ingress.1340251820.cidr_blocks.9": "192.16.234.243/32",
                            "ingress.1340251820.from_port": "0",
                            "ingress.1340251820.ipv6_cidr_blocks.#": "0",
                            "ingress.1340251820.protocol": "-1",
                            "ingress.1340251820.security_groups.#": "0",
                            "ingress.1340251820.self": "false",
                            "ingress.1340251820.to_port": "0",
                            "ingress.1357592040.cidr_blocks.#": "0",
                            "ingress.1357592040.from_port": "0",
                            "ingress.1357592040.ipv6_cidr_blocks.#": "0",
                            "ingress.1357592040.protocol": "-1",
                            "ingress.1357592040.security_groups.#": "1",
                            "ingress.1357592040.security_groups.2295132393": "sg-e4171597",
                            "ingress.1357592040.self": "false",
                            "ingress.1357592040.to_port": "0",
                            "name": "student-hub-prod-ecs-instance-sg",
                            "owner_id": "876208251118",
                            "tags.%": "0",
                            "vpc_id": "vpc-b394ecca"
                        },
                        "meta": {},
                        "tainted": false
                    },
                    "deposed": [],
                    "provider": ""
                },
                "data.aws_ami.amazon_ecs_optimized": {
                    "type": "aws_ami",
                    "depends_on": [],
                    "primary": {
                        "id": "ami-ec33cc96",
                        "attributes": {
                            "architecture": "x86_64",
                            "block_device_mappings.#": "2",
                            "block_device_mappings.2538004115.device_name": "/dev/xvdcz",
                            "block_device_mappings.2538004115.ebs.%": "5",
                            "block_device_mappings.2538004115.ebs.delete_on_termination": "true",
                            "block_device_mappings.2538004115.ebs.encrypted": "false",
                            "block_device_mappings.2538004115.ebs.iops": "0",
                            "block_device_mappings.2538004115.ebs.volume_size": "22",
                            "block_device_mappings.2538004115.ebs.volume_type": "gp2",
                            "block_device_mappings.2538004115.no_device": "",
                            "block_device_mappings.2538004115.virtual_name": "",
                            "block_device_mappings.340275815.device_name": "/dev/xvda",
                            "block_device_mappings.340275815.ebs.%": "6",
                            "block_device_mappings.340275815.ebs.delete_on_termination": "true",
                            "block_device_mappings.340275815.ebs.encrypted": "false",
                            "block_device_mappings.340275815.ebs.iops": "0",
                            "block_device_mappings.340275815.ebs.snapshot_id": "snap-0bc4a604faa665c51",
                            "block_device_mappings.340275815.ebs.volume_size": "8",
                            "block_device_mappings.340275815.ebs.volume_type": "gp2",
                            "block_device_mappings.340275815.no_device": "",
                            "block_device_mappings.340275815.virtual_name": "",
                            "creation_date": "2017-09-30T18:58:16.000Z",
                            "description": "Amazon Linux AMI 2017.03.g x86_64 ECS HVM GP2",
                            "filter.#": "3",
                            "filter.3386043752.name": "architecture",
                            "filter.3386043752.values.#": "1",
                            "filter.3386043752.values.0": "x86_64",
                            "filter.490168357.name": "virtualization-type",
                            "filter.490168357.values.#": "1",
                            "filter.490168357.values.0": "hvm",
                            "filter.844913035.name": "description",
                            "filter.844913035.values.#": "1",
                            "filter.844913035.values.0": "Amazon Linux AMI * ECS * GP2",
                            "hypervisor": "xen",
                            "id": "ami-ec33cc96",
                            "image_id": "ami-ec33cc96",
                            "image_location": "amazon/amzn-ami-2017.03.g-amazon-ecs-optimized",
                            "image_owner_alias": "amazon",
                            "image_type": "machine",
                            "most_recent": "true",
                            "name": "amzn-ami-2017.03.g-amazon-ecs-optimized",
                            "owner_id": "591542846629",
                            "owners.#": "1",
                            "owners.0": "591542846629",
                            "product_codes.#": "0",
                            "public": "true",
                            "root_device_name": "/dev/xvda",
                            "root_device_type": "ebs",
                            "sriov_net_support": "simple",
                            "state": "available",
                            "state_reason.%": "2",
                            "state_reason.code": "UNSET",
                            "state_reason.message": "UNSET",
                            "tags.#": "0",
                            "virtualization_type": "hvm"
                        },
                        "meta": {},
                        "tainted": false
                    },
                    "deposed": [],
                    "provider": ""
                },
                "data.aws_iam_policy_document.ecs_ec2_service_role_policy": {
                    "type": "aws_iam_policy_document",
                    "depends_on": [],
                    "primary": {
                        "id": "1903849331",
                        "attributes": {
                            "id": "1903849331",
                            "json": "{\n  \"Version\": \"2012-10-17\",\n  \"Statement\": [\n    {\n      \"Sid\": \"\",\n      \"Effect\": \"Allow\",\n      \"Action\": \"sts:AssumeRole\",\n      \"Principal\": {\n        \"Service\": \"ec2.amazonaws.com\"\n      }\n    }\n  ]\n}",
                            "statement.#": "1",
                            "statement.0.actions.#": "1",
                            "statement.0.actions.2528466339": "sts:AssumeRole",
                            "statement.0.condition.#": "0",
                            "statement.0.effect": "Allow",
                            "statement.0.not_actions.#": "0",
                            "statement.0.not_principals.#": "0",
                            "statement.0.not_resources.#": "0",
                            "statement.0.principals.#": "1",
                            "statement.0.principals.1134724139.identifiers.#": "1",
                            "statement.0.principals.1134724139.identifiers.3655884555": "ec2.amazonaws.com",
                            "statement.0.principals.1134724139.type": "Service",
                            "statement.0.resources.#": "0",
                            "statement.0.sid": ""
                        },
                        "meta": {},
                        "tainted": false
                    },
                    "deposed": [],
                    "provider": ""
                },
                "data.aws_iam_policy_document.ecs_service_role_policy": {
                    "type": "aws_iam_policy_document",
                    "depends_on": [],
                    "primary": {
                        "id": "3622649364",
                        "attributes": {
                            "id": "3622649364",
                            "json": "{\n  \"Version\": \"2012-10-17\",\n  \"Statement\": [\n    {\n      \"Sid\": \"\",\n      \"Effect\": \"Allow\",\n      \"Action\": \"sts:AssumeRole\",\n      \"Principal\": {\n        \"Service\": \"ecs.amazonaws.com\"\n      }\n    }\n  ]\n}",
                            "statement.#": "1",
                            "statement.0.actions.#": "1",
                            "statement.0.actions.2528466339": "sts:AssumeRole",
                            "statement.0.condition.#": "0",
                            "statement.0.effect": "Allow",
                            "statement.0.not_actions.#": "0",
                            "statement.0.not_principals.#": "0",
                            "statement.0.not_resources.#": "0",
                            "statement.0.principals.#": "1",
                            "statement.0.principals.1113412664.identifiers.#": "1",
                            "statement.0.principals.1113412664.identifiers.1509832800": "ecs.amazonaws.com",
                            "statement.0.principals.1113412664.type": "Service",
                            "statement.0.resources.#": "0",
                            "statement.0.sid": ""
                        },
                        "meta": {},
                        "tainted": false
                    },
                    "deposed": [],
                    "provider": ""
                }
            },
            "depends_on": []
        },
        {
            "path": [
                "root",
                "prod",
                "hub-frontend"
            ],
            "outputs": {
                "alb_arn": {
                    "sensitive": false,
                    "type": "string",
                    "value": "arn:aws:elasticloadbalancing:us-east-1:876208251118:loadbalancer/app/hub-frontend-prod/2801e54553b1c3ef"
                },
                "alb_dns_name": {
                    "sensitive": false,
                    "type": "string",
                    "value": "hub-frontend-prod-387541778.us-east-1.elb.amazonaws.com"
                },
                "alb_target_group_arn": {
                    "sensitive": false,
                    "type": "string",
                    "value": "arn:aws:elasticloadbalancing:us-east-1:876208251118:targetgroup/tg-hub-frontend-prod/e2bdf46a18837417"
                }
            },
            "resources": {},
            "depends_on": []
        },
        {
            "path": [
                "root",
                "prod",
                "hub-services"
            ],
            "outputs": {
                "alb_arn": {
                    "sensitive": false,
                    "type": "string",
                    "value": "arn:aws:elasticloadbalancing:us-east-1:876208251118:loadbalancer/app/hub-services-prod/e5efdadae08e8bb9"
                },
                "alb_dns_name": {
                    "sensitive": false,
                    "type": "string",
                    "value": "hub-services-prod-322122162.us-east-1.elb.amazonaws.com"
                },
                "alb_target_group_arn": {
                    "sensitive": false,
                    "type": "string",
                    "value": "arn:aws:elasticloadbalancing:us-east-1:876208251118:targetgroup/tg-hub-services-prod/4db6e40e060ffce6"
                }
            },
            "resources": {},
            "depends_on": []
        },
        {
            "path": [
                "root",
                "prod",
                "service_config"
            ],
            "outputs": {
                "config_map": {
                    "sensitive": false,
                    "type": "map",
                    "value": {
                        "ecs_cluster_arn": "arn:aws:ecs:us-east-1:876208251118:cluster/student-hub-prod",
                        "ecs_service_role_arn": "arn:aws:iam::876208251118:role/student-hub-prod-ecs-service-role",
                        "public_subnet_ids": "subnet-24133e6c,subnet-584d2e02",
                        "vpc_id": "vpc-b394ecca"
                    }
                }
            },
            "resources": {},
            "depends_on": []
        },
        {
            "path": [
                "root",
                "qa-standalone",
                "ecs_cluster"
            ],
            "outputs": {
                "cluster_access_security_group_id": {
                    "sensitive": false,
                    "type": "string",
                    "value": "sg-25adeb56"
                },
                "cluster_arn": {
                    "sensitive": false,
                    "type": "string",
                    "value": "arn:aws:ecs:us-east-1:876208251118:cluster/student-hub-qa-standalone"
                },
                "service_role_arn": {
                    "sensitive": false,
                    "type": "string",
                    "value": "arn:aws:iam::876208251118:role/student-hub-qa-standalone-ecs-service-role"
                }
            },
            "resources": {},
            "depends_on": []
        },
        {
            "path": [
                "root",
                "qa-standalone",
                "environment"
            ],
            "outputs": {
                "hub-frontend_url": {
                    "sensitive": false,
                    "type": "string",
                    "value": "hub-frontend-qa-standalone-1951429906.us-east-1.elb.amazonaws.com"
                }
            },
            "resources": {},
            "depends_on": []
        },
        {
            "path": [
                "root",
                "qa-standalone",
                "hub-frontend"
            ],
            "outputs": {
                "alb_dns_name": {
                    "sensitive": false,
                    "type": "string",
                    "value": "hub-frontend-qa-standalone-1951429906.us-east-1.elb.amazonaws.com"
                }
            },
            "resources": {},
            "depends_on": []
        },
        {
            "path": [
                "root",
                "qa-standalone",
                "hub-services"
            ],
            "outputs": {
                "alb_dns_name": {
                    "sensitive": false,
                    "type": "string",
                    "value": "hub-services-qa-standalone-27920905.us-east-1.elb.amazonaws.com"
                }
            },
            "resources": {},
            "depends_on": []
        },
        {
            "path": [
                "root",
                "qa-standalone",
                "service_config"
            ],
            "outputs": {
                "config_map": {
                    "sensitive": false,
                    "type": "map",
                    "value": {
                        "ecs_cluster_arn": "arn:aws:ecs:us-east-1:876208251118:cluster/student-hub-qa-standalone",
                        "ecs_service_role_arn": "arn:aws:iam::876208251118:role/student-hub-qa-standalone-ecs-service-role",
                        "public_subnet_ids": "subnet-24133e6c,subnet-584d2e02",
                        "security_groups": "sg-63bf5d13,sg-25adeb56",
                        "vpc_id": "vpc-b394ecca"
                    }
                }
            },
            "resources": {},
            "depends_on": []
        },
        {
            "path": [
                "root",
                "qa",
                "ecs_cluster"
            ],
            "outputs": {
                "cluster_access_security_group_id": {
                    "sensitive": false,
                    "type": "string",
                    "value": "sg-7ca1f30f"
                },
                "cluster_arn": {
                    "sensitive": false,
                    "type": "string",
                    "value": "arn:aws:ecs:us-east-1:876208251118:cluster/student-hub-qa"
                },
                "ecs_instance_security_group_id": {
                    "sensitive": false,
                    "type": "string",
                    "value": "sg-66bbe915"
                },
                "service_role_arn": {
                    "sensitive": false,
                    "type": "string",
                    "value": "arn:aws:iam::876208251118:role/student-hub-qa-ecs-service-role"
                }
            },
            "resources": {
                "aws_autoscaling_group.asg": {
                    "type": "aws_autoscaling_group",
                    "depends_on": [
                        "aws_launch_configuration.lc"
                    ],
                    "primary": {
                        "id": "student-hub-qa-ecs-asg",
                        "attributes": {
                            "arn": "arn:aws:autoscaling:us-east-1:876208251118:autoScalingGroup:c81d1463-4fb7-4082-9274-39c2cb8a4f2b:autoScalingGroupName/student-hub-qa-ecs-asg",
                            "availability_zones.#": "2",
                            "availability_zones.1305112097": "us-east-1b",
                            "availability_zones.3569565595": "us-east-1a",
                            "default_cooldown": "300",
                            "desired_capacity": "2",
                            "force_delete": "false",
                            "health_check_grace_period": "0",
                            "health_check_type": "EC2",
                            "id": "student-hub-qa-ecs-asg",
                            "launch_configuration": "student-hub-qa-ecs-lc-001c830ee4f02ec3e39813ee35",
                            "load_balancers.#": "0",
                            "max_size": "4",
                            "metrics_granularity": "1Minute",
                            "min_size": "0",
                            "name": "student-hub-qa-ecs-asg",
                            "placement_group": "",
                            "protect_from_scale_in": "false",
                            "suspended_processes.#": "0",
                            "tag.#": "0",
                            "target_group_arns.#": "0",
                            "termination_policies.#": "0",
                            "vpc_zone_identifier.#": "2",
                            "vpc_zone_identifier.171620605": "subnet-584d2e02",
                            "vpc_zone_identifier.4012636281": "subnet-24133e6c",
                            "wait_for_capacity_timeout": "10m"
                        },
                        "meta": {},
                        "tainted": false
                    },
                    "deposed": [],
                    "provider": ""
                },
                "aws_ecs_cluster.main": {
                    "type": "aws_ecs_cluster",
                    "depends_on": [],
                    "primary": {
                        "id": "arn:aws:ecs:us-east-1:876208251118:cluster/student-hub-qa",
                        "attributes": {
                            "id": "arn:aws:ecs:us-east-1:876208251118:cluster/student-hub-qa",
                            "name": "student-hub-qa"
                        },
                        "meta": {},
                        "tainted": false
                    },
                    "deposed": [],
                    "provider": ""
                },
                "aws_iam_instance_profile.ecs_ec2_instance_profile": {
                    "type": "aws_iam_instance_profile",
                    "depends_on": [
                        "aws_iam_role.ecs_ec2_service_role"
                    ],
                    "primary": {
                        "id": "student-hub-qa-ecs-ec2-instance-profile",
                        "attributes": {
                            "arn": "arn:aws:iam::876208251118:instance-profile/student-hub-qa-ecs-ec2-instance-profile",
                            "id": "student-hub-qa-ecs-ec2-instance-profile",
                            "name": "student-hub-qa-ecs-ec2-instance-profile",
                            "path": "/",
                            "role": "student-hub-qa-ecs-ec2-service-role",
                            "roles.#": "1",
                            "roles.331419157": "student-hub-qa-ecs-ec2-service-role",
                            "unique_id": "AIPAIQWJOPNAWVAXXQ36M"
                        },
                        "meta": {},
                        "tainted": false
                    },
                    "deposed": [],
                    "provider": ""
                },
                "aws_iam_role.ecs_ec2_service_role": {
                    "type": "aws_iam_role",
                    "depends_on": [
                        "data.aws_iam_policy_document.ecs_ec2_service_role_policy"
                    ],
                    "primary": {
                        "id": "student-hub-qa-ecs-ec2-service-role",
                        "attributes": {
                            "arn": "arn:aws:iam::876208251118:role/student-hub-qa-ecs-ec2-service-role",
                            "assume_role_policy": "{\"Version\":\"2012-10-17\",\"Statement\":[{\"Sid\":\"\",\"Effect\":\"Allow\",\"Principal\":{\"Service\":\"ec2.amazonaws.com\"},\"Action\":\"sts:AssumeRole\"}]}",
                            "create_date": "2017-09-29T16:34:03Z",
                            "id": "student-hub-qa-ecs-ec2-service-role",
                            "name": "student-hub-qa-ecs-ec2-service-role",
                            "path": "/",
                            "unique_id": "AROAJRQ43NMBBI5PEQAQC"
                        },
                        "meta": {},
                        "tainted": false
                    },
                    "deposed": [],
                    "provider": ""
                },
                "aws_iam_role.ecs_service_role": {
                    "type": "aws_iam_role",
                    "depends_on": [
                        "data.aws_iam_policy_document.ecs_service_role_policy"
                    ],
                    "primary": {
                        "id": "student-hub-qa-ecs-service-role",
                        "attributes": {
                            "arn": "arn:aws:iam::876208251118:role/student-hub-qa-ecs-service-role",
                            "assume_role_policy": "{\"Version\":\"2012-10-17\",\"Statement\":[{\"Sid\":\"\",\"Effect\":\"Allow\",\"Principal\":{\"Service\":\"ecs.amazonaws.com\"},\"Action\":\"sts:AssumeRole\"}]}",
                            "create_date": "2017-09-29T16:34:03Z",
                            "id": "student-hub-qa-ecs-service-role",
                            "name": "student-hub-qa-ecs-service-role",
                            "path": "/",
                            "unique_id": "AROAIM5OQMOP2DUAO7Z5U"
                        },
                        "meta": {},
                        "tainted": false
                    },
                    "deposed": [],
                    "provider": ""
                },
                "aws_iam_role_policy.ecs_ec2_cloudwatchlogs_access": {
                    "type": "aws_iam_role_policy",
                    "depends_on": [
                        "aws_iam_role.ecs_ec2_service_role"
                    ],
                    "primary": {
                        "id": "student-hub-qa-ecs-ec2-service-role:student-hub-qa-ecs-ec2-cloudwatchlogs-access",
                        "attributes": {
                            "id": "student-hub-qa-ecs-ec2-service-role:student-hub-qa-ecs-ec2-cloudwatchlogs-access",
                            "name": "student-hub-qa-ecs-ec2-cloudwatchlogs-access",
                            "policy": "{\n  \"Statement\": [\n    {\n      \"Effect\": \"Allow\",\n      \"Action\": [\n        \"logs:CreateLogGroup\",\n        \"logs:CreateLogStream\",\n        \"logs:PutLogEvents\",\n        \"logs:DescribeLogStreams\"\n      ],\n      \"Resource\": [\n        \"arn:aws:logs:*:*:*\"\n      ]\n    }\n  ]\n}\n",
                            "role": "student-hub-qa-ecs-ec2-service-role"
                        },
                        "meta": {},
                        "tainted": false
                    },
                    "deposed": [],
                    "provider": ""
                },
                "aws_iam_role_policy_attachment.ecs_ec2_service_role_permissions": {
                    "type": "aws_iam_role_policy_attachment",
                    "depends_on": [
                        "aws_iam_role.ecs_ec2_service_role"
                    ],
                    "primary": {
                        "id": "student-hub-qa-ecs-ec2-service-role-0069f9536e5210fb9b1ba01ff5",
                        "attributes": {
                            "id": "student-hub-qa-ecs-ec2-service-role-0069f9536e5210fb9b1ba01ff5",
                            "policy_arn": "arn:aws:iam::aws:policy/service-role/AmazonEC2ContainerServiceforEC2Role",
                            "role": "student-hub-qa-ecs-ec2-service-role"
                        },
                        "meta": {},
                        "tainted": false
                    },
                    "deposed": [],
                    "provider": ""
                },
                "aws_iam_role_policy_attachment.ecs_service_role_permissions": {
                    "type": "aws_iam_role_policy_attachment",
                    "depends_on": [
                        "aws_iam_role.ecs_service_role"
                    ],
                    "primary": {
                        "id": "student-hub-qa-ecs-service-role-0069f9536e5210fb9b1ba01ff7",
                        "attributes": {
                            "id": "student-hub-qa-ecs-service-role-0069f9536e5210fb9b1ba01ff7",
                            "policy_arn": "arn:aws:iam::aws:policy/service-role/AmazonEC2ContainerServiceRole",
                            "role": "student-hub-qa-ecs-service-role"
                        },
                        "meta": {},
                        "tainted": false
                    },
                    "deposed": [],
                    "provider": ""
                },
                "aws_launch_configuration.lc": {
                    "type": "aws_launch_configuration",
                    "depends_on": [],
                    "primary": {
                        "id": "student-hub-qa-ecs-lc-001c830ee4f02ec3e39813ee35",
                        "attributes": {
                            "associate_public_ip_address": "true",
                            "ebs_block_device.#": "0",
                            "ebs_optimized": "false",
                            "enable_monitoring": "true",
                            "ephemeral_block_device.#": "0",
                            "iam_instance_profile": "student-hub-qa-ecs-ec2-instance-profile",
                            "id": "student-hub-qa-ecs-lc-001c830ee4f02ec3e39813ee35",
                            "image_id": "ami-ec33cc96",
                            "instance_type": "t2.small",
                            "key_name": "student-hub-key",
                            "name": "student-hub-qa-ecs-lc-001c830ee4f02ec3e39813ee35",
                            "name_prefix": "student-hub-qa-ecs-lc-",
                            "root_block_device.#": "1",
                            "root_block_device.0.delete_on_termination": "true",
                            "root_block_device.0.iops": "0",
                            "root_block_device.0.volume_size": "50",
                            "root_block_device.0.volume_type": "gp2",
                            "security_groups.#": "1",
                            "security_groups.3585189298": "sg-66bbe915",
                            "spot_price": "",
                            "user_data": "2b9914e17fd05820b78d673069b3af736f7d2362",
                            "vpc_classic_link_id": "",
                            "vpc_classic_link_security_groups.#": "0"
                        },
                        "meta": {},
                        "tainted": false
                    },
                    "deposed": [],
                    "provider": ""
                },
                "aws_security_group.cluster_access": {
                    "type": "aws_security_group",
                    "depends_on": [],
                    "primary": {
                        "id": "sg-7ca1f30f",
                        "attributes": {
                            "description": "Managed by Terraform",
                            "egress.#": "0",
                            "id": "sg-7ca1f30f",
                            "ingress.#": "0",
                            "name": "student-hub-qa-cluster_access",
                            "owner_id": "876208251118",
                            "tags.%": "0",
                            "vpc_id": "vpc-b394ecca"
                        },
                        "meta": {},
                        "tainted": false
                    },
                    "deposed": [],
                    "provider": ""
                },
                "aws_security_group.ecs_instance_sg": {
                    "type": "aws_security_group",
                    "depends_on": [
                        "aws_security_group.cluster_access"
                    ],
                    "primary": {
                        "id": "sg-66bbe915",
                        "attributes": {
                            "description": "Controls access to ECS instances",
                            "egress.#": "1",
                            "egress.482069346.cidr_blocks.#": "1",
                            "egress.482069346.cidr_blocks.0": "0.0.0.0/0",
                            "egress.482069346.from_port": "0",
                            "egress.482069346.ipv6_cidr_blocks.#": "0",
                            "egress.482069346.prefix_list_ids.#": "0",
                            "egress.482069346.protocol": "-1",
                            "egress.482069346.security_groups.#": "0",
                            "egress.482069346.self": "false",
                            "egress.482069346.to_port": "0",
                            "id": "sg-66bbe915",
                            "ingress.#": "2",
                            "ingress.1340251820.cidr_blocks.#": "10",
                            "ingress.1340251820.cidr_blocks.0": "38.105.233.129/32",
                            "ingress.1340251820.cidr_blocks.1": "68.129.79.106/31",
                            "ingress.1340251820.cidr_blocks.2": "68.129.79.108/31",
                            "ingress.1340251820.cidr_blocks.3": "68.129.79.110/32",
                            "ingress.1340251820.cidr_blocks.4": "208.105.14.56/29",
                            "ingress.1340251820.cidr_blocks.5": "4.30.90.112/28",
                            "ingress.1340251820.cidr_blocks.6": "128.148.0.0/16",
                            "ingress.1340251820.cidr_blocks.7": "138.16.0.0/16",
                            "ingress.1340251820.cidr_blocks.8": "192.16.234.240/32",
                            "ingress.1340251820.cidr_blocks.9": "192.16.234.243/32",
                            "ingress.1340251820.from_port": "0",
                            "ingress.1340251820.ipv6_cidr_blocks.#": "0",
                            "ingress.1340251820.protocol": "-1",
                            "ingress.1340251820.security_groups.#": "0",
                            "ingress.1340251820.self": "false",
                            "ingress.1340251820.to_port": "0",
                            "ingress.2768877552.cidr_blocks.#": "0",
                            "ingress.2768877552.from_port": "0",
                            "ingress.2768877552.ipv6_cidr_blocks.#": "0",
                            "ingress.2768877552.protocol": "-1",
                            "ingress.2768877552.security_groups.#": "1",
                            "ingress.2768877552.security_groups.1703591870": "sg-7ca1f30f",
                            "ingress.2768877552.self": "false",
                            "ingress.2768877552.to_port": "0",
                            "name": "student-hub-qa-ecs-instance-sg",
                            "owner_id": "876208251118",
                            "tags.%": "0",
                            "vpc_id": "vpc-b394ecca"
                        },
                        "meta": {},
                        "tainted": false
                    },
                    "deposed": [],
                    "provider": ""
                },
                "data.aws_ami.amazon_ecs_optimized": {
                    "type": "aws_ami",
                    "depends_on": [],
                    "primary": {
                        "id": "ami-ec33cc96",
                        "attributes": {
                            "architecture": "x86_64",
                            "block_device_mappings.#": "2",
                            "block_device_mappings.2538004115.device_name": "/dev/xvdcz",
                            "block_device_mappings.2538004115.ebs.%": "5",
                            "block_device_mappings.2538004115.ebs.delete_on_termination": "true",
                            "block_device_mappings.2538004115.ebs.encrypted": "false",
                            "block_device_mappings.2538004115.ebs.iops": "0",
                            "block_device_mappings.2538004115.ebs.volume_size": "22",
                            "block_device_mappings.2538004115.ebs.volume_type": "gp2",
                            "block_device_mappings.2538004115.no_device": "",
                            "block_device_mappings.2538004115.virtual_name": "",
                            "block_device_mappings.340275815.device_name": "/dev/xvda",
                            "block_device_mappings.340275815.ebs.%": "6",
                            "block_device_mappings.340275815.ebs.delete_on_termination": "true",
                            "block_device_mappings.340275815.ebs.encrypted": "false",
                            "block_device_mappings.340275815.ebs.iops": "0",
                            "block_device_mappings.340275815.ebs.snapshot_id": "snap-0bc4a604faa665c51",
                            "block_device_mappings.340275815.ebs.volume_size": "8",
                            "block_device_mappings.340275815.ebs.volume_type": "gp2",
                            "block_device_mappings.340275815.no_device": "",
                            "block_device_mappings.340275815.virtual_name": "",
                            "creation_date": "2017-09-30T18:58:16.000Z",
                            "description": "Amazon Linux AMI 2017.03.g x86_64 ECS HVM GP2",
                            "filter.#": "3",
                            "filter.3386043752.name": "architecture",
                            "filter.3386043752.values.#": "1",
                            "filter.3386043752.values.0": "x86_64",
                            "filter.490168357.name": "virtualization-type",
                            "filter.490168357.values.#": "1",
                            "filter.490168357.values.0": "hvm",
                            "filter.844913035.name": "description",
                            "filter.844913035.values.#": "1",
                            "filter.844913035.values.0": "Amazon Linux AMI * ECS * GP2",
                            "hypervisor": "xen",
                            "id": "ami-ec33cc96",
                            "image_id": "ami-ec33cc96",
                            "image_location": "amazon/amzn-ami-2017.03.g-amazon-ecs-optimized",
                            "image_owner_alias": "amazon",
                            "image_type": "machine",
                            "most_recent": "true",
                            "name": "amzn-ami-2017.03.g-amazon-ecs-optimized",
                            "owner_id": "591542846629",
                            "owners.#": "1",
                            "owners.0": "591542846629",
                            "product_codes.#": "0",
                            "public": "true",
                            "root_device_name": "/dev/xvda",
                            "root_device_type": "ebs",
                            "sriov_net_support": "simple",
                            "state": "available",
                            "state_reason.%": "2",
                            "state_reason.code": "UNSET",
                            "state_reason.message": "UNSET",
                            "tags.#": "0",
                            "virtualization_type": "hvm"
                        },
                        "meta": {},
                        "tainted": false
                    },
                    "deposed": [],
                    "provider": ""
                },
                "data.aws_iam_policy_document.ecs_ec2_service_role_policy": {
                    "type": "aws_iam_policy_document",
                    "depends_on": [],
                    "primary": {
                        "id": "1903849331",
                        "attributes": {
                            "id": "1903849331",
                            "json": "{\n  \"Version\": \"2012-10-17\",\n  \"Statement\": [\n    {\n      \"Sid\": \"\",\n      \"Effect\": \"Allow\",\n      \"Action\": \"sts:AssumeRole\",\n      \"Principal\": {\n        \"Service\": \"ec2.amazonaws.com\"\n      }\n    }\n  ]\n}",
                            "statement.#": "1",
                            "statement.0.actions.#": "1",
                            "statement.0.actions.2528466339": "sts:AssumeRole",
                            "statement.0.condition.#": "0",
                            "statement.0.effect": "Allow",
                            "statement.0.not_actions.#": "0",
                            "statement.0.not_principals.#": "0",
                            "statement.0.not_resources.#": "0",
                            "statement.0.principals.#": "1",
                            "statement.0.principals.1134724139.identifiers.#": "1",
                            "statement.0.principals.1134724139.identifiers.3655884555": "ec2.amazonaws.com",
                            "statement.0.principals.1134724139.type": "Service",
                            "statement.0.resources.#": "0",
                            "statement.0.sid": ""
                        },
                        "meta": {},
                        "tainted": false
                    },
                    "deposed": [],
                    "provider": ""
                },
                "data.aws_iam_policy_document.ecs_service_role_policy": {
                    "type": "aws_iam_policy_document",
                    "depends_on": [],
                    "primary": {
                        "id": "3622649364",
                        "attributes": {
                            "id": "3622649364",
                            "json": "{\n  \"Version\": \"2012-10-17\",\n  \"Statement\": [\n    {\n      \"Sid\": \"\",\n      \"Effect\": \"Allow\",\n      \"Action\": \"sts:AssumeRole\",\n      \"Principal\": {\n        \"Service\": \"ecs.amazonaws.com\"\n      }\n    }\n  ]\n}",
                            "statement.#": "1",
                            "statement.0.actions.#": "1",
                            "statement.0.actions.2528466339": "sts:AssumeRole",
                            "statement.0.condition.#": "0",
                            "statement.0.effect": "Allow",
                            "statement.0.not_actions.#": "0",
                            "statement.0.not_principals.#": "0",
                            "statement.0.not_resources.#": "0",
                            "statement.0.principals.#": "1",
                            "statement.0.principals.1113412664.identifiers.#": "1",
                            "statement.0.principals.1113412664.identifiers.1509832800": "ecs.amazonaws.com",
                            "statement.0.principals.1113412664.type": "Service",
                            "statement.0.resources.#": "0",
                            "statement.0.sid": ""
                        },
                        "meta": {},
                        "tainted": false
                    },
                    "deposed": [],
                    "provider": ""
                }
            },
            "depends_on": []
        },
        {
            "path": [
                "root",
                "qa",
                "hub-frontend"
            ],
            "outputs": {
                "alb_arn": {
                    "sensitive": false,
                    "type": "string",
                    "value": "arn:aws:elasticloadbalancing:us-east-1:876208251118:loadbalancer/app/hub-frontend-qa/05d759ad9a512409"
                },
                "alb_dns_name": {
                    "sensitive": false,
                    "type": "string",
                    "value": "hub-frontend-qa-1514354961.us-east-1.elb.amazonaws.com"
                },
                "alb_target_group_arn": {
                    "sensitive": false,
                    "type": "string",
                    "value": "arn:aws:elasticloadbalancing:us-east-1:876208251118:targetgroup/tg-hub-frontend-qa/17b3a55c3ace82aa"
                }
            },
            "resources": {},
            "depends_on": []
        },
        {
            "path": [
                "root",
                "qa",
                "hub-services"
            ],
            "outputs": {
                "alb_arn": {
                    "sensitive": false,
                    "type": "string",
                    "value": "arn:aws:elasticloadbalancing:us-east-1:876208251118:loadbalancer/app/hub-services-qa/0b19a0cb4748b047"
                },
                "alb_dns_name": {
                    "sensitive": false,
                    "type": "string",
                    "value": "hub-services-qa-1836031278.us-east-1.elb.amazonaws.com"
                },
                "alb_target_group_arn": {
                    "sensitive": false,
                    "type": "string",
                    "value": "arn:aws:elasticloadbalancing:us-east-1:876208251118:targetgroup/tg-hub-services-qa/00924771ee6a705a"
                }
            },
            "resources": {},
            "depends_on": []
        },
        {
            "path": [
                "root",
                "qa",
                "service_config"
            ],
            "outputs": {
                "config_map": {
                    "sensitive": false,
                    "type": "map",
                    "value": {
                        "ecs_cluster_arn": "arn:aws:ecs:us-east-1:876208251118:cluster/student-hub-qa",
                        "ecs_service_role_arn": "arn:aws:iam::876208251118:role/student-hub-qa-ecs-service-role",
                        "public_subnet_ids": "subnet-24133e6c,subnet-584d2e02",
                        "vpc_id": "vpc-b394ecca"
                    }
                }
            },
            "resources": {},
            "depends_on": []
        },
        {
            "path": [
                "root",
                "staging",
                "ecs_cluster"
            ],
            "outputs": {
                "cluster_access_security_group_id": {
                    "sensitive": false,
                    "type": "string",
                    "value": "sg-1b164968"
                },
                "cluster_arn": {
                    "sensitive": false,
                    "type": "string",
                    "value": "arn:aws:ecs:us-east-1:876208251118:cluster/student-hub-staging"
                },
                "ecs_instance_security_group_id": {
                    "sensitive": false,
                    "type": "string",
                    "value": "sg-21194652"
                },
                "service_role_arn": {
                    "sensitive": false,
                    "type": "string",
                    "value": "arn:aws:iam::876208251118:role/student-hub-staging-ecs-service-role"
                }
            },
            "resources": {
                "aws_autoscaling_group.asg": {
                    "type": "aws_autoscaling_group",
                    "depends_on": [
                        "aws_launch_configuration.lc"
                    ],
                    "primary": {
                        "id": "student-hub-staging-ecs-asg",
                        "attributes": {
                            "arn": "arn:aws:autoscaling:us-east-1:876208251118:autoScalingGroup:c6e26256-65ff-4b06-92e6-d1dba17425ed:autoScalingGroupName/student-hub-staging-ecs-asg",
                            "availability_zones.#": "2",
                            "availability_zones.1305112097": "us-east-1b",
                            "availability_zones.3569565595": "us-east-1a",
                            "default_cooldown": "300",
                            "desired_capacity": "2",
                            "force_delete": "false",
                            "health_check_grace_period": "0",
                            "health_check_type": "EC2",
                            "id": "student-hub-staging-ecs-asg",
                            "launch_configuration": "student-hub-staging-ecs-lc-001c830ee4f02ec3e39813ee36",
                            "load_balancers.#": "0",
                            "max_size": "4",
                            "metrics_granularity": "1Minute",
                            "min_size": "0",
                            "name": "student-hub-staging-ecs-asg",
                            "placement_group": "",
                            "protect_from_scale_in": "false",
                            "suspended_processes.#": "0",
                            "tag.#": "0",
                            "target_group_arns.#": "0",
                            "termination_policies.#": "0",
                            "vpc_zone_identifier.#": "2",
                            "vpc_zone_identifier.171620605": "subnet-584d2e02",
                            "vpc_zone_identifier.4012636281": "subnet-24133e6c",
                            "wait_for_capacity_timeout": "10m"
                        },
                        "meta": {},
                        "tainted": false
                    },
                    "deposed": [],
                    "provider": ""
                },
                "aws_ecs_cluster.main": {
                    "type": "aws_ecs_cluster",
                    "depends_on": [],
                    "primary": {
                        "id": "arn:aws:ecs:us-east-1:876208251118:cluster/student-hub-staging",
                        "attributes": {
                            "id": "arn:aws:ecs:us-east-1:876208251118:cluster/student-hub-staging",
                            "name": "student-hub-staging"
                        },
                        "meta": {},
                        "tainted": false
                    },
                    "deposed": [],
                    "provider": ""
                },
                "aws_iam_instance_profile.ecs_ec2_instance_profile": {
                    "type": "aws_iam_instance_profile",
                    "depends_on": [
                        "aws_iam_role.ecs_ec2_service_role"
                    ],
                    "primary": {
                        "id": "student-hub-staging-ecs-ec2-instance-profile",
                        "attributes": {
                            "arn": "arn:aws:iam::876208251118:instance-profile/student-hub-staging-ecs-ec2-instance-profile",
                            "id": "student-hub-staging-ecs-ec2-instance-profile",
                            "name": "student-hub-staging-ecs-ec2-instance-profile",
                            "path": "/",
                            "role": "student-hub-staging-ecs-ec2-service-role",
                            "roles.#": "1",
                            "roles.780376507": "student-hub-staging-ecs-ec2-service-role",
                            "unique_id": "AIPAIRM2EE5OQYQLSXYTU"
                        },
                        "meta": {},
                        "tainted": false
                    },
                    "deposed": [],
                    "provider": ""
                },
                "aws_iam_role.ecs_ec2_service_role": {
                    "type": "aws_iam_role",
                    "depends_on": [
                        "data.aws_iam_policy_document.ecs_ec2_service_role_policy"
                    ],
                    "primary": {
                        "id": "student-hub-staging-ecs-ec2-service-role",
                        "attributes": {
                            "arn": "arn:aws:iam::876208251118:role/student-hub-staging-ecs-ec2-service-role",
                            "assume_role_policy": "{\"Version\":\"2012-10-17\",\"Statement\":[{\"Sid\":\"\",\"Effect\":\"Allow\",\"Principal\":{\"Service\":\"ec2.amazonaws.com\"},\"Action\":\"sts:AssumeRole\"}]}",
                            "create_date": "2017-09-29T22:13:06Z",
                            "id": "student-hub-staging-ecs-ec2-service-role",
                            "name": "student-hub-staging-ecs-ec2-service-role",
                            "path": "/",
                            "unique_id": "AROAJY5LLKJQ6WAHHZ4AI"
                        },
                        "meta": {},
                        "tainted": false
                    },
                    "deposed": [],
                    "provider": ""
                },
                "aws_iam_role.ecs_service_role": {
                    "type": "aws_iam_role",
                    "depends_on": [
                        "data.aws_iam_policy_document.ecs_service_role_policy"
                    ],
                    "primary": {
                        "id": "student-hub-staging-ecs-service-role",
                        "attributes": {
                            "arn": "arn:aws:iam::876208251118:role/student-hub-staging-ecs-service-role",
                            "assume_role_policy": "{\"Version\":\"2012-10-17\",\"Statement\":[{\"Sid\":\"\",\"Effect\":\"Allow\",\"Principal\":{\"Service\":\"ecs.amazonaws.com\"},\"Action\":\"sts:AssumeRole\"}]}",
                            "create_date": "2017-09-29T22:13:06Z",
                            "id": "student-hub-staging-ecs-service-role",
                            "name": "student-hub-staging-ecs-service-role",
                            "path": "/",
                            "unique_id": "AROAJIHRF575GGSB2DLXS"
                        },
                        "meta": {},
                        "tainted": false
                    },
                    "deposed": [],
                    "provider": ""
                },
                "aws_iam_role_policy.ecs_ec2_cloudwatchlogs_access": {
                    "type": "aws_iam_role_policy",
                    "depends_on": [
                        "aws_iam_role.ecs_ec2_service_role"
                    ],
                    "primary": {
                        "id": "student-hub-staging-ecs-ec2-service-role:student-hub-staging-ecs-ec2-cloudwatchlogs-access",
                        "attributes": {
                            "id": "student-hub-staging-ecs-ec2-service-role:student-hub-staging-ecs-ec2-cloudwatchlogs-access",
                            "name": "student-hub-staging-ecs-ec2-cloudwatchlogs-access",
                            "policy": "{\n  \"Statement\": [\n    {\n      \"Effect\": \"Allow\",\n      \"Action\": [\n        \"logs:CreateLogGroup\",\n        \"logs:CreateLogStream\",\n        \"logs:PutLogEvents\",\n        \"logs:DescribeLogStreams\"\n      ],\n      \"Resource\": [\n        \"arn:aws:logs:*:*:*\"\n      ]\n    }\n  ]\n}\n",
                            "role": "student-hub-staging-ecs-ec2-service-role"
                        },
                        "meta": {},
                        "tainted": false
                    },
                    "deposed": [],
                    "provider": ""
                },
                "aws_iam_role_policy_attachment.ecs_ec2_service_role_permissions": {
                    "type": "aws_iam_role_policy_attachment",
                    "depends_on": [
                        "aws_iam_role.ecs_ec2_service_role"
                    ],
                    "primary": {
                        "id": "student-hub-staging-ecs-ec2-service-role-00f0b0409f097409d6589f254c",
                        "attributes": {
                            "id": "student-hub-staging-ecs-ec2-service-role-00f0b0409f097409d6589f254c",
                            "policy_arn": "arn:aws:iam::aws:policy/service-role/AmazonEC2ContainerServiceforEC2Role",
                            "role": "student-hub-staging-ecs-ec2-service-role"
                        },
                        "meta": {},
                        "tainted": false
                    },
                    "deposed": [],
                    "provider": ""
                },
                "aws_iam_role_policy_attachment.ecs_service_role_permissions": {
                    "type": "aws_iam_role_policy_attachment",
                    "depends_on": [
                        "aws_iam_role.ecs_service_role"
                    ],
                    "primary": {
                        "id": "student-hub-staging-ecs-service-role-00f0b0409f097409d6589f254d",
                        "attributes": {
                            "id": "student-hub-staging-ecs-service-role-00f0b0409f097409d6589f254d",
                            "policy_arn": "arn:aws:iam::aws:policy/service-role/AmazonEC2ContainerServiceRole",
                            "role": "student-hub-staging-ecs-service-role"
                        },
                        "meta": {},
                        "tainted": false
                    },
                    "deposed": [],
                    "provider": ""
                },
                "aws_launch_configuration.lc": {
                    "type": "aws_launch_configuration",
                    "depends_on": [],
                    "primary": {
                        "id": "student-hub-staging-ecs-lc-001c830ee4f02ec3e39813ee36",
                        "attributes": {
                            "associate_public_ip_address": "true",
                            "ebs_block_device.#": "0",
                            "ebs_optimized": "false",
                            "enable_monitoring": "true",
                            "ephemeral_block_device.#": "0",
                            "iam_instance_profile": "student-hub-staging-ecs-ec2-instance-profile",
                            "id": "student-hub-staging-ecs-lc-001c830ee4f02ec3e39813ee36",
                            "image_id": "ami-ec33cc96",
                            "instance_type": "t2.medium",
                            "key_name": "student-hub-key",
                            "name": "student-hub-staging-ecs-lc-001c830ee4f02ec3e39813ee36",
                            "name_prefix": "student-hub-staging-ecs-lc-",
                            "root_block_device.#": "1",
                            "root_block_device.0.delete_on_termination": "true",
                            "root_block_device.0.iops": "0",
                            "root_block_device.0.volume_size": "50",
                            "root_block_device.0.volume_type": "gp2",
                            "security_groups.#": "1",
                            "security_groups.3546312216": "sg-21194652",
                            "spot_price": "",
                            "user_data": "96f9dc0e1a37c8ccee35b9f63e492da78635100e",
                            "vpc_classic_link_id": "",
                            "vpc_classic_link_security_groups.#": "0"
                        },
                        "meta": {},
                        "tainted": false
                    },
                    "deposed": [],
                    "provider": ""
                },
                "aws_security_group.cluster_access": {
                    "type": "aws_security_group",
                    "depends_on": [],
                    "primary": {
                        "id": "sg-1b164968",
                        "attributes": {
                            "description": "Managed by Terraform",
                            "egress.#": "0",
                            "id": "sg-1b164968",
                            "ingress.#": "0",
                            "name": "student-hub-staging-cluster_access",
                            "owner_id": "876208251118",
                            "tags.%": "0",
                            "vpc_id": "vpc-b394ecca"
                        },
                        "meta": {},
                        "tainted": false
                    },
                    "deposed": [],
                    "provider": ""
                },
                "aws_security_group.ecs_instance_sg": {
                    "type": "aws_security_group",
                    "depends_on": [
                        "aws_security_group.cluster_access"
                    ],
                    "primary": {
                        "id": "sg-21194652",
                        "attributes": {
                            "description": "Controls access to ECS instances",
                            "egress.#": "1",
                            "egress.482069346.cidr_blocks.#": "1",
                            "egress.482069346.cidr_blocks.0": "0.0.0.0/0",
                            "egress.482069346.from_port": "0",
                            "egress.482069346.ipv6_cidr_blocks.#": "0",
                            "egress.482069346.prefix_list_ids.#": "0",
                            "egress.482069346.protocol": "-1",
                            "egress.482069346.security_groups.#": "0",
                            "egress.482069346.self": "false",
                            "egress.482069346.to_port": "0",
                            "id": "sg-21194652",
                            "ingress.#": "2",
                            "ingress.1340251820.cidr_blocks.#": "10",
                            "ingress.1340251820.cidr_blocks.0": "38.105.233.129/32",
                            "ingress.1340251820.cidr_blocks.1": "68.129.79.106/31",
                            "ingress.1340251820.cidr_blocks.2": "68.129.79.108/31",
                            "ingress.1340251820.cidr_blocks.3": "68.129.79.110/32",
                            "ingress.1340251820.cidr_blocks.4": "208.105.14.56/29",
                            "ingress.1340251820.cidr_blocks.5": "4.30.90.112/28",
                            "ingress.1340251820.cidr_blocks.6": "128.148.0.0/16",
                            "ingress.1340251820.cidr_blocks.7": "138.16.0.0/16",
                            "ingress.1340251820.cidr_blocks.8": "192.16.234.240/32",
                            "ingress.1340251820.cidr_blocks.9": "192.16.234.243/32",
                            "ingress.1340251820.from_port": "0",
                            "ingress.1340251820.ipv6_cidr_blocks.#": "0",
                            "ingress.1340251820.protocol": "-1",
                            "ingress.1340251820.security_groups.#": "0",
                            "ingress.1340251820.self": "false",
                            "ingress.1340251820.to_port": "0",
                            "ingress.699557708.cidr_blocks.#": "0",
                            "ingress.699557708.from_port": "0",
                            "ingress.699557708.ipv6_cidr_blocks.#": "0",
                            "ingress.699557708.protocol": "-1",
                            "ingress.699557708.security_groups.#": "1",
                            "ingress.699557708.security_groups.220655840": "sg-1b164968",
                            "ingress.699557708.self": "false",
                            "ingress.699557708.to_port": "0",
                            "name": "student-hub-staging-ecs-instance-sg",
                            "owner_id": "876208251118",
                            "tags.%": "0",
                            "vpc_id": "vpc-b394ecca"
                        },
                        "meta": {},
                        "tainted": false
                    },
                    "deposed": [],
                    "provider": ""
                },
                "data.aws_ami.amazon_ecs_optimized": {
                    "type": "aws_ami",
                    "depends_on": [],
                    "primary": {
                        "id": "ami-ec33cc96",
                        "attributes": {
                            "architecture": "x86_64",
                            "block_device_mappings.#": "2",
                            "block_device_mappings.2538004115.device_name": "/dev/xvdcz",
                            "block_device_mappings.2538004115.ebs.%": "5",
                            "block_device_mappings.2538004115.ebs.delete_on_termination": "true",
                            "block_device_mappings.2538004115.ebs.encrypted": "false",
                            "block_device_mappings.2538004115.ebs.iops": "0",
                            "block_device_mappings.2538004115.ebs.volume_size": "22",
                            "block_device_mappings.2538004115.ebs.volume_type": "gp2",
                            "block_device_mappings.2538004115.no_device": "",
                            "block_device_mappings.2538004115.virtual_name": "",
                            "block_device_mappings.340275815.device_name": "/dev/xvda",
                            "block_device_mappings.340275815.ebs.%": "6",
                            "block_device_mappings.340275815.ebs.delete_on_termination": "true",
                            "block_device_mappings.340275815.ebs.encrypted": "false",
                            "block_device_mappings.340275815.ebs.iops": "0",
                            "block_device_mappings.340275815.ebs.snapshot_id": "snap-0bc4a604faa665c51",
                            "block_device_mappings.340275815.ebs.volume_size": "8",
                            "block_device_mappings.340275815.ebs.volume_type": "gp2",
                            "block_device_mappings.340275815.no_device": "",
                            "block_device_mappings.340275815.virtual_name": "",
                            "creation_date": "2017-09-30T18:58:16.000Z",
                            "description": "Amazon Linux AMI 2017.03.g x86_64 ECS HVM GP2",
                            "filter.#": "3",
                            "filter.3386043752.name": "architecture",
                            "filter.3386043752.values.#": "1",
                            "filter.3386043752.values.0": "x86_64",
                            "filter.490168357.name": "virtualization-type",
                            "filter.490168357.values.#": "1",
                            "filter.490168357.values.0": "hvm",
                            "filter.844913035.name": "description",
                            "filter.844913035.values.#": "1",
                            "filter.844913035.values.0": "Amazon Linux AMI * ECS * GP2",
                            "hypervisor": "xen",
                            "id": "ami-ec33cc96",
                            "image_id": "ami-ec33cc96",
                            "image_location": "amazon/amzn-ami-2017.03.g-amazon-ecs-optimized",
                            "image_owner_alias": "amazon",
                            "image_type": "machine",
                            "most_recent": "true",
                            "name": "amzn-ami-2017.03.g-amazon-ecs-optimized",
                            "owner_id": "591542846629",
                            "owners.#": "1",
                            "owners.0": "591542846629",
                            "product_codes.#": "0",
                            "public": "true",
                            "root_device_name": "/dev/xvda",
                            "root_device_type": "ebs",
                            "sriov_net_support": "simple",
                            "state": "available",
                            "state_reason.%": "2",
                            "state_reason.code": "UNSET",
                            "state_reason.message": "UNSET",
                            "tags.#": "0",
                            "virtualization_type": "hvm"
                        },
                        "meta": {},
                        "tainted": false
                    },
                    "deposed": [],
                    "provider": ""
                },
                "data.aws_iam_policy_document.ecs_ec2_service_role_policy": {
                    "type": "aws_iam_policy_document",
                    "depends_on": [],
                    "primary": {
                        "id": "1903849331",
                        "attributes": {
                            "id": "1903849331",
                            "json": "{\n  \"Version\": \"2012-10-17\",\n  \"Statement\": [\n    {\n      \"Sid\": \"\",\n      \"Effect\": \"Allow\",\n      \"Action\": \"sts:AssumeRole\",\n      \"Principal\": {\n        \"Service\": \"ec2.amazonaws.com\"\n      }\n    }\n  ]\n}",
                            "statement.#": "1",
                            "statement.0.actions.#": "1",
                            "statement.0.actions.2528466339": "sts:AssumeRole",
                            "statement.0.condition.#": "0",
                            "statement.0.effect": "Allow",
                            "statement.0.not_actions.#": "0",
                            "statement.0.not_principals.#": "0",
                            "statement.0.not_resources.#": "0",
                            "statement.0.principals.#": "1",
                            "statement.0.principals.1134724139.identifiers.#": "1",
                            "statement.0.principals.1134724139.identifiers.3655884555": "ec2.amazonaws.com",
                            "statement.0.principals.1134724139.type": "Service",
                            "statement.0.resources.#": "0",
                            "statement.0.sid": ""
                        },
                        "meta": {},
                        "tainted": false
                    },
                    "deposed": [],
                    "provider": ""
                },
                "data.aws_iam_policy_document.ecs_service_role_policy": {
                    "type": "aws_iam_policy_document",
                    "depends_on": [],
                    "primary": {
                        "id": "3622649364",
                        "attributes": {
                            "id": "3622649364",
                            "json": "{\n  \"Version\": \"2012-10-17\",\n  \"Statement\": [\n    {\n      \"Sid\": \"\",\n      \"Effect\": \"Allow\",\n      \"Action\": \"sts:AssumeRole\",\n      \"Principal\": {\n        \"Service\": \"ecs.amazonaws.com\"\n      }\n    }\n  ]\n}",
                            "statement.#": "1",
                            "statement.0.actions.#": "1",
                            "statement.0.actions.2528466339": "sts:AssumeRole",
                            "statement.0.condition.#": "0",
                            "statement.0.effect": "Allow",
                            "statement.0.not_actions.#": "0",
                            "statement.0.not_principals.#": "0",
                            "statement.0.not_resources.#": "0",
                            "statement.0.principals.#": "1",
                            "statement.0.principals.1113412664.identifiers.#": "1",
                            "statement.0.principals.1113412664.identifiers.1509832800": "ecs.amazonaws.com",
                            "statement.0.principals.1113412664.type": "Service",
                            "statement.0.resources.#": "0",
                            "statement.0.sid": ""
                        },
                        "meta": {},
                        "tainted": false
                    },
                    "deposed": [],
                    "provider": ""
                }
            },
            "depends_on": []
        },
        {
            "path": [
                "root",
                "staging",
                "hub-frontend"
            ],
            "outputs": {
                "alb_arn": {
                    "sensitive": false,
                    "type": "string",
                    "value": "arn:aws:elasticloadbalancing:us-east-1:876208251118:loadbalancer/app/hub-frontend-staging/43ba66a65c8188e9"
                },
                "alb_dns_name": {
                    "sensitive": false,
                    "type": "string",
                    "value": "hub-frontend-staging-951204064.us-east-1.elb.amazonaws.com"
                },
                "alb_target_group_arn": {
                    "sensitive": false,
                    "type": "string",
                    "value": "arn:aws:elasticloadbalancing:us-east-1:876208251118:targetgroup/tg-hub-frontend-staging/fd394ff85e6573b8"
                }
            },
            "resources": {},
            "depends_on": []
        },
        {
            "path": [
                "root",
                "staging",
                "hub-services"
            ],
            "outputs": {
                "alb_arn": {
                    "sensitive": false,
                    "type": "string",
                    "value": "arn:aws:elasticloadbalancing:us-east-1:876208251118:loadbalancer/app/hub-services-staging/e5faab98348cba35"
                },
                "alb_dns_name": {
                    "sensitive": false,
                    "type": "string",
                    "value": "hub-services-staging-852956216.us-east-1.elb.amazonaws.com"
                },
                "alb_target_group_arn": {
                    "sensitive": false,
                    "type": "string",
                    "value": "arn:aws:elasticloadbalancing:us-east-1:876208251118:targetgroup/tg-hub-services-staging/fba9ccb3a034173c"
                }
            },
            "resources": {},
            "depends_on": []
        },
        {
            "path": [
                "root",
                "staging",
                "service_config"
            ],
            "outputs": {
                "config_map": {
                    "sensitive": false,
                    "type": "map",
                    "value": {
                        "ecs_cluster_arn": "arn:aws:ecs:us-east-1:876208251118:cluster/student-hub-staging",
                        "ecs_service_role_arn": "arn:aws:iam::876208251118:role/student-hub-staging-ecs-service-role",
                        "public_subnet_ids": "subnet-24133e6c,subnet-584d2e02",
                        "vpc_id": "vpc-b394ecca"
                    }
                }
            },
            "resources": {},
            "depends_on": []
        },
        {
            "path": [
                "root",
                "test-env",
                "hub-frontend"
            ],
            "outputs": {
                "alb_dns_name": {
                    "sensitive": false,
                    "type": "string",
                    "value": "hub-frontend-test-env-1412516804.us-east-1.elb.amazonaws.com"
                }
            },
            "resources": {},
            "depends_on": []
        },
        {
            "path": [
                "root",
                "test-env",
                "hub-services"
            ],
            "outputs": {
                "alb_dns_name": {
                    "sensitive": false,
                    "type": "string",
                    "value": "hub-services-test-env-2045350188.us-east-1.elb.amazonaws.com"
                }
            },
            "resources": {},
            "depends_on": []
        },
        {
            "path": [
                "root",
                "test_env",
                "foo"
            ],
            "outputs": {
                "alb_dns_name": {
                    "sensitive": false,
                    "type": "string",
                    "value": "hub-services-test-env-2-1394614305.us-east-1.elb.amazonaws.com"
                }
            },
            "resources": {},
            "depends_on": []
        },
        {
            "path": [
                "root",
                "test_env",
                "hub-frontend"
            ],
            "outputs": {
                "alb_dns_name": {
                    "sensitive": false,
                    "type": "string",
                    "value": "hub-frontend-test-env-486360414.us-east-1.elb.amazonaws.com"
                }
            },
            "resources": {},
            "depends_on": []
        },
        {
            "path": [
                "root",
                "test_env",
                "hub-frontend-dev"
            ],
            "outputs": {
                "alb_dns_name": {
                    "sensitive": false,
                    "type": "string",
                    "value": "hub-frontend-test-env-1421974781.us-east-1.elb.amazonaws.com"
                }
            },
            "resources": {},
            "depends_on": []
        },
        {
            "path": [
                "root",
                "test_env",
                "hub-services"
            ],
            "outputs": {
                "alb_dns_name": {
                    "sensitive": false,
                    "type": "string",
                    "value": "hub-services-test-env-1776209777.us-east-1.elb.amazonaws.com"
                }
            },
            "resources": {},
            "depends_on": []
        },
        {
            "path": [
                "root",
                "test_env",
                "hub-services-dev"
            ],
            "outputs": {
                "alb_dns_name": {
                    "sensitive": false,
                    "type": "string",
                    "value": "hub-services-test-env-304643476.us-east-1.elb.amazonaws.com"
                }
            },
            "resources": {},
            "depends_on": []
        },
        {
            "path": [
                "root",
                "ad-hoc",
                "hub-frontend",
                "alb"
            ],
            "outputs": {
                "alb_arn": {
                    "sensitive": false,
                    "type": "string",
                    "value": "arn:aws:elasticloadbalancing:us-east-1:876208251118:loadbalancer/app/hub-frontend-ad-hoc/12d63e2091cf9684"
                },
                "alb_dns_name": {
                    "sensitive": false,
                    "type": "string",
                    "value": "hub-frontend-ad-hoc-1066925843.us-east-1.elb.amazonaws.com"
                },
                "alb_target_group_arn": {
                    "sensitive": false,
                    "type": "string",
                    "value": "arn:aws:elasticloadbalancing:us-east-1:876208251118:targetgroup/tg-hub-frontend-ad-hoc/d5c337a43a283224"
                }
            },
            "resources": {
                "aws_alb.main": {
                    "type": "aws_alb",
                    "depends_on": [],
                    "primary": {
                        "id": "arn:aws:elasticloadbalancing:us-east-1:876208251118:loadbalancer/app/hub-frontend-ad-hoc/12d63e2091cf9684",
                        "attributes": {
                            "access_logs.#": "0",
                            "arn": "arn:aws:elasticloadbalancing:us-east-1:876208251118:loadbalancer/app/hub-frontend-ad-hoc/12d63e2091cf9684",
                            "arn_suffix": "app/hub-frontend-ad-hoc/12d63e2091cf9684",
                            "dns_name": "hub-frontend-ad-hoc-1066925843.us-east-1.elb.amazonaws.com",
                            "enable_deletion_protection": "false",
                            "id": "arn:aws:elasticloadbalancing:us-east-1:876208251118:loadbalancer/app/hub-frontend-ad-hoc/12d63e2091cf9684",
                            "idle_timeout": "60",
                            "internal": "false",
                            "ip_address_type": "ipv4",
                            "name": "hub-frontend-ad-hoc",
                            "security_groups.#": "2",
                            "security_groups.3479233351": "sg-17463965",
                            "security_groups.872627105": "sg-63bf5d13",
                            "subnets.#": "2",
                            "subnets.171620605": "subnet-584d2e02",
                            "subnets.4012636281": "subnet-24133e6c",
                            "tags.%": "0",
                            "vpc_id": "vpc-b394ecca",
                            "zone_id": "Z35SXDOTRQ7X7K"
                        },
                        "meta": {
                            "e2bfb730-ecaa-11e6-8f88-34363bc7c4c0": {
                                "create": 600000000000,
                                "delete": 600000000000,
                                "update": 600000000000
                            }
                        },
                        "tainted": false
                    },
                    "deposed": [],
                    "provider": ""
                },
                "aws_alb_listener.listener": {
                    "type": "aws_alb_listener",
                    "depends_on": [
                        "aws_alb.main",
                        "aws_alb_target_group.target_group"
                    ],
                    "primary": {
                        "id": "arn:aws:elasticloadbalancing:us-east-1:876208251118:listener/app/hub-frontend-ad-hoc/12d63e2091cf9684/3dc85509f2dd70af",
                        "attributes": {
                            "arn": "arn:aws:elasticloadbalancing:us-east-1:876208251118:listener/app/hub-frontend-ad-hoc/12d63e2091cf9684/3dc85509f2dd70af",
                            "default_action.#": "1",
                            "default_action.0.target_group_arn": "arn:aws:elasticloadbalancing:us-east-1:876208251118:targetgroup/tg-hub-frontend-ad-hoc/d5c337a43a283224",
                            "default_action.0.type": "forward",
                            "id": "arn:aws:elasticloadbalancing:us-east-1:876208251118:listener/app/hub-frontend-ad-hoc/12d63e2091cf9684/3dc85509f2dd70af",
                            "load_balancer_arn": "arn:aws:elasticloadbalancing:us-east-1:876208251118:loadbalancer/app/hub-frontend-ad-hoc/12d63e2091cf9684",
                            "port": "80",
                            "protocol": "HTTP",
                            "ssl_policy": ""
                        },
                        "meta": {},
                        "tainted": false
                    },
                    "deposed": [],
                    "provider": ""
                },
                "aws_alb_target_group.target_group": {
                    "type": "aws_alb_target_group",
                    "depends_on": [
                        "aws_alb.main"
                    ],
                    "primary": {
                        "id": "arn:aws:elasticloadbalancing:us-east-1:876208251118:targetgroup/tg-hub-frontend-ad-hoc/d5c337a43a283224",
                        "attributes": {
                            "arn": "arn:aws:elasticloadbalancing:us-east-1:876208251118:targetgroup/tg-hub-frontend-ad-hoc/d5c337a43a283224",
                            "arn_suffix": "targetgroup/tg-hub-frontend-ad-hoc/d5c337a43a283224",
                            "deregistration_delay": "300",
                            "health_check.#": "1",
                            "health_check.0.healthy_threshold": "5",
                            "health_check.0.interval": "30",
                            "health_check.0.matcher": "200",
                            "health_check.0.path": "/status",
                            "health_check.0.port": "traffic-port",
                            "health_check.0.protocol": "HTTP",
                            "health_check.0.timeout": "5",
                            "health_check.0.unhealthy_threshold": "2",
                            "id": "arn:aws:elasticloadbalancing:us-east-1:876208251118:targetgroup/tg-hub-frontend-ad-hoc/d5c337a43a283224",
                            "name": "tg-hub-frontend-ad-hoc",
                            "port": "80",
                            "protocol": "HTTP",
                            "stickiness.#": "1",
                            "stickiness.0.cookie_duration": "28800",
                            "stickiness.0.enabled": "true",
                            "stickiness.0.type": "lb_cookie",
                            "tags.%": "0",
                            "vpc_id": "vpc-b394ecca"
                        },
                        "meta": {},
                        "tainted": false
                    },
                    "deposed": [],
                    "provider": ""
                }
            },
            "depends_on": []
        },
        {
            "path": [
                "root",
                "ad-hoc",
                "hub-frontend",
                "ecs-service"
            ],
            "outputs": {},
            "resources": {
                "aws_cloudwatch_log_group.logs": {
                    "type": "aws_cloudwatch_log_group",
                    "depends_on": [],
                    "primary": {
                        "id": "hub-frontend-ad-hoc/logs",
                        "attributes": {
                            "arn": "arn:aws:logs:us-east-1:876208251118:log-group:hub-frontend-ad-hoc/logs:*",
                            "id": "hub-frontend-ad-hoc/logs",
                            "name": "hub-frontend-ad-hoc/logs",
                            "retention_in_days": "0",
                            "tags.%": "0"
                        },
                        "meta": {},
                        "tainted": false
                    },
                    "deposed": [],
                    "provider": ""
                },
                "aws_ecs_service.service": {
                    "type": "aws_ecs_service",
                    "depends_on": [
                        "aws_ecs_task_definition.taskdef"
                    ],
                    "primary": {
                        "id": "arn:aws:ecs:us-east-1:876208251118:service/hub-frontend-ad-hoc",
                        "attributes": {
                            "cluster": "arn:aws:ecs:us-east-1:876208251118:cluster/student-hub-ad-hoc",
                            "deployment_maximum_percent": "200",
                            "deployment_minimum_healthy_percent": "100",
                            "desired_count": "2",
                            "iam_role": "arn:aws:iam::876208251118:role/student-hub-ad-hoc-ecs-service-role",
                            "id": "arn:aws:ecs:us-east-1:876208251118:service/hub-frontend-ad-hoc",
                            "load_balancer.#": "1",
                            "load_balancer.3381012195.container_name": "hub-frontend-ad-hoc",
                            "load_balancer.3381012195.container_port": "80",
                            "load_balancer.3381012195.elb_name": "",
                            "load_balancer.3381012195.target_group_arn": "arn:aws:elasticloadbalancing:us-east-1:876208251118:targetgroup/tg-hub-frontend-ad-hoc/d5c337a43a283224",
                            "name": "hub-frontend-ad-hoc",
                            "placement_constraints.#": "0",
                            "placement_strategy.#": "0",
                            "task_definition": "arn:aws:ecs:us-east-1:876208251118:task-definition/hub-frontend-ad-hoc:4"
                        },
                        "meta": {},
                        "tainted": false
                    },
                    "deposed": [],
                    "provider": ""
                },
                "aws_ecs_task_definition.taskdef": {
                    "type": "aws_ecs_task_definition",
                    "depends_on": [
                        "aws_cloudwatch_log_group.logs"
                    ],
                    "primary": {
                        "id": "hub-frontend-ad-hoc",
                        "attributes": {
                            "arn": "arn:aws:ecs:us-east-1:876208251118:task-definition/hub-frontend-ad-hoc:4",
                            "container_definitions": "66d698eadf6a9ecb9adf7b14bea6485bdc3f397b",
                            "family": "hub-frontend-ad-hoc",
                            "id": "hub-frontend-ad-hoc",
                            "network_mode": "",
                            "placement_constraints.#": "0",
                            "revision": "4",
                            "task_role_arn": ""
                        },
                        "meta": {},
                        "tainted": false
                    },
                    "deposed": [],
                    "provider": ""
                }
            },
            "depends_on": []
        },
        {
            "path": [
                "root",
                "ad-hoc",
                "hub-services-1",
                "alb"
            ],
            "outputs": {
                "alb_arn": {
                    "sensitive": false,
                    "type": "string",
                    "value": "arn:aws:elasticloadbalancing:us-east-1:876208251118:loadbalancer/app/hub-services-1-ad-hoc/174768590ec65431"
                },
                "alb_dns_name": {
                    "sensitive": false,
                    "type": "string",
                    "value": "hub-services-1-ad-hoc-213330987.us-east-1.elb.amazonaws.com"
                },
                "alb_target_group_arn": {
                    "sensitive": false,
                    "type": "string",
                    "value": "arn:aws:elasticloadbalancing:us-east-1:876208251118:targetgroup/tg-hub-services-1-ad-hoc/95de2e3c92e73b03"
                }
            },
            "resources": {
                "aws_alb.main": {
                    "type": "aws_alb",
                    "depends_on": [],
                    "primary": {
                        "id": "arn:aws:elasticloadbalancing:us-east-1:876208251118:loadbalancer/app/hub-services-1-ad-hoc/174768590ec65431",
                        "attributes": {
                            "access_logs.#": "0",
                            "arn": "arn:aws:elasticloadbalancing:us-east-1:876208251118:loadbalancer/app/hub-services-1-ad-hoc/174768590ec65431",
                            "arn_suffix": "app/hub-services-1-ad-hoc/174768590ec65431",
                            "dns_name": "hub-services-1-ad-hoc-213330987.us-east-1.elb.amazonaws.com",
                            "enable_deletion_protection": "false",
                            "id": "arn:aws:elasticloadbalancing:us-east-1:876208251118:loadbalancer/app/hub-services-1-ad-hoc/174768590ec65431",
                            "idle_timeout": "60",
                            "internal": "false",
                            "ip_address_type": "ipv4",
                            "name": "hub-services-1-ad-hoc",
                            "security_groups.#": "3",
                            "security_groups.1691637170": "sg-28836158",
                            "security_groups.2025545899": "sg-e9add29b",
                            "security_groups.3479233351": "sg-17463965",
                            "subnets.#": "2",
                            "subnets.171620605": "subnet-584d2e02",
                            "subnets.4012636281": "subnet-24133e6c",
                            "tags.%": "0",
                            "vpc_id": "vpc-b394ecca",
                            "zone_id": "Z35SXDOTRQ7X7K"
                        },
                        "meta": {
                            "e2bfb730-ecaa-11e6-8f88-34363bc7c4c0": {
                                "create": 600000000000,
                                "delete": 600000000000,
                                "update": 600000000000
                            }
                        },
                        "tainted": false
                    },
                    "deposed": [],
                    "provider": ""
                },
                "aws_alb_listener.listener": {
                    "type": "aws_alb_listener",
                    "depends_on": [
                        "aws_alb.main",
                        "aws_alb_target_group.target_group"
                    ],
                    "primary": {
                        "id": "arn:aws:elasticloadbalancing:us-east-1:876208251118:listener/app/hub-services-1-ad-hoc/174768590ec65431/285c502b1bd72831",
                        "attributes": {
                            "arn": "arn:aws:elasticloadbalancing:us-east-1:876208251118:listener/app/hub-services-1-ad-hoc/174768590ec65431/285c502b1bd72831",
                            "default_action.#": "1",
                            "default_action.0.target_group_arn": "arn:aws:elasticloadbalancing:us-east-1:876208251118:targetgroup/tg-hub-services-1-ad-hoc/95de2e3c92e73b03",
                            "default_action.0.type": "forward",
                            "id": "arn:aws:elasticloadbalancing:us-east-1:876208251118:listener/app/hub-services-1-ad-hoc/174768590ec65431/285c502b1bd72831",
                            "load_balancer_arn": "arn:aws:elasticloadbalancing:us-east-1:876208251118:loadbalancer/app/hub-services-1-ad-hoc/174768590ec65431",
                            "port": "80",
                            "protocol": "HTTP",
                            "ssl_policy": ""
                        },
                        "meta": {},
                        "tainted": false
                    },
                    "deposed": [],
                    "provider": ""
                },
                "aws_alb_target_group.target_group": {
                    "type": "aws_alb_target_group",
                    "depends_on": [
                        "aws_alb.main"
                    ],
                    "primary": {
                        "id": "arn:aws:elasticloadbalancing:us-east-1:876208251118:targetgroup/tg-hub-services-1-ad-hoc/95de2e3c92e73b03",
                        "attributes": {
                            "arn": "arn:aws:elasticloadbalancing:us-east-1:876208251118:targetgroup/tg-hub-services-1-ad-hoc/95de2e3c92e73b03",
                            "arn_suffix": "targetgroup/tg-hub-services-1-ad-hoc/95de2e3c92e73b03",
                            "deregistration_delay": "300",
                            "health_check.#": "1",
                            "health_check.0.healthy_threshold": "5",
                            "health_check.0.interval": "30",
                            "health_check.0.matcher": "200",
                            "health_check.0.path": "/status",
                            "health_check.0.port": "traffic-port",
                            "health_check.0.protocol": "HTTP",
                            "health_check.0.timeout": "5",
                            "health_check.0.unhealthy_threshold": "2",
                            "id": "arn:aws:elasticloadbalancing:us-east-1:876208251118:targetgroup/tg-hub-services-1-ad-hoc/95de2e3c92e73b03",
                            "name": "tg-hub-services-1-ad-hoc",
                            "port": "8080",
                            "protocol": "HTTP",
                            "stickiness.#": "1",
                            "stickiness.0.cookie_duration": "86400",
                            "stickiness.0.enabled": "false",
                            "stickiness.0.type": "lb_cookie",
                            "tags.%": "0",
                            "vpc_id": "vpc-b394ecca"
                        },
                        "meta": {},
                        "tainted": false
                    },
                    "deposed": [],
                    "provider": ""
                }
            },
            "depends_on": []
        },
        {
            "path": [
                "root",
                "ad-hoc",
                "hub-services-1",
                "ecs-service"
            ],
            "outputs": {},
            "resources": {
                "aws_cloudwatch_log_group.logs": {
                    "type": "aws_cloudwatch_log_group",
                    "depends_on": [],
                    "primary": {
                        "id": "hub-services-1-ad-hoc/logs",
                        "attributes": {
                            "arn": "arn:aws:logs:us-east-1:876208251118:log-group:hub-services-1-ad-hoc/logs:*",
                            "id": "hub-services-1-ad-hoc/logs",
                            "name": "hub-services-1-ad-hoc/logs",
                            "retention_in_days": "0",
                            "tags.%": "0"
                        },
                        "meta": {},
                        "tainted": false
                    },
                    "deposed": [],
                    "provider": ""
                },
                "aws_ecs_service.service": {
                    "type": "aws_ecs_service",
                    "depends_on": [
                        "aws_ecs_task_definition.taskdef"
                    ],
                    "primary": {
                        "id": "arn:aws:ecs:us-east-1:876208251118:service/hub-services-1-ad-hoc",
                        "attributes": {
                            "cluster": "arn:aws:ecs:us-east-1:876208251118:cluster/student-hub-ad-hoc",
                            "deployment_maximum_percent": "200",
                            "deployment_minimum_healthy_percent": "100",
                            "desired_count": "2",
                            "iam_role": "arn:aws:iam::876208251118:role/student-hub-ad-hoc-ecs-service-role",
                            "id": "arn:aws:ecs:us-east-1:876208251118:service/hub-services-1-ad-hoc",
                            "load_balancer.#": "1",
                            "load_balancer.1392078472.container_name": "hub-services-1-ad-hoc",
                            "load_balancer.1392078472.container_port": "8080",
                            "load_balancer.1392078472.elb_name": "",
                            "load_balancer.1392078472.target_group_arn": "arn:aws:elasticloadbalancing:us-east-1:876208251118:targetgroup/tg-hub-services-1-ad-hoc/95de2e3c92e73b03",
                            "name": "hub-services-1-ad-hoc",
                            "placement_constraints.#": "0",
                            "placement_strategy.#": "0",
                            "task_definition": "arn:aws:ecs:us-east-1:876208251118:task-definition/hub-services-1-ad-hoc:1"
                        },
                        "meta": {},
                        "tainted": false
                    },
                    "deposed": [],
                    "provider": ""
                },
                "aws_ecs_task_definition.taskdef": {
                    "type": "aws_ecs_task_definition",
                    "depends_on": [
                        "aws_cloudwatch_log_group.logs"
                    ],
                    "primary": {
                        "id": "hub-services-1-ad-hoc",
                        "attributes": {
                            "arn": "arn:aws:ecs:us-east-1:876208251118:task-definition/hub-services-1-ad-hoc:1",
                            "container_definitions": "71c092d70dd5ffaf469b49eefabd1bd46c717cdd",
                            "family": "hub-services-1-ad-hoc",
                            "id": "hub-services-1-ad-hoc",
                            "network_mode": "",
                            "placement_constraints.#": "0",
                            "revision": "1",
                            "task_role_arn": ""
                        },
                        "meta": {},
                        "tainted": false
                    },
                    "deposed": [],
                    "provider": ""
                }
            },
            "depends_on": []
        },
        {
            "path": [
                "root",
                "ad-hoc",
                "hub-services-internal",
                "alb"
            ],
            "outputs": {},
            "resources": {},
            "depends_on": []
        },
        {
            "path": [
                "root",
                "ad-hoc",
                "hub-services-internal",
                "ecs-service"
            ],
            "outputs": {},
            "resources": {},
            "depends_on": []
        },
        {
            "path": [
                "root",
                "ad-hoc",
                "hub-services",
                "alb"
            ],
            "outputs": {
                "alb_arn": {
                    "sensitive": false,
                    "type": "string",
                    "value": "arn:aws:elasticloadbalancing:us-east-1:876208251118:loadbalancer/app/hub-services-ad-hoc/58c2e6726933eeb8"
                },
                "alb_dns_name": {
                    "sensitive": false,
                    "type": "string",
                    "value": "hub-services-ad-hoc-281377673.us-east-1.elb.amazonaws.com"
                },
                "alb_target_group_arn": {
                    "sensitive": false,
                    "type": "string",
                    "value": "arn:aws:elasticloadbalancing:us-east-1:876208251118:targetgroup/tg-hub-services-ad-hoc/547784fc91b32724"
                }
            },
            "resources": {
                "aws_alb.main": {
                    "type": "aws_alb",
                    "depends_on": [],
                    "primary": {
                        "id": "arn:aws:elasticloadbalancing:us-east-1:876208251118:loadbalancer/app/hub-services-ad-hoc/58c2e6726933eeb8",
                        "attributes": {
                            "access_logs.#": "0",
                            "arn": "arn:aws:elasticloadbalancing:us-east-1:876208251118:loadbalancer/app/hub-services-ad-hoc/58c2e6726933eeb8",
                            "arn_suffix": "app/hub-services-ad-hoc/58c2e6726933eeb8",
                            "dns_name": "hub-services-ad-hoc-281377673.us-east-1.elb.amazonaws.com",
                            "enable_deletion_protection": "false",
                            "id": "arn:aws:elasticloadbalancing:us-east-1:876208251118:loadbalancer/app/hub-services-ad-hoc/58c2e6726933eeb8",
                            "idle_timeout": "60",
                            "internal": "false",
                            "ip_address_type": "ipv4",
                            "name": "hub-services-ad-hoc",
                            "security_groups.#": "2",
                            "security_groups.3479233351": "sg-17463965",
                            "security_groups.872627105": "sg-63bf5d13",
                            "subnets.#": "2",
                            "subnets.171620605": "subnet-584d2e02",
                            "subnets.4012636281": "subnet-24133e6c",
                            "tags.%": "0",
                            "vpc_id": "vpc-b394ecca",
                            "zone_id": "Z35SXDOTRQ7X7K"
                        },
                        "meta": {
                            "e2bfb730-ecaa-11e6-8f88-34363bc7c4c0": {
                                "create": 600000000000,
                                "delete": 600000000000,
                                "update": 600000000000
                            }
                        },
                        "tainted": false
                    },
                    "deposed": [],
                    "provider": ""
                },
                "aws_alb_listener.listener": {
                    "type": "aws_alb_listener",
                    "depends_on": [
                        "aws_alb.main",
                        "aws_alb_target_group.target_group"
                    ],
                    "primary": {
                        "id": "arn:aws:elasticloadbalancing:us-east-1:876208251118:listener/app/hub-services-ad-hoc/58c2e6726933eeb8/da325089b7e3209f",
                        "attributes": {
                            "arn": "arn:aws:elasticloadbalancing:us-east-1:876208251118:listener/app/hub-services-ad-hoc/58c2e6726933eeb8/da325089b7e3209f",
                            "default_action.#": "1",
                            "default_action.0.target_group_arn": "arn:aws:elasticloadbalancing:us-east-1:876208251118:targetgroup/tg-hub-services-ad-hoc/547784fc91b32724",
                            "default_action.0.type": "forward",
                            "id": "arn:aws:elasticloadbalancing:us-east-1:876208251118:listener/app/hub-services-ad-hoc/58c2e6726933eeb8/da325089b7e3209f",
                            "load_balancer_arn": "arn:aws:elasticloadbalancing:us-east-1:876208251118:loadbalancer/app/hub-services-ad-hoc/58c2e6726933eeb8",
                            "port": "80",
                            "protocol": "HTTP",
                            "ssl_policy": ""
                        },
                        "meta": {},
                        "tainted": false
                    },
                    "deposed": [],
                    "provider": ""
                },
                "aws_alb_target_group.target_group": {
                    "type": "aws_alb_target_group",
                    "depends_on": [
                        "aws_alb.main"
                    ],
                    "primary": {
                        "id": "arn:aws:elasticloadbalancing:us-east-1:876208251118:targetgroup/tg-hub-services-ad-hoc/547784fc91b32724",
                        "attributes": {
                            "arn": "arn:aws:elasticloadbalancing:us-east-1:876208251118:targetgroup/tg-hub-services-ad-hoc/547784fc91b32724",
                            "arn_suffix": "targetgroup/tg-hub-services-ad-hoc/547784fc91b32724",
                            "deregistration_delay": "300",
                            "health_check.#": "1",
                            "health_check.0.healthy_threshold": "5",
                            "health_check.0.interval": "30",
                            "health_check.0.matcher": "200",
                            "health_check.0.path": "/status",
                            "health_check.0.port": "traffic-port",
                            "health_check.0.protocol": "HTTP",
                            "health_check.0.timeout": "5",
                            "health_check.0.unhealthy_threshold": "2",
                            "id": "arn:aws:elasticloadbalancing:us-east-1:876208251118:targetgroup/tg-hub-services-ad-hoc/547784fc91b32724",
                            "name": "tg-hub-services-ad-hoc",
                            "port": "8080",
                            "protocol": "HTTP",
                            "stickiness.#": "1",
                            "stickiness.0.cookie_duration": "86400",
                            "stickiness.0.enabled": "false",
                            "stickiness.0.type": "lb_cookie",
                            "tags.%": "0",
                            "vpc_id": "vpc-b394ecca"
                        },
                        "meta": {},
                        "tainted": false
                    },
                    "deposed": [],
                    "provider": ""
                }
            },
            "depends_on": []
        },
        {
            "path": [
                "root",
                "ad-hoc",
                "hub-services",
                "alb-internal"
            ],
            "outputs": {
                "alb_arn": {
                    "sensitive": false,
                    "type": "string",
                    "value": "arn:aws:elasticloadbalancing:us-east-1:876208251118:loadbalancer/app/hub-services-ad-hoc-internal/1c8554a7cfbf2c4e"
                },
                "alb_dns_name": {
                    "sensitive": false,
                    "type": "string",
                    "value": "internal-hub-services-ad-hoc-internal-1256390548.us-east-1.elb.amazonaws.com"
                },
                "alb_target_group_arn": {
                    "sensitive": false,
                    "type": "string",
                    "value": "arn:aws:elasticloadbalancing:us-east-1:876208251118:targetgroup/tg-hub-services-ad-hoc-internal/f58c2b5159ef8e85"
                }
            },
            "resources": {},
            "depends_on": []
        },
        {
            "path": [
                "root",
                "ad-hoc",
                "hub-services",
                "ecs-service"
            ],
            "outputs": {},
            "resources": {
                "aws_cloudwatch_log_group.logs": {
                    "type": "aws_cloudwatch_log_group",
                    "depends_on": [],
                    "primary": {
                        "id": "hub-services-ad-hoc/logs",
                        "attributes": {
                            "arn": "arn:aws:logs:us-east-1:876208251118:log-group:hub-services-ad-hoc/logs:*",
                            "id": "hub-services-ad-hoc/logs",
                            "name": "hub-services-ad-hoc/logs",
                            "retention_in_days": "0",
                            "tags.%": "0"
                        },
                        "meta": {},
                        "tainted": false
                    },
                    "deposed": [],
                    "provider": ""
                },
                "aws_ecs_service.service": {
                    "type": "aws_ecs_service",
                    "depends_on": [
                        "aws_ecs_task_definition.taskdef"
                    ],
                    "primary": {
                        "id": "arn:aws:ecs:us-east-1:876208251118:service/hub-services-ad-hoc",
                        "attributes": {
                            "cluster": "arn:aws:ecs:us-east-1:876208251118:cluster/student-hub-ad-hoc",
                            "deployment_maximum_percent": "200",
                            "deployment_minimum_healthy_percent": "100",
                            "desired_count": "2",
                            "iam_role": "arn:aws:iam::876208251118:role/student-hub-ad-hoc-ecs-service-role",
                            "id": "arn:aws:ecs:us-east-1:876208251118:service/hub-services-ad-hoc",
                            "load_balancer.#": "1",
                            "load_balancer.1205724702.container_name": "hub-services-ad-hoc",
                            "load_balancer.1205724702.container_port": "8080",
                            "load_balancer.1205724702.elb_name": "",
                            "load_balancer.1205724702.target_group_arn": "arn:aws:elasticloadbalancing:us-east-1:876208251118:targetgroup/tg-hub-services-ad-hoc/547784fc91b32724",
                            "name": "hub-services-ad-hoc",
                            "placement_constraints.#": "0",
                            "placement_strategy.#": "0",
                            "task_definition": "arn:aws:ecs:us-east-1:876208251118:task-definition/hub-services-ad-hoc:4"
                        },
                        "meta": {},
                        "tainted": false
                    },
                    "deposed": [],
                    "provider": ""
                },
                "aws_ecs_task_definition.taskdef": {
                    "type": "aws_ecs_task_definition",
                    "depends_on": [
                        "aws_cloudwatch_log_group.logs"
                    ],
                    "primary": {
                        "id": "hub-services-ad-hoc",
                        "attributes": {
                            "arn": "arn:aws:ecs:us-east-1:876208251118:task-definition/hub-services-ad-hoc:4",
                            "container_definitions": "e38c44c44f83207dae45895a5a92ee915f761794",
                            "family": "hub-services-ad-hoc",
                            "id": "hub-services-ad-hoc",
                            "network_mode": "",
                            "placement_constraints.#": "0",
                            "revision": "4",
                            "task_role_arn": ""
                        },
                        "meta": {},
                        "tainted": false
                    },
                    "deposed": [],
                    "provider": ""
                }
            },
            "depends_on": []
        },
        {
            "path": [
                "root",
                "add-hoc",
                "hub-frontend",
                "alb"
            ],
            "outputs": {
                "alb_arn": {
                    "sensitive": false,
                    "type": "string",
                    "value": "arn:aws:elasticloadbalancing:us-east-1:876208251118:loadbalancer/app/hub-frontend-add-hoc/0b027833b8685fc9"
                },
                "alb_dns_name": {
                    "sensitive": false,
                    "type": "string",
                    "value": "hub-frontend-add-hoc-737808630.us-east-1.elb.amazonaws.com"
                },
                "alb_target_group_arn": {
                    "sensitive": false,
                    "type": "string",
                    "value": "arn:aws:elasticloadbalancing:us-east-1:876208251118:targetgroup/tg-hub-frontend-add-hoc/74b721184764f2f2"
                }
            },
            "resources": {},
            "depends_on": []
        },
        {
            "path": [
                "root",
                "add-hoc",
                "hub-frontend",
                "ecs-service"
            ],
            "outputs": {},
            "resources": {},
            "depends_on": []
        },
        {
            "path": [
                "root",
                "add-hoc",
                "hub-services",
                "alb"
            ],
            "outputs": {
                "alb_arn": {
                    "sensitive": false,
                    "type": "string",
                    "value": "arn:aws:elasticloadbalancing:us-east-1:876208251118:loadbalancer/app/hub-services-add-hoc/dc5d0c13f31c9574"
                },
                "alb_dns_name": {
                    "sensitive": false,
                    "type": "string",
                    "value": "hub-services-add-hoc-9123080.us-east-1.elb.amazonaws.com"
                },
                "alb_target_group_arn": {
                    "sensitive": false,
                    "type": "string",
                    "value": "arn:aws:elasticloadbalancing:us-east-1:876208251118:targetgroup/tg-hub-services-add-hoc/ee6ae7672ba9ae01"
                }
            },
            "resources": {},
            "depends_on": []
        },
        {
            "path": [
                "root",
                "add-hoc",
                "hub-services",
                "ecs-service"
            ],
            "outputs": {},
            "resources": {},
            "depends_on": []
        },
        {
            "path": [
                "root",
                "adhoc",
                "hub-frontend",
                "alb"
            ],
            "outputs": {
                "alb_arn": {
                    "sensitive": false,
                    "type": "string",
                    "value": "arn:aws:elasticloadbalancing:us-east-1:876208251118:loadbalancer/app/hub-frontend-adhoc/8031660bd82a8aed"
                },
                "alb_dns_name": {
                    "sensitive": false,
                    "type": "string",
                    "value": "hub-frontend-adhoc-1835771823.us-east-1.elb.amazonaws.com"
                },
                "alb_target_group_arn": {
                    "sensitive": false,
                    "type": "string",
                    "value": "arn:aws:elasticloadbalancing:us-east-1:876208251118:targetgroup/tg-hub-frontend-adhoc/62ce8898053f0f26"
                }
            },
            "resources": {},
            "depends_on": []
        },
        {
            "path": [
                "root",
                "adhoc",
                "hub-frontend",
                "ecs-service"
            ],
            "outputs": {},
            "resources": {},
            "depends_on": []
        },
        {
            "path": [
                "root",
                "adhoc",
                "hub-services",
                "alb"
            ],
            "outputs": {
                "alb_arn": {
                    "sensitive": false,
                    "type": "string",
                    "value": "arn:aws:elasticloadbalancing:us-east-1:876208251118:loadbalancer/app/hub-services-adhoc/2a5d9586a7b105a5"
                },
                "alb_dns_name": {
                    "sensitive": false,
                    "type": "string",
                    "value": "internal-hub-services-adhoc-1522609986.us-east-1.elb.amazonaws.com"
                },
                "alb_target_group_arn": {
                    "sensitive": false,
                    "type": "string",
                    "value": "arn:aws:elasticloadbalancing:us-east-1:876208251118:targetgroup/tg-hub-services-adhoc/97be063a339d4857"
                }
            },
            "resources": {},
            "depends_on": []
        },
        {
            "path": [
                "root",
                "adhoc",
                "hub-services",
                "ecs-service"
            ],
            "outputs": {},
            "resources": {},
            "depends_on": []
        },
        {
            "path": [
                "root",
                "adhoc1",
                "hub-frontend",
                "alb"
            ],
            "outputs": {
                "alb_arn": {
                    "sensitive": false,
                    "type": "string",
                    "value": "arn:aws:elasticloadbalancing:us-east-1:876208251118:loadbalancer/app/hub-frontend-adhoc1/15317890094282aa"
                },
                "alb_dns_name": {
                    "sensitive": false,
                    "type": "string",
                    "value": "hub-frontend-adhoc1-316929869.us-east-1.elb.amazonaws.com"
                },
                "alb_target_group_arn": {
                    "sensitive": false,
                    "type": "string",
                    "value": "arn:aws:elasticloadbalancing:us-east-1:876208251118:targetgroup/tg-hub-frontend-adhoc1/07523ee3fabee630"
                }
            },
            "resources": {},
            "depends_on": []
        },
        {
            "path": [
                "root",
                "adhoc1",
                "hub-frontend",
                "ecs-service"
            ],
            "outputs": {},
            "resources": {},
            "depends_on": []
        },
        {
            "path": [
                "root",
                "adhoc1",
                "hub-services",
                "alb"
            ],
            "outputs": {
                "alb_arn": {
                    "sensitive": false,
                    "type": "string",
                    "value": "arn:aws:elasticloadbalancing:us-east-1:876208251118:loadbalancer/app/hub-services-adhoc1/f5bc78f02c608fb3"
                },
                "alb_dns_name": {
                    "sensitive": false,
                    "type": "string",
                    "value": "internal-hub-services-adhoc1-2018657624.us-east-1.elb.amazonaws.com"
                },
                "alb_target_group_arn": {
                    "sensitive": false,
                    "type": "string",
                    "value": "arn:aws:elasticloadbalancing:us-east-1:876208251118:targetgroup/tg-hub-services-adhoc1/14d324d79e7ce287"
                }
            },
            "resources": {},
            "depends_on": []
        },
        {
            "path": [
                "root",
                "adhoc1",
                "hub-services",
                "ecs-service"
            ],
            "outputs": {},
            "resources": {},
            "depends_on": []
        },
        {
            "path": [
                "root",
                "dev-standalone",
                "environment",
                "hub-frontend"
            ],
            "outputs": {
                "alb_dns_name": {
                    "sensitive": false,
                    "type": "string",
                    "value": "hub-frontend-dev-standalone-1384578665.us-east-1.elb.amazonaws.com"
                }
            },
            "resources": {},
            "depends_on": []
        },
        {
            "path": [
                "root",
                "dev-standalone",
                "environment",
                "hub-services"
            ],
            "outputs": {
                "alb_dns_name": {
                    "sensitive": false,
                    "type": "string",
                    "value": "hub-services-dev-standalone-1783120878.us-east-1.elb.amazonaws.com"
                }
            },
            "resources": {},
            "depends_on": []
        },
        {
            "path": [
                "root",
                "dev-standalone",
                "hub-frontend",
                "alb"
            ],
            "outputs": {
                "alb_dns_name": {
                    "sensitive": false,
                    "type": "string",
                    "value": "hub-frontend-dev-standalone-1384578665.us-east-1.elb.amazonaws.com"
                },
                "alb_target_group_arn": {
                    "sensitive": false,
                    "type": "string",
                    "value": "arn:aws:elasticloadbalancing:us-east-1:876208251118:targetgroup/tg-hub-frontend-dev-standalone/cdfac9d46e6f5dae"
                }
            },
            "resources": {},
            "depends_on": []
        },
        {
            "path": [
                "root",
                "dev-standalone",
                "hub-frontend",
                "ecs-service"
            ],
            "outputs": {},
            "resources": {},
            "depends_on": []
        },
        {
            "path": [
                "root",
                "dev-standalone",
                "hub-services",
                "alb"
            ],
            "outputs": {
                "alb_dns_name": {
                    "sensitive": false,
                    "type": "string",
                    "value": "hub-services-dev-standalone-1783120878.us-east-1.elb.amazonaws.com"
                },
                "alb_target_group_arn": {
                    "sensitive": false,
                    "type": "string",
                    "value": "arn:aws:elasticloadbalancing:us-east-1:876208251118:targetgroup/tg-hub-services-dev-standalone/c648cab55e1e5a20"
                }
            },
            "resources": {},
            "depends_on": []
        },
        {
            "path": [
                "root",
                "dev-standalone",
                "hub-services",
                "ecs-service"
            ],
            "outputs": {},
            "resources": {},
            "depends_on": []
        },
        {
            "path": [
                "root",
                "dev",
                "hub-frontend",
                "alb"
            ],
            "outputs": {
                "alb_arn": {
                    "sensitive": false,
                    "type": "string",
                    "value": "arn:aws:elasticloadbalancing:us-east-1:876208251118:loadbalancer/app/hub-frontend-dev/d3d7b68ced7f7370"
                },
                "alb_dns_name": {
                    "sensitive": false,
                    "type": "string",
                    "value": "hub-frontend-dev-2036046404.us-east-1.elb.amazonaws.com"
                },
                "alb_target_group_arn": {
                    "sensitive": false,
                    "type": "string",
                    "value": "arn:aws:elasticloadbalancing:us-east-1:876208251118:targetgroup/tg-hub-frontend-dev/68826e1152a54fb8"
                }
            },
            "resources": {
                "aws_alb.main": {
                    "type": "aws_alb",
                    "depends_on": [],
                    "primary": {
                        "id": "arn:aws:elasticloadbalancing:us-east-1:876208251118:loadbalancer/app/hub-frontend-dev/d3d7b68ced7f7370",
                        "attributes": {
                            "access_logs.#": "0",
                            "arn": "arn:aws:elasticloadbalancing:us-east-1:876208251118:loadbalancer/app/hub-frontend-dev/d3d7b68ced7f7370",
                            "arn_suffix": "app/hub-frontend-dev/d3d7b68ced7f7370",
                            "dns_name": "hub-frontend-dev-2036046404.us-east-1.elb.amazonaws.com",
                            "enable_deletion_protection": "false",
                            "id": "arn:aws:elasticloadbalancing:us-east-1:876208251118:loadbalancer/app/hub-frontend-dev/d3d7b68ced7f7370",
                            "idle_timeout": "60",
                            "internal": "false",
                            "ip_address_type": "ipv4",
                            "name": "hub-frontend-dev",
                            "security_groups.#": "2",
                            "security_groups.1964801557": "sg-59a3f12a",
                            "security_groups.872627105": "sg-63bf5d13",
                            "subnets.#": "2",
                            "subnets.171620605": "subnet-584d2e02",
                            "subnets.4012636281": "subnet-24133e6c",
                            "tags.%": "0",
                            "vpc_id": "vpc-b394ecca",
                            "zone_id": "Z35SXDOTRQ7X7K"
                        },
                        "meta": {
                            "e2bfb730-ecaa-11e6-8f88-34363bc7c4c0": {
                                "create": 600000000000,
                                "delete": 600000000000,
                                "update": 600000000000
                            }
                        },
                        "tainted": false
                    },
                    "deposed": [],
                    "provider": ""
                },
                "aws_alb_listener.listener": {
                    "type": "aws_alb_listener",
                    "depends_on": [
                        "aws_alb.main",
                        "aws_alb_target_group.target_group"
                    ],
                    "primary": {
                        "id": "arn:aws:elasticloadbalancing:us-east-1:876208251118:listener/app/hub-frontend-dev/d3d7b68ced7f7370/acbe90f85620c821",
                        "attributes": {
                            "arn": "arn:aws:elasticloadbalancing:us-east-1:876208251118:listener/app/hub-frontend-dev/d3d7b68ced7f7370/acbe90f85620c821",
                            "default_action.#": "1",
                            "default_action.0.target_group_arn": "arn:aws:elasticloadbalancing:us-east-1:876208251118:targetgroup/tg-hub-frontend-dev/68826e1152a54fb8",
                            "default_action.0.type": "forward",
                            "id": "arn:aws:elasticloadbalancing:us-east-1:876208251118:listener/app/hub-frontend-dev/d3d7b68ced7f7370/acbe90f85620c821",
                            "load_balancer_arn": "arn:aws:elasticloadbalancing:us-east-1:876208251118:loadbalancer/app/hub-frontend-dev/d3d7b68ced7f7370",
                            "port": "80",
                            "protocol": "HTTP",
                            "ssl_policy": ""
                        },
                        "meta": {},
                        "tainted": false
                    },
                    "deposed": [],
                    "provider": ""
                },
                "aws_alb_target_group.target_group": {
                    "type": "aws_alb_target_group",
                    "depends_on": [
                        "aws_alb.main"
                    ],
                    "primary": {
                        "id": "arn:aws:elasticloadbalancing:us-east-1:876208251118:targetgroup/tg-hub-frontend-dev/68826e1152a54fb8",
                        "attributes": {
                            "arn": "arn:aws:elasticloadbalancing:us-east-1:876208251118:targetgroup/tg-hub-frontend-dev/68826e1152a54fb8",
                            "arn_suffix": "targetgroup/tg-hub-frontend-dev/68826e1152a54fb8",
                            "deregistration_delay": "300",
                            "health_check.#": "1",
                            "health_check.0.healthy_threshold": "5",
                            "health_check.0.interval": "30",
                            "health_check.0.matcher": "200",
                            "health_check.0.path": "/status",
                            "health_check.0.port": "traffic-port",
                            "health_check.0.protocol": "HTTP",
                            "health_check.0.timeout": "5",
                            "health_check.0.unhealthy_threshold": "2",
                            "id": "arn:aws:elasticloadbalancing:us-east-1:876208251118:targetgroup/tg-hub-frontend-dev/68826e1152a54fb8",
                            "name": "tg-hub-frontend-dev",
                            "port": "80",
                            "protocol": "HTTP",
                            "stickiness.#": "1",
                            "stickiness.0.cookie_duration": "28800",
                            "stickiness.0.enabled": "true",
                            "stickiness.0.type": "lb_cookie",
                            "tags.%": "0",
                            "vpc_id": "vpc-b394ecca"
                        },
                        "meta": {},
                        "tainted": false
                    },
                    "deposed": [],
                    "provider": ""
                }
            },
            "depends_on": []
        },
        {
            "path": [
                "root",
                "dev",
                "hub-frontend",
                "ecs-service"
            ],
            "outputs": {},
            "resources": {
                "aws_cloudwatch_log_group.logs": {
                    "type": "aws_cloudwatch_log_group",
                    "depends_on": [],
                    "primary": {
                        "id": "hub-frontend-dev/logs",
                        "attributes": {
                            "arn": "arn:aws:logs:us-east-1:876208251118:log-group:hub-frontend-dev/logs:*",
                            "id": "hub-frontend-dev/logs",
                            "name": "hub-frontend-dev/logs",
                            "retention_in_days": "0",
                            "tags.%": "0"
                        },
                        "meta": {},
                        "tainted": false
                    },
                    "deposed": [],
                    "provider": ""
                },
                "aws_ecs_service.service": {
                    "type": "aws_ecs_service",
                    "depends_on": [
                        "aws_ecs_task_definition.taskdef"
                    ],
                    "primary": {
                        "id": "arn:aws:ecs:us-east-1:876208251118:service/hub-frontend-dev",
                        "attributes": {
                            "cluster": "arn:aws:ecs:us-east-1:876208251118:cluster/student-hub-dev",
                            "deployment_maximum_percent": "200",
                            "deployment_minimum_healthy_percent": "100",
                            "desired_count": "2",
                            "iam_role": "arn:aws:iam::876208251118:role/student-hub-dev-ecs-service-role",
                            "id": "arn:aws:ecs:us-east-1:876208251118:service/hub-frontend-dev",
                            "load_balancer.#": "1",
                            "load_balancer.3099671616.container_name": "hub-frontend-dev",
                            "load_balancer.3099671616.container_port": "80",
                            "load_balancer.3099671616.elb_name": "",
                            "load_balancer.3099671616.target_group_arn": "arn:aws:elasticloadbalancing:us-east-1:876208251118:targetgroup/tg-hub-frontend-dev/68826e1152a54fb8",
                            "name": "hub-frontend-dev",
                            "placement_constraints.#": "0",
                            "placement_strategy.#": "0",
                            "task_definition": "arn:aws:ecs:us-east-1:876208251118:task-definition/hub-frontend-dev:395"
                        },
                        "meta": {},
                        "tainted": false
                    },
                    "deposed": [],
                    "provider": ""
                },
                "aws_ecs_task_definition.taskdef": {
                    "type": "aws_ecs_task_definition",
                    "depends_on": [
                        "aws_cloudwatch_log_group.logs"
                    ],
                    "primary": {
                        "id": "hub-frontend-dev",
                        "attributes": {
                            "arn": "arn:aws:ecs:us-east-1:876208251118:task-definition/hub-frontend-dev:207",
                            "container_definitions": "cd9c2ae49c78cc13b77bb0082d0f9cc8eb60c8a1",
                            "family": "hub-frontend-dev",
                            "id": "hub-frontend-dev",
                            "network_mode": "",
                            "placement_constraints.#": "0",
                            "revision": "207",
                            "task_role_arn": ""
                        },
                        "meta": {},
                        "tainted": false
                    },
                    "deposed": [],
                    "provider": ""
                }
            },
            "depends_on": []
        },
        {
            "path": [
                "root",
                "dev",
                "hub-services",
                "alb"
            ],
            "outputs": {
                "alb_arn": {
                    "sensitive": false,
                    "type": "string",
                    "value": "arn:aws:elasticloadbalancing:us-east-1:876208251118:loadbalancer/app/hub-services-dev/0b4ddc970b74cb1c"
                },
                "alb_dns_name": {
                    "sensitive": false,
                    "type": "string",
                    "value": "hub-services-dev-1973544954.us-east-1.elb.amazonaws.com"
                },
                "alb_target_group_arn": {
                    "sensitive": false,
                    "type": "string",
                    "value": "arn:aws:elasticloadbalancing:us-east-1:876208251118:targetgroup/tg-hub-services-dev/0c8620e938b43d5c"
                }
            },
            "resources": {
                "aws_alb.main": {
                    "type": "aws_alb",
                    "depends_on": [],
                    "primary": {
                        "id": "arn:aws:elasticloadbalancing:us-east-1:876208251118:loadbalancer/app/hub-services-dev/0b4ddc970b74cb1c",
                        "attributes": {
                            "access_logs.#": "0",
                            "arn": "arn:aws:elasticloadbalancing:us-east-1:876208251118:loadbalancer/app/hub-services-dev/0b4ddc970b74cb1c",
                            "arn_suffix": "app/hub-services-dev/0b4ddc970b74cb1c",
                            "dns_name": "hub-services-dev-1973544954.us-east-1.elb.amazonaws.com",
                            "enable_deletion_protection": "false",
                            "id": "arn:aws:elasticloadbalancing:us-east-1:876208251118:loadbalancer/app/hub-services-dev/0b4ddc970b74cb1c",
                            "idle_timeout": "60",
                            "internal": "false",
                            "ip_address_type": "ipv4",
                            "name": "hub-services-dev",
                            "security_groups.#": "2",
                            "security_groups.1964801557": "sg-59a3f12a",
                            "security_groups.872627105": "sg-63bf5d13",
                            "subnets.#": "2",
                            "subnets.171620605": "subnet-584d2e02",
                            "subnets.4012636281": "subnet-24133e6c",
                            "tags.%": "0",
                            "vpc_id": "vpc-b394ecca",
                            "zone_id": "Z35SXDOTRQ7X7K"
                        },
                        "meta": {
                            "e2bfb730-ecaa-11e6-8f88-34363bc7c4c0": {
                                "create": 600000000000,
                                "delete": 600000000000,
                                "update": 600000000000
                            }
                        },
                        "tainted": false
                    },
                    "deposed": [],
                    "provider": ""
                },
                "aws_alb_listener.listener": {
                    "type": "aws_alb_listener",
                    "depends_on": [
                        "aws_alb.main",
                        "aws_alb_target_group.target_group"
                    ],
                    "primary": {
                        "id": "arn:aws:elasticloadbalancing:us-east-1:876208251118:listener/app/hub-services-dev/0b4ddc970b74cb1c/94578d0b79476e1f",
                        "attributes": {
                            "arn": "arn:aws:elasticloadbalancing:us-east-1:876208251118:listener/app/hub-services-dev/0b4ddc970b74cb1c/94578d0b79476e1f",
                            "default_action.#": "1",
                            "default_action.0.target_group_arn": "arn:aws:elasticloadbalancing:us-east-1:876208251118:targetgroup/tg-hub-services-dev/0c8620e938b43d5c",
                            "default_action.0.type": "forward",
                            "id": "arn:aws:elasticloadbalancing:us-east-1:876208251118:listener/app/hub-services-dev/0b4ddc970b74cb1c/94578d0b79476e1f",
                            "load_balancer_arn": "arn:aws:elasticloadbalancing:us-east-1:876208251118:loadbalancer/app/hub-services-dev/0b4ddc970b74cb1c",
                            "port": "80",
                            "protocol": "HTTP",
                            "ssl_policy": ""
                        },
                        "meta": {},
                        "tainted": false
                    },
                    "deposed": [],
                    "provider": ""
                },
                "aws_alb_target_group.target_group": {
                    "type": "aws_alb_target_group",
                    "depends_on": [
                        "aws_alb.main"
                    ],
                    "primary": {
                        "id": "arn:aws:elasticloadbalancing:us-east-1:876208251118:targetgroup/tg-hub-services-dev/0c8620e938b43d5c",
                        "attributes": {
                            "arn": "arn:aws:elasticloadbalancing:us-east-1:876208251118:targetgroup/tg-hub-services-dev/0c8620e938b43d5c",
                            "arn_suffix": "targetgroup/tg-hub-services-dev/0c8620e938b43d5c",
                            "deregistration_delay": "300",
                            "health_check.#": "1",
                            "health_check.0.healthy_threshold": "5",
                            "health_check.0.interval": "30",
                            "health_check.0.matcher": "200",
                            "health_check.0.path": "/status",
                            "health_check.0.port": "traffic-port",
                            "health_check.0.protocol": "HTTP",
                            "health_check.0.timeout": "5",
                            "health_check.0.unhealthy_threshold": "2",
                            "id": "arn:aws:elasticloadbalancing:us-east-1:876208251118:targetgroup/tg-hub-services-dev/0c8620e938b43d5c",
                            "name": "tg-hub-services-dev",
                            "port": "8080",
                            "protocol": "HTTP",
                            "stickiness.#": "1",
                            "stickiness.0.cookie_duration": "86400",
                            "stickiness.0.enabled": "false",
                            "stickiness.0.type": "lb_cookie",
                            "tags.%": "0",
                            "vpc_id": "vpc-b394ecca"
                        },
                        "meta": {},
                        "tainted": false
                    },
                    "deposed": [],
                    "provider": ""
                }
            },
            "depends_on": []
        },
        {
            "path": [
                "root",
                "dev",
                "hub-services",
                "ecs-service"
            ],
            "outputs": {},
            "resources": {
                "aws_cloudwatch_log_group.logs": {
                    "type": "aws_cloudwatch_log_group",
                    "depends_on": [],
                    "primary": {
                        "id": "hub-services-dev/logs",
                        "attributes": {
                            "arn": "arn:aws:logs:us-east-1:876208251118:log-group:hub-services-dev/logs:*",
                            "id": "hub-services-dev/logs",
                            "name": "hub-services-dev/logs",
                            "retention_in_days": "0",
                            "tags.%": "0"
                        },
                        "meta": {},
                        "tainted": false
                    },
                    "deposed": [],
                    "provider": ""
                },
                "aws_ecs_service.service": {
                    "type": "aws_ecs_service",
                    "depends_on": [
                        "aws_ecs_task_definition.taskdef"
                    ],
                    "primary": {
                        "id": "arn:aws:ecs:us-east-1:876208251118:service/hub-services-dev",
                        "attributes": {
                            "cluster": "arn:aws:ecs:us-east-1:876208251118:cluster/student-hub-dev",
                            "deployment_maximum_percent": "200",
                            "deployment_minimum_healthy_percent": "100",
                            "desired_count": "2",
                            "iam_role": "arn:aws:iam::876208251118:role/student-hub-dev-ecs-service-role",
                            "id": "arn:aws:ecs:us-east-1:876208251118:service/hub-services-dev",
                            "load_balancer.#": "1",
                            "load_balancer.3349838700.container_name": "hub-services-dev",
                            "load_balancer.3349838700.container_port": "8080",
                            "load_balancer.3349838700.elb_name": "",
                            "load_balancer.3349838700.target_group_arn": "arn:aws:elasticloadbalancing:us-east-1:876208251118:targetgroup/tg-hub-services-dev/0c8620e938b43d5c",
                            "name": "hub-services-dev",
                            "placement_constraints.#": "0",
                            "placement_strategy.#": "0",
                            "task_definition": "arn:aws:ecs:us-east-1:876208251118:task-definition/hub-services-dev:403"
                        },
                        "meta": {},
                        "tainted": false
                    },
                    "deposed": [],
                    "provider": ""
                },
                "aws_ecs_task_definition.taskdef": {
                    "type": "aws_ecs_task_definition",
                    "depends_on": [
                        "aws_cloudwatch_log_group.logs"
                    ],
                    "primary": {
                        "id": "hub-services-dev",
                        "attributes": {
                            "arn": "arn:aws:ecs:us-east-1:876208251118:task-definition/hub-services-dev:209",
                            "container_definitions": "9db7cc4bc15acb3ecd5344a705413436be2491ca",
                            "family": "hub-services-dev",
                            "id": "hub-services-dev",
                            "network_mode": "",
                            "placement_constraints.#": "0",
                            "revision": "209",
                            "task_role_arn": ""
                        },
                        "meta": {},
                        "tainted": false
                    },
                    "deposed": [],
                    "provider": ""
                }
            },
            "depends_on": []
        },
        {
            "path": [
                "root",
                "prod",
                "hub-frontend",
                "alb"
            ],
            "outputs": {
                "alb_arn": {
                    "sensitive": false,
                    "type": "string",
                    "value": "arn:aws:elasticloadbalancing:us-east-1:876208251118:loadbalancer/app/hub-frontend-prod/2801e54553b1c3ef"
                },
                "alb_dns_name": {
                    "sensitive": false,
                    "type": "string",
                    "value": "hub-frontend-prod-387541778.us-east-1.elb.amazonaws.com"
                },
                "alb_target_group_arn": {
                    "sensitive": false,
                    "type": "string",
                    "value": "arn:aws:elasticloadbalancing:us-east-1:876208251118:targetgroup/tg-hub-frontend-prod/e2bdf46a18837417"
                }
            },
            "resources": {
                "aws_alb.main": {
                    "type": "aws_alb",
                    "depends_on": [],
                    "primary": {
                        "id": "arn:aws:elasticloadbalancing:us-east-1:876208251118:loadbalancer/app/hub-frontend-prod/2801e54553b1c3ef",
                        "attributes": {
                            "access_logs.#": "0",
                            "arn": "arn:aws:elasticloadbalancing:us-east-1:876208251118:loadbalancer/app/hub-frontend-prod/2801e54553b1c3ef",
                            "arn_suffix": "app/hub-frontend-prod/2801e54553b1c3ef",
                            "dns_name": "hub-frontend-prod-387541778.us-east-1.elb.amazonaws.com",
                            "enable_deletion_protection": "false",
                            "id": "arn:aws:elasticloadbalancing:us-east-1:876208251118:loadbalancer/app/hub-frontend-prod/2801e54553b1c3ef",
                            "idle_timeout": "60",
                            "internal": "false",
                            "ip_address_type": "ipv4",
                            "name": "hub-frontend-prod",
                            "security_groups.#": "2",
                            "security_groups.2295132393": "sg-e4171597",
                            "security_groups.872627105": "sg-63bf5d13",
                            "subnets.#": "2",
                            "subnets.171620605": "subnet-584d2e02",
                            "subnets.4012636281": "subnet-24133e6c",
                            "tags.%": "0",
                            "vpc_id": "vpc-b394ecca",
                            "zone_id": "Z35SXDOTRQ7X7K"
                        },
                        "meta": {
                            "e2bfb730-ecaa-11e6-8f88-34363bc7c4c0": {
                                "create": 600000000000,
                                "delete": 600000000000,
                                "update": 600000000000
                            }
                        },
                        "tainted": false
                    },
                    "deposed": [],
                    "provider": ""
                },
                "aws_alb_listener.listener": {
                    "type": "aws_alb_listener",
                    "depends_on": [
                        "aws_alb.main",
                        "aws_alb_target_group.target_group"
                    ],
                    "primary": {
                        "id": "arn:aws:elasticloadbalancing:us-east-1:876208251118:listener/app/hub-frontend-prod/2801e54553b1c3ef/bd6768f63fb0d83f",
                        "attributes": {
                            "arn": "arn:aws:elasticloadbalancing:us-east-1:876208251118:listener/app/hub-frontend-prod/2801e54553b1c3ef/bd6768f63fb0d83f",
                            "default_action.#": "1",
                            "default_action.0.target_group_arn": "arn:aws:elasticloadbalancing:us-east-1:876208251118:targetgroup/tg-hub-frontend-prod/e2bdf46a18837417",
                            "default_action.0.type": "forward",
                            "id": "arn:aws:elasticloadbalancing:us-east-1:876208251118:listener/app/hub-frontend-prod/2801e54553b1c3ef/bd6768f63fb0d83f",
                            "load_balancer_arn": "arn:aws:elasticloadbalancing:us-east-1:876208251118:loadbalancer/app/hub-frontend-prod/2801e54553b1c3ef",
                            "port": "80",
                            "protocol": "HTTP",
                            "ssl_policy": ""
                        },
                        "meta": {},
                        "tainted": false
                    },
                    "deposed": [],
                    "provider": ""
                },
                "aws_alb_target_group.target_group": {
                    "type": "aws_alb_target_group",
                    "depends_on": [
                        "aws_alb.main"
                    ],
                    "primary": {
                        "id": "arn:aws:elasticloadbalancing:us-east-1:876208251118:targetgroup/tg-hub-frontend-prod/e2bdf46a18837417",
                        "attributes": {
                            "arn": "arn:aws:elasticloadbalancing:us-east-1:876208251118:targetgroup/tg-hub-frontend-prod/e2bdf46a18837417",
                            "arn_suffix": "targetgroup/tg-hub-frontend-prod/e2bdf46a18837417",
                            "deregistration_delay": "300",
                            "health_check.#": "1",
                            "health_check.0.healthy_threshold": "5",
                            "health_check.0.interval": "30",
                            "health_check.0.matcher": "200",
                            "health_check.0.path": "/status",
                            "health_check.0.port": "traffic-port",
                            "health_check.0.protocol": "HTTP",
                            "health_check.0.timeout": "5",
                            "health_check.0.unhealthy_threshold": "2",
                            "id": "arn:aws:elasticloadbalancing:us-east-1:876208251118:targetgroup/tg-hub-frontend-prod/e2bdf46a18837417",
                            "name": "tg-hub-frontend-prod",
                            "port": "80",
                            "protocol": "HTTP",
                            "stickiness.#": "1",
                            "stickiness.0.cookie_duration": "28800",
                            "stickiness.0.enabled": "true",
                            "stickiness.0.type": "lb_cookie",
                            "tags.%": "0",
                            "vpc_id": "vpc-b394ecca"
                        },
                        "meta": {},
                        "tainted": false
                    },
                    "deposed": [],
                    "provider": ""
                }
            },
            "depends_on": []
        },
        {
            "path": [
                "root",
                "prod",
                "hub-frontend",
                "ecs-service"
            ],
            "outputs": {},
            "resources": {
                "aws_cloudwatch_log_group.logs": {
                    "type": "aws_cloudwatch_log_group",
                    "depends_on": [],
                    "primary": {
                        "id": "hub-frontend-prod/logs",
                        "attributes": {
                            "arn": "arn:aws:logs:us-east-1:876208251118:log-group:hub-frontend-prod/logs:*",
                            "id": "hub-frontend-prod/logs",
                            "name": "hub-frontend-prod/logs",
                            "retention_in_days": "0",
                            "tags.%": "0"
                        },
                        "meta": {},
                        "tainted": false
                    },
                    "deposed": [],
                    "provider": ""
                },
                "aws_ecs_service.service": {
                    "type": "aws_ecs_service",
                    "depends_on": [
                        "aws_ecs_task_definition.taskdef"
                    ],
                    "primary": {
                        "id": "arn:aws:ecs:us-east-1:876208251118:service/hub-frontend-prod",
                        "attributes": {
                            "cluster": "arn:aws:ecs:us-east-1:876208251118:cluster/student-hub-prod",
                            "deployment_maximum_percent": "200",
                            "deployment_minimum_healthy_percent": "100",
                            "desired_count": "2",
                            "iam_role": "arn:aws:iam::876208251118:role/student-hub-prod-ecs-service-role",
                            "id": "arn:aws:ecs:us-east-1:876208251118:service/hub-frontend-prod",
                            "load_balancer.#": "1",
                            "load_balancer.593396287.container_name": "hub-frontend-prod",
                            "load_balancer.593396287.container_port": "80",
                            "load_balancer.593396287.elb_name": "",
                            "load_balancer.593396287.target_group_arn": "arn:aws:elasticloadbalancing:us-east-1:876208251118:targetgroup/tg-hub-frontend-prod/e2bdf46a18837417",
                            "name": "hub-frontend-prod",
                            "placement_constraints.#": "0",
                            "placement_strategy.#": "0",
                            "task_definition": "arn:aws:ecs:us-east-1:876208251118:task-definition/hub-frontend-prod:8"
                        },
                        "meta": {},
                        "tainted": false
                    },
                    "deposed": [],
                    "provider": ""
                },
                "aws_ecs_task_definition.taskdef": {
                    "type": "aws_ecs_task_definition",
                    "depends_on": [
                        "aws_cloudwatch_log_group.logs"
                    ],
                    "primary": {
                        "id": "hub-frontend-prod",
                        "attributes": {
                            "arn": "arn:aws:ecs:us-east-1:876208251118:task-definition/hub-frontend-prod:1",
                            "container_definitions": "4cb47f6d39fb812a149a43d5a435dc54d35185bc",
                            "family": "hub-frontend-prod",
                            "id": "hub-frontend-prod",
                            "network_mode": "",
                            "placement_constraints.#": "0",
                            "revision": "1",
                            "task_role_arn": ""
                        },
                        "meta": {},
                        "tainted": false
                    },
                    "deposed": [],
                    "provider": ""
                }
            },
            "depends_on": []
        },
        {
            "path": [
                "root",
                "prod",
                "hub-services",
                "alb"
            ],
            "outputs": {
                "alb_arn": {
                    "sensitive": false,
                    "type": "string",
                    "value": "arn:aws:elasticloadbalancing:us-east-1:876208251118:loadbalancer/app/hub-services-prod/e5efdadae08e8bb9"
                },
                "alb_dns_name": {
                    "sensitive": false,
                    "type": "string",
                    "value": "hub-services-prod-322122162.us-east-1.elb.amazonaws.com"
                },
                "alb_target_group_arn": {
                    "sensitive": false,
                    "type": "string",
                    "value": "arn:aws:elasticloadbalancing:us-east-1:876208251118:targetgroup/tg-hub-services-prod/4db6e40e060ffce6"
                }
            },
            "resources": {
                "aws_alb.main": {
                    "type": "aws_alb",
                    "depends_on": [],
                    "primary": {
                        "id": "arn:aws:elasticloadbalancing:us-east-1:876208251118:loadbalancer/app/hub-services-prod/e5efdadae08e8bb9",
                        "attributes": {
                            "access_logs.#": "0",
                            "arn": "arn:aws:elasticloadbalancing:us-east-1:876208251118:loadbalancer/app/hub-services-prod/e5efdadae08e8bb9",
                            "arn_suffix": "app/hub-services-prod/e5efdadae08e8bb9",
                            "dns_name": "hub-services-prod-322122162.us-east-1.elb.amazonaws.com",
                            "enable_deletion_protection": "false",
                            "id": "arn:aws:elasticloadbalancing:us-east-1:876208251118:loadbalancer/app/hub-services-prod/e5efdadae08e8bb9",
                            "idle_timeout": "60",
                            "internal": "false",
                            "ip_address_type": "ipv4",
                            "name": "hub-services-prod",
                            "security_groups.#": "2",
                            "security_groups.2295132393": "sg-e4171597",
                            "security_groups.872627105": "sg-63bf5d13",
                            "subnets.#": "2",
                            "subnets.171620605": "subnet-584d2e02",
                            "subnets.4012636281": "subnet-24133e6c",
                            "tags.%": "0",
                            "vpc_id": "vpc-b394ecca",
                            "zone_id": "Z35SXDOTRQ7X7K"
                        },
                        "meta": {
                            "e2bfb730-ecaa-11e6-8f88-34363bc7c4c0": {
                                "create": 600000000000,
                                "delete": 600000000000,
                                "update": 600000000000
                            }
                        },
                        "tainted": false
                    },
                    "deposed": [],
                    "provider": ""
                },
                "aws_alb_listener.listener": {
                    "type": "aws_alb_listener",
                    "depends_on": [
                        "aws_alb.main",
                        "aws_alb_target_group.target_group"
                    ],
                    "primary": {
                        "id": "arn:aws:elasticloadbalancing:us-east-1:876208251118:listener/app/hub-services-prod/e5efdadae08e8bb9/bcedfaefeead4c53",
                        "attributes": {
                            "arn": "arn:aws:elasticloadbalancing:us-east-1:876208251118:listener/app/hub-services-prod/e5efdadae08e8bb9/bcedfaefeead4c53",
                            "default_action.#": "1",
                            "default_action.0.target_group_arn": "arn:aws:elasticloadbalancing:us-east-1:876208251118:targetgroup/tg-hub-services-prod/4db6e40e060ffce6",
                            "default_action.0.type": "forward",
                            "id": "arn:aws:elasticloadbalancing:us-east-1:876208251118:listener/app/hub-services-prod/e5efdadae08e8bb9/bcedfaefeead4c53",
                            "load_balancer_arn": "arn:aws:elasticloadbalancing:us-east-1:876208251118:loadbalancer/app/hub-services-prod/e5efdadae08e8bb9",
                            "port": "80",
                            "protocol": "HTTP",
                            "ssl_policy": ""
                        },
                        "meta": {},
                        "tainted": false
                    },
                    "deposed": [],
                    "provider": ""
                },
                "aws_alb_target_group.target_group": {
                    "type": "aws_alb_target_group",
                    "depends_on": [
                        "aws_alb.main"
                    ],
                    "primary": {
                        "id": "arn:aws:elasticloadbalancing:us-east-1:876208251118:targetgroup/tg-hub-services-prod/4db6e40e060ffce6",
                        "attributes": {
                            "arn": "arn:aws:elasticloadbalancing:us-east-1:876208251118:targetgroup/tg-hub-services-prod/4db6e40e060ffce6",
                            "arn_suffix": "targetgroup/tg-hub-services-prod/4db6e40e060ffce6",
                            "deregistration_delay": "300",
                            "health_check.#": "1",
                            "health_check.0.healthy_threshold": "5",
                            "health_check.0.interval": "30",
                            "health_check.0.matcher": "200",
                            "health_check.0.path": "/status",
                            "health_check.0.port": "traffic-port",
                            "health_check.0.protocol": "HTTP",
                            "health_check.0.timeout": "5",
                            "health_check.0.unhealthy_threshold": "2",
                            "id": "arn:aws:elasticloadbalancing:us-east-1:876208251118:targetgroup/tg-hub-services-prod/4db6e40e060ffce6",
                            "name": "tg-hub-services-prod",
                            "port": "8080",
                            "protocol": "HTTP",
                            "stickiness.#": "1",
                            "stickiness.0.cookie_duration": "86400",
                            "stickiness.0.enabled": "false",
                            "stickiness.0.type": "lb_cookie",
                            "tags.%": "0",
                            "vpc_id": "vpc-b394ecca"
                        },
                        "meta": {},
                        "tainted": false
                    },
                    "deposed": [],
                    "provider": ""
                }
            },
            "depends_on": []
        },
        {
            "path": [
                "root",
                "prod",
                "hub-services",
                "ecs-service"
            ],
            "outputs": {},
            "resources": {
                "aws_cloudwatch_log_group.logs": {
                    "type": "aws_cloudwatch_log_group",
                    "depends_on": [],
                    "primary": {
                        "id": "hub-services-prod/logs",
                        "attributes": {
                            "arn": "arn:aws:logs:us-east-1:876208251118:log-group:hub-services-prod/logs:*",
                            "id": "hub-services-prod/logs",
                            "name": "hub-services-prod/logs",
                            "retention_in_days": "0",
                            "tags.%": "0"
                        },
                        "meta": {},
                        "tainted": false
                    },
                    "deposed": [],
                    "provider": ""
                },
                "aws_ecs_service.service": {
                    "type": "aws_ecs_service",
                    "depends_on": [
                        "aws_ecs_task_definition.taskdef"
                    ],
                    "primary": {
                        "id": "arn:aws:ecs:us-east-1:876208251118:service/hub-services-prod",
                        "attributes": {
                            "cluster": "arn:aws:ecs:us-east-1:876208251118:cluster/student-hub-prod",
                            "deployment_maximum_percent": "200",
                            "deployment_minimum_healthy_percent": "100",
                            "desired_count": "2",
                            "iam_role": "arn:aws:iam::876208251118:role/student-hub-prod-ecs-service-role",
                            "id": "arn:aws:ecs:us-east-1:876208251118:service/hub-services-prod",
                            "load_balancer.#": "1",
                            "load_balancer.339423881.container_name": "hub-services-prod",
                            "load_balancer.339423881.container_port": "8080",
                            "load_balancer.339423881.elb_name": "",
                            "load_balancer.339423881.target_group_arn": "arn:aws:elasticloadbalancing:us-east-1:876208251118:targetgroup/tg-hub-services-prod/4db6e40e060ffce6",
                            "name": "hub-services-prod",
                            "placement_constraints.#": "0",
                            "placement_strategy.#": "0",
                            "task_definition": "arn:aws:ecs:us-east-1:876208251118:task-definition/hub-services-prod:8"
                        },
                        "meta": {},
                        "tainted": false
                    },
                    "deposed": [],
                    "provider": ""
                },
                "aws_ecs_task_definition.taskdef": {
                    "type": "aws_ecs_task_definition",
                    "depends_on": [
                        "aws_cloudwatch_log_group.logs"
                    ],
                    "primary": {
                        "id": "hub-services-prod",
                        "attributes": {
                            "arn": "arn:aws:ecs:us-east-1:876208251118:task-definition/hub-services-prod:1",
                            "container_definitions": "f5ec91aecb7eb76cf1ef97fec917b0f14b67d9fa",
                            "family": "hub-services-prod",
                            "id": "hub-services-prod",
                            "network_mode": "",
                            "placement_constraints.#": "0",
                            "revision": "1",
                            "task_role_arn": ""
                        },
                        "meta": {},
                        "tainted": false
                    },
                    "deposed": [],
                    "provider": ""
                }
            },
            "depends_on": []
        },
        {
            "path": [
                "root",
                "qa-standalone",
                "environment",
                "hub-frontend"
            ],
            "outputs": {
                "alb_dns_name": {
                    "sensitive": false,
                    "type": "string",
                    "value": "hub-frontend-qa-standalone-1951429906.us-east-1.elb.amazonaws.com"
                }
            },
            "resources": {},
            "depends_on": []
        },
        {
            "path": [
                "root",
                "qa-standalone",
                "environment",
                "hub-services"
            ],
            "outputs": {
                "alb_dns_name": {
                    "sensitive": false,
                    "type": "string",
                    "value": "hub-services-qa-standalone-27920905.us-east-1.elb.amazonaws.com"
                }
            },
            "resources": {},
            "depends_on": []
        },
        {
            "path": [
                "root",
                "qa-standalone",
                "hub-frontend",
                "alb"
            ],
            "outputs": {
                "alb_dns_name": {
                    "sensitive": false,
                    "type": "string",
                    "value": "hub-frontend-qa-standalone-1951429906.us-east-1.elb.amazonaws.com"
                },
                "alb_target_group_arn": {
                    "sensitive": false,
                    "type": "string",
                    "value": "arn:aws:elasticloadbalancing:us-east-1:876208251118:targetgroup/tg-hub-frontend-qa-standalone/783d3b795f234fed"
                }
            },
            "resources": {},
            "depends_on": []
        },
        {
            "path": [
                "root",
                "qa-standalone",
                "hub-frontend",
                "ecs-service"
            ],
            "outputs": {},
            "resources": {},
            "depends_on": []
        },
        {
            "path": [
                "root",
                "qa-standalone",
                "hub-services",
                "alb"
            ],
            "outputs": {
                "alb_dns_name": {
                    "sensitive": false,
                    "type": "string",
                    "value": "hub-services-qa-standalone-27920905.us-east-1.elb.amazonaws.com"
                },
                "alb_target_group_arn": {
                    "sensitive": false,
                    "type": "string",
                    "value": "arn:aws:elasticloadbalancing:us-east-1:876208251118:targetgroup/tg-hub-services-qa-standalone/5c75f71ea9dd93a6"
                }
            },
            "resources": {},
            "depends_on": []
        },
        {
            "path": [
                "root",
                "qa-standalone",
                "hub-services",
                "ecs-service"
            ],
            "outputs": {},
            "resources": {},
            "depends_on": []
        },
        {
            "path": [
                "root",
                "qa",
                "hub-frontend",
                "alb"
            ],
            "outputs": {
                "alb_arn": {
                    "sensitive": false,
                    "type": "string",
                    "value": "arn:aws:elasticloadbalancing:us-east-1:876208251118:loadbalancer/app/hub-frontend-qa/05d759ad9a512409"
                },
                "alb_dns_name": {
                    "sensitive": false,
                    "type": "string",
                    "value": "hub-frontend-qa-1514354961.us-east-1.elb.amazonaws.com"
                },
                "alb_target_group_arn": {
                    "sensitive": false,
                    "type": "string",
                    "value": "arn:aws:elasticloadbalancing:us-east-1:876208251118:targetgroup/tg-hub-frontend-qa/17b3a55c3ace82aa"
                }
            },
            "resources": {
                "aws_alb.main": {
                    "type": "aws_alb",
                    "depends_on": [],
                    "primary": {
                        "id": "arn:aws:elasticloadbalancing:us-east-1:876208251118:loadbalancer/app/hub-frontend-qa/05d759ad9a512409",
                        "attributes": {
                            "access_logs.#": "0",
                            "arn": "arn:aws:elasticloadbalancing:us-east-1:876208251118:loadbalancer/app/hub-frontend-qa/05d759ad9a512409",
                            "arn_suffix": "app/hub-frontend-qa/05d759ad9a512409",
                            "dns_name": "hub-frontend-qa-1514354961.us-east-1.elb.amazonaws.com",
                            "enable_deletion_protection": "false",
                            "id": "arn:aws:elasticloadbalancing:us-east-1:876208251118:loadbalancer/app/hub-frontend-qa/05d759ad9a512409",
                            "idle_timeout": "60",
                            "internal": "false",
                            "ip_address_type": "ipv4",
                            "name": "hub-frontend-qa",
                            "security_groups.#": "2",
                            "security_groups.1703591870": "sg-7ca1f30f",
                            "security_groups.872627105": "sg-63bf5d13",
                            "subnets.#": "2",
                            "subnets.171620605": "subnet-584d2e02",
                            "subnets.4012636281": "subnet-24133e6c",
                            "tags.%": "0",
                            "vpc_id": "vpc-b394ecca",
                            "zone_id": "Z35SXDOTRQ7X7K"
                        },
                        "meta": {
                            "e2bfb730-ecaa-11e6-8f88-34363bc7c4c0": {
                                "create": 600000000000,
                                "delete": 600000000000,
                                "update": 600000000000
                            }
                        },
                        "tainted": false
                    },
                    "deposed": [],
                    "provider": ""
                },
                "aws_alb_listener.listener": {
                    "type": "aws_alb_listener",
                    "depends_on": [
                        "aws_alb.main",
                        "aws_alb_target_group.target_group"
                    ],
                    "primary": {
                        "id": "arn:aws:elasticloadbalancing:us-east-1:876208251118:listener/app/hub-frontend-qa/05d759ad9a512409/abdf8763096e062f",
                        "attributes": {
                            "arn": "arn:aws:elasticloadbalancing:us-east-1:876208251118:listener/app/hub-frontend-qa/05d759ad9a512409/abdf8763096e062f",
                            "default_action.#": "1",
                            "default_action.0.target_group_arn": "arn:aws:elasticloadbalancing:us-east-1:876208251118:targetgroup/tg-hub-frontend-qa/17b3a55c3ace82aa",
                            "default_action.0.type": "forward",
                            "id": "arn:aws:elasticloadbalancing:us-east-1:876208251118:listener/app/hub-frontend-qa/05d759ad9a512409/abdf8763096e062f",
                            "load_balancer_arn": "arn:aws:elasticloadbalancing:us-east-1:876208251118:loadbalancer/app/hub-frontend-qa/05d759ad9a512409",
                            "port": "80",
                            "protocol": "HTTP",
                            "ssl_policy": ""
                        },
                        "meta": {},
                        "tainted": false
                    },
                    "deposed": [],
                    "provider": ""
                },
                "aws_alb_target_group.target_group": {
                    "type": "aws_alb_target_group",
                    "depends_on": [
                        "aws_alb.main"
                    ],
                    "primary": {
                        "id": "arn:aws:elasticloadbalancing:us-east-1:876208251118:targetgroup/tg-hub-frontend-qa/17b3a55c3ace82aa",
                        "attributes": {
                            "arn": "arn:aws:elasticloadbalancing:us-east-1:876208251118:targetgroup/tg-hub-frontend-qa/17b3a55c3ace82aa",
                            "arn_suffix": "targetgroup/tg-hub-frontend-qa/17b3a55c3ace82aa",
                            "deregistration_delay": "300",
                            "health_check.#": "1",
                            "health_check.0.healthy_threshold": "5",
                            "health_check.0.interval": "30",
                            "health_check.0.matcher": "200",
                            "health_check.0.path": "/status",
                            "health_check.0.port": "traffic-port",
                            "health_check.0.protocol": "HTTP",
                            "health_check.0.timeout": "5",
                            "health_check.0.unhealthy_threshold": "2",
                            "id": "arn:aws:elasticloadbalancing:us-east-1:876208251118:targetgroup/tg-hub-frontend-qa/17b3a55c3ace82aa",
                            "name": "tg-hub-frontend-qa",
                            "port": "80",
                            "protocol": "HTTP",
                            "stickiness.#": "1",
                            "stickiness.0.cookie_duration": "28800",
                            "stickiness.0.enabled": "true",
                            "stickiness.0.type": "lb_cookie",
                            "tags.%": "0",
                            "vpc_id": "vpc-b394ecca"
                        },
                        "meta": {},
                        "tainted": false
                    },
                    "deposed": [],
                    "provider": ""
                }
            },
            "depends_on": []
        },
        {
            "path": [
                "root",
                "qa",
                "hub-frontend",
                "ecs-service"
            ],
            "outputs": {},
            "resources": {
                "aws_cloudwatch_log_group.logs": {
                    "type": "aws_cloudwatch_log_group",
                    "depends_on": [],
                    "primary": {
                        "id": "hub-frontend-qa/logs",
                        "attributes": {
                            "arn": "arn:aws:logs:us-east-1:876208251118:log-group:hub-frontend-qa/logs:*",
                            "id": "hub-frontend-qa/logs",
                            "name": "hub-frontend-qa/logs",
                            "retention_in_days": "0",
                            "tags.%": "0"
                        },
                        "meta": {},
                        "tainted": false
                    },
                    "deposed": [],
                    "provider": ""
                },
                "aws_ecs_service.service": {
                    "type": "aws_ecs_service",
                    "depends_on": [
                        "aws_ecs_task_definition.taskdef"
                    ],
                    "primary": {
                        "id": "arn:aws:ecs:us-east-1:876208251118:service/hub-frontend-qa",
                        "attributes": {
                            "cluster": "arn:aws:ecs:us-east-1:876208251118:cluster/student-hub-qa",
                            "deployment_maximum_percent": "200",
                            "deployment_minimum_healthy_percent": "100",
                            "desired_count": "2",
                            "iam_role": "arn:aws:iam::876208251118:role/student-hub-qa-ecs-service-role",
                            "id": "arn:aws:ecs:us-east-1:876208251118:service/hub-frontend-qa",
                            "load_balancer.#": "1",
                            "load_balancer.3404502825.container_name": "hub-frontend-qa",
                            "load_balancer.3404502825.container_port": "80",
                            "load_balancer.3404502825.elb_name": "",
                            "load_balancer.3404502825.target_group_arn": "arn:aws:elasticloadbalancing:us-east-1:876208251118:targetgroup/tg-hub-frontend-qa/17b3a55c3ace82aa",
                            "name": "hub-frontend-qa",
                            "placement_constraints.#": "0",
                            "placement_strategy.#": "0",
                            "task_definition": "arn:aws:ecs:us-east-1:876208251118:task-definition/hub-frontend-qa:162"
                        },
                        "meta": {},
                        "tainted": false
                    },
                    "deposed": [],
                    "provider": ""
                },
                "aws_ecs_task_definition.taskdef": {
                    "type": "aws_ecs_task_definition",
                    "depends_on": [
                        "aws_cloudwatch_log_group.logs"
                    ],
                    "primary": {
                        "id": "hub-frontend-qa",
                        "attributes": {
                            "arn": "arn:aws:ecs:us-east-1:876208251118:task-definition/hub-frontend-qa:75",
                            "container_definitions": "f5b88b18bc2d9c5cb085d26d717ff680f111d170",
                            "family": "hub-frontend-qa",
                            "id": "hub-frontend-qa",
                            "network_mode": "",
                            "placement_constraints.#": "0",
                            "revision": "75",
                            "task_role_arn": ""
                        },
                        "meta": {},
                        "tainted": false
                    },
                    "deposed": [],
                    "provider": ""
                }
            },
            "depends_on": []
        },
        {
            "path": [
                "root",
                "qa",
                "hub-services",
                "alb"
            ],
            "outputs": {
                "alb_arn": {
                    "sensitive": false,
                    "type": "string",
                    "value": "arn:aws:elasticloadbalancing:us-east-1:876208251118:loadbalancer/app/hub-services-qa/0b19a0cb4748b047"
                },
                "alb_dns_name": {
                    "sensitive": false,
                    "type": "string",
                    "value": "hub-services-qa-1836031278.us-east-1.elb.amazonaws.com"
                },
                "alb_target_group_arn": {
                    "sensitive": false,
                    "type": "string",
                    "value": "arn:aws:elasticloadbalancing:us-east-1:876208251118:targetgroup/tg-hub-services-qa/00924771ee6a705a"
                }
            },
            "resources": {
                "aws_alb.main": {
                    "type": "aws_alb",
                    "depends_on": [],
                    "primary": {
                        "id": "arn:aws:elasticloadbalancing:us-east-1:876208251118:loadbalancer/app/hub-services-qa/0b19a0cb4748b047",
                        "attributes": {
                            "access_logs.#": "0",
                            "arn": "arn:aws:elasticloadbalancing:us-east-1:876208251118:loadbalancer/app/hub-services-qa/0b19a0cb4748b047",
                            "arn_suffix": "app/hub-services-qa/0b19a0cb4748b047",
                            "dns_name": "hub-services-qa-1836031278.us-east-1.elb.amazonaws.com",
                            "enable_deletion_protection": "false",
                            "id": "arn:aws:elasticloadbalancing:us-east-1:876208251118:loadbalancer/app/hub-services-qa/0b19a0cb4748b047",
                            "idle_timeout": "60",
                            "internal": "false",
                            "ip_address_type": "ipv4",
                            "name": "hub-services-qa",
                            "security_groups.#": "2",
                            "security_groups.1703591870": "sg-7ca1f30f",
                            "security_groups.872627105": "sg-63bf5d13",
                            "subnets.#": "2",
                            "subnets.171620605": "subnet-584d2e02",
                            "subnets.4012636281": "subnet-24133e6c",
                            "tags.%": "0",
                            "vpc_id": "vpc-b394ecca",
                            "zone_id": "Z35SXDOTRQ7X7K"
                        },
                        "meta": {
                            "e2bfb730-ecaa-11e6-8f88-34363bc7c4c0": {
                                "create": 600000000000,
                                "delete": 600000000000,
                                "update": 600000000000
                            }
                        },
                        "tainted": false
                    },
                    "deposed": [],
                    "provider": ""
                },
                "aws_alb_listener.listener": {
                    "type": "aws_alb_listener",
                    "depends_on": [
                        "aws_alb.main",
                        "aws_alb_target_group.target_group"
                    ],
                    "primary": {
                        "id": "arn:aws:elasticloadbalancing:us-east-1:876208251118:listener/app/hub-services-qa/0b19a0cb4748b047/807142d3b4287780",
                        "attributes": {
                            "arn": "arn:aws:elasticloadbalancing:us-east-1:876208251118:listener/app/hub-services-qa/0b19a0cb4748b047/807142d3b4287780",
                            "default_action.#": "1",
                            "default_action.0.target_group_arn": "arn:aws:elasticloadbalancing:us-east-1:876208251118:targetgroup/tg-hub-services-qa/00924771ee6a705a",
                            "default_action.0.type": "forward",
                            "id": "arn:aws:elasticloadbalancing:us-east-1:876208251118:listener/app/hub-services-qa/0b19a0cb4748b047/807142d3b4287780",
                            "load_balancer_arn": "arn:aws:elasticloadbalancing:us-east-1:876208251118:loadbalancer/app/hub-services-qa/0b19a0cb4748b047",
                            "port": "80",
                            "protocol": "HTTP",
                            "ssl_policy": ""
                        },
                        "meta": {},
                        "tainted": false
                    },
                    "deposed": [],
                    "provider": ""
                },
                "aws_alb_target_group.target_group": {
                    "type": "aws_alb_target_group",
                    "depends_on": [
                        "aws_alb.main"
                    ],
                    "primary": {
                        "id": "arn:aws:elasticloadbalancing:us-east-1:876208251118:targetgroup/tg-hub-services-qa/00924771ee6a705a",
                        "attributes": {
                            "arn": "arn:aws:elasticloadbalancing:us-east-1:876208251118:targetgroup/tg-hub-services-qa/00924771ee6a705a",
                            "arn_suffix": "targetgroup/tg-hub-services-qa/00924771ee6a705a",
                            "deregistration_delay": "300",
                            "health_check.#": "1",
                            "health_check.0.healthy_threshold": "5",
                            "health_check.0.interval": "30",
                            "health_check.0.matcher": "200",
                            "health_check.0.path": "/status",
                            "health_check.0.port": "traffic-port",
                            "health_check.0.protocol": "HTTP",
                            "health_check.0.timeout": "5",
                            "health_check.0.unhealthy_threshold": "2",
                            "id": "arn:aws:elasticloadbalancing:us-east-1:876208251118:targetgroup/tg-hub-services-qa/00924771ee6a705a",
                            "name": "tg-hub-services-qa",
                            "port": "8080",
                            "protocol": "HTTP",
                            "stickiness.#": "1",
                            "stickiness.0.cookie_duration": "86400",
                            "stickiness.0.enabled": "false",
                            "stickiness.0.type": "lb_cookie",
                            "tags.%": "0",
                            "vpc_id": "vpc-b394ecca"
                        },
                        "meta": {},
                        "tainted": false
                    },
                    "deposed": [],
                    "provider": ""
                }
            },
            "depends_on": []
        },
        {
            "path": [
                "root",
                "qa",
                "hub-services",
                "ecs-service"
            ],
            "outputs": {},
            "resources": {
                "aws_cloudwatch_log_group.logs": {
                    "type": "aws_cloudwatch_log_group",
                    "depends_on": [],
                    "primary": {
                        "id": "hub-services-qa/logs",
                        "attributes": {
                            "arn": "arn:aws:logs:us-east-1:876208251118:log-group:hub-services-qa/logs:*",
                            "id": "hub-services-qa/logs",
                            "name": "hub-services-qa/logs",
                            "retention_in_days": "0",
                            "tags.%": "0"
                        },
                        "meta": {},
                        "tainted": false
                    },
                    "deposed": [],
                    "provider": ""
                },
                "aws_ecs_service.service": {
                    "type": "aws_ecs_service",
                    "depends_on": [
                        "aws_ecs_task_definition.taskdef"
                    ],
                    "primary": {
                        "id": "arn:aws:ecs:us-east-1:876208251118:service/hub-services-qa",
                        "attributes": {
                            "cluster": "arn:aws:ecs:us-east-1:876208251118:cluster/student-hub-qa",
                            "deployment_maximum_percent": "200",
                            "deployment_minimum_healthy_percent": "100",
                            "desired_count": "2",
                            "iam_role": "arn:aws:iam::876208251118:role/student-hub-qa-ecs-service-role",
                            "id": "arn:aws:ecs:us-east-1:876208251118:service/hub-services-qa",
                            "load_balancer.#": "1",
                            "load_balancer.1210965889.container_name": "hub-services-qa",
                            "load_balancer.1210965889.container_port": "8080",
                            "load_balancer.1210965889.elb_name": "",
                            "load_balancer.1210965889.target_group_arn": "arn:aws:elasticloadbalancing:us-east-1:876208251118:targetgroup/tg-hub-services-qa/00924771ee6a705a",
                            "name": "hub-services-qa",
                            "placement_constraints.#": "0",
                            "placement_strategy.#": "0",
                            "task_definition": "arn:aws:ecs:us-east-1:876208251118:task-definition/hub-services-qa:166"
                        },
                        "meta": {},
                        "tainted": false
                    },
                    "deposed": [],
                    "provider": ""
                },
                "aws_ecs_task_definition.taskdef": {
                    "type": "aws_ecs_task_definition",
                    "depends_on": [
                        "aws_cloudwatch_log_group.logs"
                    ],
                    "primary": {
                        "id": "hub-services-qa",
                        "attributes": {
                            "arn": "arn:aws:ecs:us-east-1:876208251118:task-definition/hub-services-qa:79",
                            "container_definitions": "c98dd757b0951c813a21f9bb4270f755bf59684a",
                            "family": "hub-services-qa",
                            "id": "hub-services-qa",
                            "network_mode": "",
                            "placement_constraints.#": "0",
                            "revision": "79",
                            "task_role_arn": ""
                        },
                        "meta": {},
                        "tainted": false
                    },
                    "deposed": [],
                    "provider": ""
                }
            },
            "depends_on": []
        },
        {
            "path": [
                "root",
                "staging",
                "hub-frontend",
                "alb"
            ],
            "outputs": {
                "alb_arn": {
                    "sensitive": false,
                    "type": "string",
                    "value": "arn:aws:elasticloadbalancing:us-east-1:876208251118:loadbalancer/app/hub-frontend-staging/43ba66a65c8188e9"
                },
                "alb_dns_name": {
                    "sensitive": false,
                    "type": "string",
                    "value": "hub-frontend-staging-951204064.us-east-1.elb.amazonaws.com"
                },
                "alb_target_group_arn": {
                    "sensitive": false,
                    "type": "string",
                    "value": "arn:aws:elasticloadbalancing:us-east-1:876208251118:targetgroup/tg-hub-frontend-staging/fd394ff85e6573b8"
                }
            },
            "resources": {
                "aws_alb.main": {
                    "type": "aws_alb",
                    "depends_on": [],
                    "primary": {
                        "id": "arn:aws:elasticloadbalancing:us-east-1:876208251118:loadbalancer/app/hub-frontend-staging/43ba66a65c8188e9",
                        "attributes": {
                            "access_logs.#": "0",
                            "arn": "arn:aws:elasticloadbalancing:us-east-1:876208251118:loadbalancer/app/hub-frontend-staging/43ba66a65c8188e9",
                            "arn_suffix": "app/hub-frontend-staging/43ba66a65c8188e9",
                            "dns_name": "hub-frontend-staging-951204064.us-east-1.elb.amazonaws.com",
                            "enable_deletion_protection": "false",
                            "id": "arn:aws:elasticloadbalancing:us-east-1:876208251118:loadbalancer/app/hub-frontend-staging/43ba66a65c8188e9",
                            "idle_timeout": "60",
                            "internal": "false",
                            "ip_address_type": "ipv4",
                            "name": "hub-frontend-staging",
                            "security_groups.#": "2",
                            "security_groups.220655840": "sg-1b164968",
                            "security_groups.872627105": "sg-63bf5d13",
                            "subnets.#": "2",
                            "subnets.171620605": "subnet-584d2e02",
                            "subnets.4012636281": "subnet-24133e6c",
                            "tags.%": "0",
                            "vpc_id": "vpc-b394ecca",
                            "zone_id": "Z35SXDOTRQ7X7K"
                        },
                        "meta": {
                            "e2bfb730-ecaa-11e6-8f88-34363bc7c4c0": {
                                "create": 600000000000,
                                "delete": 600000000000,
                                "update": 600000000000
                            }
                        },
                        "tainted": false
                    },
                    "deposed": [],
                    "provider": ""
                },
                "aws_alb_listener.listener": {
                    "type": "aws_alb_listener",
                    "depends_on": [
                        "aws_alb.main",
                        "aws_alb_target_group.target_group"
                    ],
                    "primary": {
                        "id": "arn:aws:elasticloadbalancing:us-east-1:876208251118:listener/app/hub-frontend-staging/43ba66a65c8188e9/4d6c48886eb17d47",
                        "attributes": {
                            "arn": "arn:aws:elasticloadbalancing:us-east-1:876208251118:listener/app/hub-frontend-staging/43ba66a65c8188e9/4d6c48886eb17d47",
                            "default_action.#": "1",
                            "default_action.0.target_group_arn": "arn:aws:elasticloadbalancing:us-east-1:876208251118:targetgroup/tg-hub-frontend-staging/fd394ff85e6573b8",
                            "default_action.0.type": "forward",
                            "id": "arn:aws:elasticloadbalancing:us-east-1:876208251118:listener/app/hub-frontend-staging/43ba66a65c8188e9/4d6c48886eb17d47",
                            "load_balancer_arn": "arn:aws:elasticloadbalancing:us-east-1:876208251118:loadbalancer/app/hub-frontend-staging/43ba66a65c8188e9",
                            "port": "80",
                            "protocol": "HTTP",
                            "ssl_policy": ""
                        },
                        "meta": {},
                        "tainted": false
                    },
                    "deposed": [],
                    "provider": ""
                },
                "aws_alb_target_group.target_group": {
                    "type": "aws_alb_target_group",
                    "depends_on": [
                        "aws_alb.main"
                    ],
                    "primary": {
                        "id": "arn:aws:elasticloadbalancing:us-east-1:876208251118:targetgroup/tg-hub-frontend-staging/fd394ff85e6573b8",
                        "attributes": {
                            "arn": "arn:aws:elasticloadbalancing:us-east-1:876208251118:targetgroup/tg-hub-frontend-staging/fd394ff85e6573b8",
                            "arn_suffix": "targetgroup/tg-hub-frontend-staging/fd394ff85e6573b8",
                            "deregistration_delay": "300",
                            "health_check.#": "1",
                            "health_check.0.healthy_threshold": "5",
                            "health_check.0.interval": "30",
                            "health_check.0.matcher": "200",
                            "health_check.0.path": "/status",
                            "health_check.0.port": "traffic-port",
                            "health_check.0.protocol": "HTTP",
                            "health_check.0.timeout": "5",
                            "health_check.0.unhealthy_threshold": "2",
                            "id": "arn:aws:elasticloadbalancing:us-east-1:876208251118:targetgroup/tg-hub-frontend-staging/fd394ff85e6573b8",
                            "name": "tg-hub-frontend-staging",
                            "port": "80",
                            "protocol": "HTTP",
                            "stickiness.#": "1",
                            "stickiness.0.cookie_duration": "28800",
                            "stickiness.0.enabled": "true",
                            "stickiness.0.type": "lb_cookie",
                            "tags.%": "0",
                            "vpc_id": "vpc-b394ecca"
                        },
                        "meta": {},
                        "tainted": false
                    },
                    "deposed": [],
                    "provider": ""
                }
            },
            "depends_on": []
        },
        {
            "path": [
                "root",
                "staging",
                "hub-frontend",
                "ecs-service"
            ],
            "outputs": {},
            "resources": {
                "aws_cloudwatch_log_group.logs": {
                    "type": "aws_cloudwatch_log_group",
                    "depends_on": [],
                    "primary": {
                        "id": "hub-frontend-staging/logs",
                        "attributes": {
                            "arn": "arn:aws:logs:us-east-1:876208251118:log-group:hub-frontend-staging/logs:*",
                            "id": "hub-frontend-staging/logs",
                            "name": "hub-frontend-staging/logs",
                            "retention_in_days": "0",
                            "tags.%": "0"
                        },
                        "meta": {},
                        "tainted": false
                    },
                    "deposed": [],
                    "provider": ""
                },
                "aws_ecs_service.service": {
                    "type": "aws_ecs_service",
                    "depends_on": [
                        "aws_ecs_task_definition.taskdef"
                    ],
                    "primary": {
                        "id": "arn:aws:ecs:us-east-1:876208251118:service/hub-frontend-staging",
                        "attributes": {
                            "cluster": "arn:aws:ecs:us-east-1:876208251118:cluster/student-hub-staging",
                            "deployment_maximum_percent": "200",
                            "deployment_minimum_healthy_percent": "100",
                            "desired_count": "2",
                            "iam_role": "arn:aws:iam::876208251118:role/student-hub-staging-ecs-service-role",
                            "id": "arn:aws:ecs:us-east-1:876208251118:service/hub-frontend-staging",
                            "load_balancer.#": "1",
                            "load_balancer.1955902604.container_name": "hub-frontend-staging",
                            "load_balancer.1955902604.container_port": "80",
                            "load_balancer.1955902604.elb_name": "",
                            "load_balancer.1955902604.target_group_arn": "arn:aws:elasticloadbalancing:us-east-1:876208251118:targetgroup/tg-hub-frontend-staging/fd394ff85e6573b8",
                            "name": "hub-frontend-staging",
                            "placement_constraints.#": "0",
                            "placement_strategy.#": "0",
                            "task_definition": "arn:aws:ecs:us-east-1:876208251118:task-definition/hub-frontend-staging:8"
                        },
                        "meta": {},
                        "tainted": false
                    },
                    "deposed": [],
                    "provider": ""
                },
                "aws_ecs_task_definition.taskdef": {
                    "type": "aws_ecs_task_definition",
                    "depends_on": [
                        "aws_cloudwatch_log_group.logs"
                    ],
                    "primary": {
                        "id": "hub-frontend-staging",
                        "attributes": {
                            "arn": "arn:aws:ecs:us-east-1:876208251118:task-definition/hub-frontend-staging:1",
                            "container_definitions": "2f40a669e90d3151e1d9567b9be50b71544b7be6",
                            "family": "hub-frontend-staging",
                            "id": "hub-frontend-staging",
                            "network_mode": "",
                            "placement_constraints.#": "0",
                            "revision": "1",
                            "task_role_arn": ""
                        },
                        "meta": {},
                        "tainted": false
                    },
                    "deposed": [],
                    "provider": ""
                }
            },
            "depends_on": []
        },
        {
            "path": [
                "root",
                "staging",
                "hub-services",
                "alb"
            ],
            "outputs": {
                "alb_arn": {
                    "sensitive": false,
                    "type": "string",
                    "value": "arn:aws:elasticloadbalancing:us-east-1:876208251118:loadbalancer/app/hub-services-staging/e5faab98348cba35"
                },
                "alb_dns_name": {
                    "sensitive": false,
                    "type": "string",
                    "value": "hub-services-staging-852956216.us-east-1.elb.amazonaws.com"
                },
                "alb_target_group_arn": {
                    "sensitive": false,
                    "type": "string",
                    "value": "arn:aws:elasticloadbalancing:us-east-1:876208251118:targetgroup/tg-hub-services-staging/fba9ccb3a034173c"
                }
            },
            "resources": {
                "aws_alb.main": {
                    "type": "aws_alb",
                    "depends_on": [],
                    "primary": {
                        "id": "arn:aws:elasticloadbalancing:us-east-1:876208251118:loadbalancer/app/hub-services-staging/e5faab98348cba35",
                        "attributes": {
                            "access_logs.#": "0",
                            "arn": "arn:aws:elasticloadbalancing:us-east-1:876208251118:loadbalancer/app/hub-services-staging/e5faab98348cba35",
                            "arn_suffix": "app/hub-services-staging/e5faab98348cba35",
                            "dns_name": "hub-services-staging-852956216.us-east-1.elb.amazonaws.com",
                            "enable_deletion_protection": "false",
                            "id": "arn:aws:elasticloadbalancing:us-east-1:876208251118:loadbalancer/app/hub-services-staging/e5faab98348cba35",
                            "idle_timeout": "60",
                            "internal": "false",
                            "ip_address_type": "ipv4",
                            "name": "hub-services-staging",
                            "security_groups.#": "2",
                            "security_groups.220655840": "sg-1b164968",
                            "security_groups.872627105": "sg-63bf5d13",
                            "subnets.#": "2",
                            "subnets.171620605": "subnet-584d2e02",
                            "subnets.4012636281": "subnet-24133e6c",
                            "tags.%": "0",
                            "vpc_id": "vpc-b394ecca",
                            "zone_id": "Z35SXDOTRQ7X7K"
                        },
                        "meta": {
                            "e2bfb730-ecaa-11e6-8f88-34363bc7c4c0": {
                                "create": 600000000000,
                                "delete": 600000000000,
                                "update": 600000000000
                            }
                        },
                        "tainted": false
                    },
                    "deposed": [],
                    "provider": ""
                },
                "aws_alb_listener.listener": {
                    "type": "aws_alb_listener",
                    "depends_on": [
                        "aws_alb.main",
                        "aws_alb_target_group.target_group"
                    ],
                    "primary": {
                        "id": "arn:aws:elasticloadbalancing:us-east-1:876208251118:listener/app/hub-services-staging/e5faab98348cba35/f00107106495afd3",
                        "attributes": {
                            "arn": "arn:aws:elasticloadbalancing:us-east-1:876208251118:listener/app/hub-services-staging/e5faab98348cba35/f00107106495afd3",
                            "default_action.#": "1",
                            "default_action.0.target_group_arn": "arn:aws:elasticloadbalancing:us-east-1:876208251118:targetgroup/tg-hub-services-staging/fba9ccb3a034173c",
                            "default_action.0.type": "forward",
                            "id": "arn:aws:elasticloadbalancing:us-east-1:876208251118:listener/app/hub-services-staging/e5faab98348cba35/f00107106495afd3",
                            "load_balancer_arn": "arn:aws:elasticloadbalancing:us-east-1:876208251118:loadbalancer/app/hub-services-staging/e5faab98348cba35",
                            "port": "80",
                            "protocol": "HTTP",
                            "ssl_policy": ""
                        },
                        "meta": {},
                        "tainted": false
                    },
                    "deposed": [],
                    "provider": ""
                },
                "aws_alb_target_group.target_group": {
                    "type": "aws_alb_target_group",
                    "depends_on": [
                        "aws_alb.main"
                    ],
                    "primary": {
                        "id": "arn:aws:elasticloadbalancing:us-east-1:876208251118:targetgroup/tg-hub-services-staging/fba9ccb3a034173c",
                        "attributes": {
                            "arn": "arn:aws:elasticloadbalancing:us-east-1:876208251118:targetgroup/tg-hub-services-staging/fba9ccb3a034173c",
                            "arn_suffix": "targetgroup/tg-hub-services-staging/fba9ccb3a034173c",
                            "deregistration_delay": "300",
                            "health_check.#": "1",
                            "health_check.0.healthy_threshold": "5",
                            "health_check.0.interval": "30",
                            "health_check.0.matcher": "200",
                            "health_check.0.path": "/status",
                            "health_check.0.port": "traffic-port",
                            "health_check.0.protocol": "HTTP",
                            "health_check.0.timeout": "5",
                            "health_check.0.unhealthy_threshold": "2",
                            "id": "arn:aws:elasticloadbalancing:us-east-1:876208251118:targetgroup/tg-hub-services-staging/fba9ccb3a034173c",
                            "name": "tg-hub-services-staging",
                            "port": "8080",
                            "protocol": "HTTP",
                            "stickiness.#": "1",
                            "stickiness.0.cookie_duration": "86400",
                            "stickiness.0.enabled": "false",
                            "stickiness.0.type": "lb_cookie",
                            "tags.%": "0",
                            "vpc_id": "vpc-b394ecca"
                        },
                        "meta": {},
                        "tainted": false
                    },
                    "deposed": [],
                    "provider": ""
                }
            },
            "depends_on": []
        },
        {
            "path": [
                "root",
                "staging",
                "hub-services",
                "ecs-service"
            ],
            "outputs": {},
            "resources": {
                "aws_cloudwatch_log_group.logs": {
                    "type": "aws_cloudwatch_log_group",
                    "depends_on": [],
                    "primary": {
                        "id": "hub-services-staging/logs",
                        "attributes": {
                            "arn": "arn:aws:logs:us-east-1:876208251118:log-group:hub-services-staging/logs:*",
                            "id": "hub-services-staging/logs",
                            "name": "hub-services-staging/logs",
                            "retention_in_days": "0",
                            "tags.%": "0"
                        },
                        "meta": {},
                        "tainted": false
                    },
                    "deposed": [],
                    "provider": ""
                },
                "aws_ecs_service.service": {
                    "type": "aws_ecs_service",
                    "depends_on": [
                        "aws_ecs_task_definition.taskdef"
                    ],
                    "primary": {
                        "id": "arn:aws:ecs:us-east-1:876208251118:service/hub-services-staging",
                        "attributes": {
                            "cluster": "arn:aws:ecs:us-east-1:876208251118:cluster/student-hub-staging",
                            "deployment_maximum_percent": "200",
                            "deployment_minimum_healthy_percent": "100",
                            "desired_count": "2",
                            "iam_role": "arn:aws:iam::876208251118:role/student-hub-staging-ecs-service-role",
                            "id": "arn:aws:ecs:us-east-1:876208251118:service/hub-services-staging",
                            "load_balancer.#": "1",
                            "load_balancer.1332704057.container_name": "hub-services-staging",
                            "load_balancer.1332704057.container_port": "8080",
                            "load_balancer.1332704057.elb_name": "",
                            "load_balancer.1332704057.target_group_arn": "arn:aws:elasticloadbalancing:us-east-1:876208251118:targetgroup/tg-hub-services-staging/fba9ccb3a034173c",
                            "name": "hub-services-staging",
                            "placement_constraints.#": "0",
                            "placement_strategy.#": "0",
                            "task_definition": "arn:aws:ecs:us-east-1:876208251118:task-definition/hub-services-staging:8"
                        },
                        "meta": {},
                        "tainted": false
                    },
                    "deposed": [],
                    "provider": ""
                },
                "aws_ecs_task_definition.taskdef": {
                    "type": "aws_ecs_task_definition",
                    "depends_on": [
                        "aws_cloudwatch_log_group.logs"
                    ],
                    "primary": {
                        "id": "hub-services-staging",
                        "attributes": {
                            "arn": "arn:aws:ecs:us-east-1:876208251118:task-definition/hub-services-staging:1",
                            "container_definitions": "a8cde131334eaaf4c305e33b52100f1d2be4a293",
                            "family": "hub-services-staging",
                            "id": "hub-services-staging",
                            "network_mode": "",
                            "placement_constraints.#": "0",
                            "revision": "1",
                            "task_role_arn": ""
                        },
                        "meta": {},
                        "tainted": false
                    },
                    "deposed": [],
                    "provider": ""
                }
            },
            "depends_on": []
        },
        {
            "path": [
                "root",
                "test-env",
                "hub-frontend",
                "alb"
            ],
            "outputs": {
                "alb_dns_name": {
                    "sensitive": false,
                    "type": "string",
                    "value": "hub-frontend-test-env-1412516804.us-east-1.elb.amazonaws.com"
                },
                "alb_target_group_arn": {
                    "sensitive": false,
                    "type": "string",
                    "value": "arn:aws:elasticloadbalancing:us-east-1:876208251118:targetgroup/tg-hub-frontend-test-env/75f62d2a2defdf88"
                }
            },
            "resources": {},
            "depends_on": []
        },
        {
            "path": [
                "root",
                "test-env",
                "hub-frontend",
                "ecs-service"
            ],
            "outputs": {},
            "resources": {},
            "depends_on": []
        },
        {
            "path": [
                "root",
                "test-env",
                "hub-services",
                "alb"
            ],
            "outputs": {
                "alb_dns_name": {
                    "sensitive": false,
                    "type": "string",
                    "value": "hub-services-test-env-2045350188.us-east-1.elb.amazonaws.com"
                },
                "alb_target_group_arn": {
                    "sensitive": false,
                    "type": "string",
                    "value": "arn:aws:elasticloadbalancing:us-east-1:876208251118:targetgroup/tg-hub-services-test-env/aea39fc46a12eb60"
                }
            },
            "resources": {},
            "depends_on": []
        },
        {
            "path": [
                "root",
                "test-env",
                "hub-services",
                "ecs-service"
            ],
            "outputs": {},
            "resources": {},
            "depends_on": []
        },
        {
            "path": [
                "root",
                "test_env",
                "foo",
                "alb"
            ],
            "outputs": {
                "alb_dns_name": {
                    "sensitive": false,
                    "type": "string",
                    "value": "hub-services-test-env-2-1394614305.us-east-1.elb.amazonaws.com"
                },
                "alb_target_group_arn": {
                    "sensitive": false,
                    "type": "string",
                    "value": "arn:aws:elasticloadbalancing:us-east-1:876208251118:targetgroup/tg-hub-services-test-env-2/06baf4bfbbce99d0"
                }
            },
            "resources": {},
            "depends_on": []
        },
        {
            "path": [
                "root",
                "test_env",
                "foo",
                "ecs-service"
            ],
            "outputs": {},
            "resources": {},
            "depends_on": []
        },
        {
            "path": [
                "root",
                "test_env",
                "hub-frontend-dev",
                "alb"
            ],
            "outputs": {
                "alb_default_target_group_arn": {
                    "sensitive": false,
                    "type": "string",
                    "value": "arn:aws:elasticloadbalancing:us-east-1:876208251118:targetgroup/tg-hub-frontend-test-env/3db36b0f89f8b845"
                },
                "alb_dns_name": {
                    "sensitive": false,
                    "type": "string",
                    "value": "hub-frontend-test-env-1421974781.us-east-1.elb.amazonaws.com"
                }
            },
            "resources": {},
            "depends_on": []
        },
        {
            "path": [
                "root",
                "test_env",
                "hub-frontend-dev",
                "ecs-svc"
            ],
            "outputs": {},
            "resources": {},
            "depends_on": []
        },
        {
            "path": [
                "root",
                "test_env",
                "hub-frontend",
                "alb"
            ],
            "outputs": {
                "alb_dns_name": {
                    "sensitive": false,
                    "type": "string",
                    "value": "hub-frontend-test-env-486360414.us-east-1.elb.amazonaws.com"
                },
                "alb_target_group_arn": {
                    "sensitive": false,
                    "type": "string",
                    "value": "arn:aws:elasticloadbalancing:us-east-1:876208251118:targetgroup/tg-hub-frontend-test-env/6c4ba20f870d5a85"
                }
            },
            "resources": {},
            "depends_on": []
        },
        {
            "path": [
                "root",
                "test_env",
                "hub-frontend",
                "ecs-service"
            ],
            "outputs": {},
            "resources": {},
            "depends_on": []
        },
        {
            "path": [
                "root",
                "test_env",
                "hub-frontend",
                "ecs-svc"
            ],
            "outputs": {},
            "resources": {},
            "depends_on": []
        },
        {
            "path": [
                "root",
                "test_env",
                "hub-services-dev",
                "alb"
            ],
            "outputs": {
                "alb_default_target_group_arn": {
                    "sensitive": false,
                    "type": "string",
                    "value": "arn:aws:elasticloadbalancing:us-east-1:876208251118:targetgroup/tg-hub-services-test-env/36c2116b98f5e7a5"
                },
                "alb_dns_name": {
                    "sensitive": false,
                    "type": "string",
                    "value": "hub-services-test-env-304643476.us-east-1.elb.amazonaws.com"
                }
            },
            "resources": {},
            "depends_on": []
        },
        {
            "path": [
                "root",
                "test_env",
                "hub-services-dev",
                "ecs-svc"
            ],
            "outputs": {},
            "resources": {},
            "depends_on": []
        },
        {
            "path": [
                "root",
                "test_env",
                "hub-services",
                "alb"
            ],
            "outputs": {
                "alb_dns_name": {
                    "sensitive": false,
                    "type": "string",
                    "value": "hub-services-test-env-1776209777.us-east-1.elb.amazonaws.com"
                },
                "alb_target_group_arn": {
                    "sensitive": false,
                    "type": "string",
                    "value": "arn:aws:elasticloadbalancing:us-east-1:876208251118:targetgroup/tg-hub-services-test-env/455d77b8b00aebfa"
                }
            },
            "resources": {},
            "depends_on": []
        },
        {
            "path": [
                "root",
                "test_env",
                "hub-services",
                "ecs-service"
            ],
            "outputs": {},
            "resources": {},
            "depends_on": []
        },
        {
            "path": [
                "root",
                "test_env",
                "hub-services",
                "ecs-svc"
            ],
            "outputs": {},
            "resources": {},
            "depends_on": []
        },
        {
            "path": [
                "root",
                "dev-standalone",
                "environment",
                "hub-frontend",
                "alb"
            ],
            "outputs": {
                "alb_dns_name": {
                    "sensitive": false,
                    "type": "string",
                    "value": "hub-frontend-dev-standalone-1384578665.us-east-1.elb.amazonaws.com"
                },
                "alb_target_group_arn": {
                    "sensitive": false,
                    "type": "string",
                    "value": "arn:aws:elasticloadbalancing:us-east-1:876208251118:targetgroup/tg-hub-frontend-dev-standalone/cdfac9d46e6f5dae"
                }
            },
            "resources": {},
            "depends_on": []
        },
        {
            "path": [
                "root",
                "dev-standalone",
                "environment",
                "hub-frontend",
                "ecs-service"
            ],
            "outputs": {},
            "resources": {},
            "depends_on": []
        },
        {
            "path": [
                "root",
                "dev-standalone",
                "environment",
                "hub-services",
                "alb"
            ],
            "outputs": {
                "alb_dns_name": {
                    "sensitive": false,
                    "type": "string",
                    "value": "hub-services-dev-standalone-1783120878.us-east-1.elb.amazonaws.com"
                },
                "alb_target_group_arn": {
                    "sensitive": false,
                    "type": "string",
                    "value": "arn:aws:elasticloadbalancing:us-east-1:876208251118:targetgroup/tg-hub-services-dev-standalone/c648cab55e1e5a20"
                }
            },
            "resources": {},
            "depends_on": []
        },
        {
            "path": [
                "root",
                "dev-standalone",
                "environment",
                "hub-services",
                "ecs-service"
            ],
            "outputs": {},
            "resources": {},
            "depends_on": []
        },
        {
            "path": [
                "root",
                "qa-standalone",
                "environment",
                "hub-frontend",
                "alb"
            ],
            "outputs": {
                "alb_dns_name": {
                    "sensitive": false,
                    "type": "string",
                    "value": "hub-frontend-qa-standalone-1951429906.us-east-1.elb.amazonaws.com"
                },
                "alb_target_group_arn": {
                    "sensitive": false,
                    "type": "string",
                    "value": "arn:aws:elasticloadbalancing:us-east-1:876208251118:targetgroup/tg-hub-frontend-qa-standalone/783d3b795f234fed"
                }
            },
            "resources": {},
            "depends_on": []
        },
        {
            "path": [
                "root",
                "qa-standalone",
                "environment",
                "hub-frontend",
                "ecs-service"
            ],
            "outputs": {},
            "resources": {},
            "depends_on": []
        },
        {
            "path": [
                "root",
                "qa-standalone",
                "environment",
                "hub-services",
                "alb"
            ],
            "outputs": {
                "alb_dns_name": {
                    "sensitive": false,
                    "type": "string",
                    "value": "hub-services-qa-standalone-27920905.us-east-1.elb.amazonaws.com"
                },
                "alb_target_group_arn": {
                    "sensitive": false,
                    "type": "string",
                    "value": "arn:aws:elasticloadbalancing:us-east-1:876208251118:targetgroup/tg-hub-services-qa-standalone/5c75f71ea9dd93a6"
                }
            },
            "resources": {},
            "depends_on": []
        },
        {
            "path": [
                "root",
                "qa-standalone",
                "environment",
                "hub-services",
                "ecs-service"
            ],
            "outputs": {},
            "resources": {},
            "depends_on": []
        }
    ]
}
